{
  "object": {
    "pins": [
      {
        "package": "RSCore",
        "repositoryURL": "https://github.com/Ranchero-Software/RSCore.git",
        "state": {
          "branch": null,
          "revision": "1f72115989c05ca1e79fe694f25a17b9b731d0df",
          "version": "1.0.0-beta3"
        }
      }
    ]
  },
  "version": 1
}
