{
  "object": {
    "pins": [
      {
        "package": "RSCore",
        "repositoryURL": "https://github.com/Ranchero-Software/RSCore.git",
        "state": {
          "branch": null,
          "revision": "1017fe09c61bd9f75aa713381894aef979c994ef",
          "version": "1.0.0-beta6"
        }
      }
    ]
  },
  "version": 1
}
