{
  "object": {
    "pins": [
      {
        "package": "RSCore",
        "repositoryURL": "https://github.com/Ranchero-Software/RSCore.git",
        "state": {
          "branch": null,
          "revision": "dce76a4070ed24f148bb1673c308962dbdbf01ef",
          "version": "1.0.0-beta9"
        }
      },
      {
        "package": "SWXMLHash",
        "repositoryURL": "https://github.com/drmohundro/SWXMLHash.git",
        "state": {
          "branch": null,
          "revision": "a4931e5c3bafbedeb1601d3bb76bbe835c6d475a",
          "version": "5.0.1"
        }
      },
      {
        "package": "ZipArchive",
        "repositoryURL": "https://github.com/vincode-io/ZipArchive.git",
        "state": {
          "branch": "master",
          "revision": "f49211b7daf312fecfbd9741900ee5c94c774faf",
          "version": null
        }
      }
    ]
  },
  "version": 1
}
