// !$*UTF8*$!
{
	archiveVersion = 1;
	classes = {
	};
	objectVersion = 52;
	objects = {

/* Begin PBXBuildFile section */
		514BB9D7255B599E00C8DBDF /* UIViewController+.swift in Sources */ = {isa = PBXBuildFile; fileRef = 514BB9D6255B599E00C8DBDF /* UIViewController+.swift */; };
		514BB9E1255B5A2B00C8DBDF /* AppDefaults.swift in Sources */ = {isa = PBXBuildFile; fileRef = 514BB9E0255B5A2B00C8DBDF /* AppDefaults.swift */; };
		514BB9E7255B609600C8DBDF /* UIStoryboard+.swift in Sources */ = {isa = PBXBuildFile; fileRef = 514BB9E6255B609600C8DBDF /* UIStoryboard+.swift */; };
		515F162C255C12BE00FD98B8 /* Dialog.storyboard in Resources */ = {isa = PBXBuildFile; fileRef = 515F162B255C12BE00FD98B8 /* Dialog.storyboard */; };
		515F1632255C16E700FD98B8 /* AddFolderViewController.swift in Sources */ = {isa = PBXBuildFile; fileRef = 515F1631255C16E700FD98B8 /* AddFolderViewController.swift */; };
		515F164B255C9F8E00FD98B8 /* FormViewController.swift in Sources */ = {isa = PBXBuildFile; fileRef = 515F164A255C9F8E00FD98B8 /* FormViewController.swift */; };
		515F1651255CAC5600FD98B8 /* AddOutlineViewController.swift in Sources */ = {isa = PBXBuildFile; fileRef = 515F1650255CAC5600FD98B8 /* AddOutlineViewController.swift */; };
		5181A9382554D92000C153E8 /* AppDelegate.swift in Sources */ = {isa = PBXBuildFile; fileRef = 5181A9372554D92000C153E8 /* AppDelegate.swift */; };
		5181A93A2554D92000C153E8 /* SceneDelegate.swift in Sources */ = {isa = PBXBuildFile; fileRef = 5181A9392554D92000C153E8 /* SceneDelegate.swift */; };
		5181A93C2554D92000C153E8 /* SidebarViewController.swift in Sources */ = {isa = PBXBuildFile; fileRef = 5181A93B2554D92000C153E8 /* SidebarViewController.swift */; };
		5181A93F2554D92000C153E8 /* Main.storyboard in Resources */ = {isa = PBXBuildFile; fileRef = 5181A93D2554D92000C153E8 /* Main.storyboard */; };
		5181A9412554D92100C153E8 /* Assets.xcassets in Resources */ = {isa = PBXBuildFile; fileRef = 5181A9402554D92100C153E8 /* Assets.xcassets */; };
		5181A9442554D92100C153E8 /* LaunchScreen.storyboard in Resources */ = {isa = PBXBuildFile; fileRef = 5181A9422554D92100C153E8 /* LaunchScreen.storyboard */; };
		51C3FA2B255E1DD5008F587A /* GetInfoFolderViewController.swift in Sources */ = {isa = PBXBuildFile; fileRef = 51C3FA2A255E1DD5008F587A /* GetInfoFolderViewController.swift */; };
		51C3FA2F255E31E6008F587A /* GetInfoOutlineViewController.swift in Sources */ = {isa = PBXBuildFile; fileRef = 51C3FA2E255E31E6008F587A /* GetInfoOutlineViewController.swift */; };
		51C4C3CE2555F07A004E0206 /* CloudKit.framework in Frameworks */ = {isa = PBXBuildFile; fileRef = 51C4C3CD2555F07A004E0206 /* CloudKit.framework */; };
		51C4C3F92557470B004E0206 /* Templeton in Frameworks */ = {isa = PBXBuildFile; productRef = 51C4C3F82557470B004E0206 /* Templeton */; };
		51C4C40125576631004E0206 /* RSCore in Frameworks */ = {isa = PBXBuildFile; productRef = 51C4C40025576631004E0206 /* RSCore */; };
		51C4C40225576632004E0206 /* RSCore in Embed Frameworks */ = {isa = PBXBuildFile; productRef = 51C4C40025576631004E0206 /* RSCore */; settings = {ATTRIBUTES = (CodeSignOnCopy, ); }; };
		51C4C442255A0DE1004E0206 /* TimelineViewController.swift in Sources */ = {isa = PBXBuildFile; fileRef = 51C4C441255A0DE1004E0206 /* TimelineViewController.swift */; };
		51C4C449255AA215004E0206 /* MainSplitViewController.swift in Sources */ = {isa = PBXBuildFile; fileRef = 51C4C448255AA215004E0206 /* MainSplitViewController.swift */; };
		51C4C45B255ACA1B004E0206 /* DetailViewController.swift in Sources */ = {isa = PBXBuildFile; fileRef = 51C4C45A255ACA1B004E0206 /* DetailViewController.swift */; };
		51E14F1B255F23C100320EDB /* ValidatingToolbarItem.swift in Sources */ = {isa = PBXBuildFile; fileRef = 51E14F1A255F23C100320EDB /* ValidatingToolbarItem.swift */; };
		51F13EFE255E13A9004B85CA /* AppAssets.swift in Sources */ = {isa = PBXBuildFile; fileRef = 51F13EFD255E13A9004B85CA /* AppAssets.swift */; };
/* End PBXBuildFile section */

/* Begin PBXContainerItemProxy section */
		5181A94B2554D92100C153E8 /* PBXContainerItemProxy */ = {
			isa = PBXContainerItemProxy;
			containerPortal = 5181A92C2554D92000C153E8 /* Project object */;
			proxyType = 1;
			remoteGlobalIDString = 5181A9332554D92000C153E8;
			remoteInfo = Manhattan;
		};
		5181A9562554D92100C153E8 /* PBXContainerItemProxy */ = {
			isa = PBXContainerItemProxy;
			containerPortal = 5181A92C2554D92000C153E8 /* Project object */;
			proxyType = 1;
			remoteGlobalIDString = 5181A9332554D92000C153E8;
			remoteInfo = Manhattan;
		};
/* End PBXContainerItemProxy section */

/* Begin PBXCopyFilesBuildPhase section */
		51C4C3F125565282004E0206 /* Embed Frameworks */ = {
			isa = PBXCopyFilesBuildPhase;
			buildActionMask = 2147483647;
			dstPath = "";
			dstSubfolderSpec = 10;
			files = (
				51C4C40225576632004E0206 /* RSCore in Embed Frameworks */,
			);
			name = "Embed Frameworks";
			runOnlyForDeploymentPostprocessing = 0;
		};
/* End PBXCopyFilesBuildPhase section */

/* Begin PBXFileReference section */
		514BB9D6255B599E00C8DBDF /* UIViewController+.swift */ = {isa = PBXFileReference; lastKnownFileType = sourcecode.swift; path = "UIViewController+.swift"; sourceTree = "<group>"; };
		514BB9E0255B5A2B00C8DBDF /* AppDefaults.swift */ = {isa = PBXFileReference; lastKnownFileType = sourcecode.swift; path = AppDefaults.swift; sourceTree = "<group>"; };
		514BB9E6255B609600C8DBDF /* UIStoryboard+.swift */ = {isa = PBXFileReference; lastKnownFileType = sourcecode.swift; path = "UIStoryboard+.swift"; sourceTree = "<group>"; };
		515F162B255C12BE00FD98B8 /* Dialog.storyboard */ = {isa = PBXFileReference; lastKnownFileType = file.storyboard; path = Dialog.storyboard; sourceTree = "<group>"; };
		515F1631255C16E700FD98B8 /* AddFolderViewController.swift */ = {isa = PBXFileReference; lastKnownFileType = sourcecode.swift; path = AddFolderViewController.swift; sourceTree = "<group>"; };
		515F164A255C9F8E00FD98B8 /* FormViewController.swift */ = {isa = PBXFileReference; lastKnownFileType = sourcecode.swift; path = FormViewController.swift; sourceTree = "<group>"; };
		515F1650255CAC5600FD98B8 /* AddOutlineViewController.swift */ = {isa = PBXFileReference; lastKnownFileType = sourcecode.swift; path = AddOutlineViewController.swift; sourceTree = "<group>"; };
		5181A9342554D92000C153E8 /* Manhattan.app */ = {isa = PBXFileReference; explicitFileType = wrapper.application; includeInIndex = 0; path = Manhattan.app; sourceTree = BUILT_PRODUCTS_DIR; };
		5181A9372554D92000C153E8 /* AppDelegate.swift */ = {isa = PBXFileReference; lastKnownFileType = sourcecode.swift; path = AppDelegate.swift; sourceTree = "<group>"; };
		5181A9392554D92000C153E8 /* SceneDelegate.swift */ = {isa = PBXFileReference; lastKnownFileType = sourcecode.swift; path = SceneDelegate.swift; sourceTree = "<group>"; };
		5181A93B2554D92000C153E8 /* SidebarViewController.swift */ = {isa = PBXFileReference; lastKnownFileType = sourcecode.swift; path = SidebarViewController.swift; sourceTree = "<group>"; };
		5181A93E2554D92000C153E8 /* Base */ = {isa = PBXFileReference; lastKnownFileType = file.storyboard; name = Base; path = Base.lproj/Main.storyboard; sourceTree = "<group>"; };
		5181A9402554D92100C153E8 /* Assets.xcassets */ = {isa = PBXFileReference; lastKnownFileType = folder.assetcatalog; path = Assets.xcassets; sourceTree = "<group>"; };
		5181A9432554D92100C153E8 /* Base */ = {isa = PBXFileReference; lastKnownFileType = file.storyboard; name = Base; path = Base.lproj/LaunchScreen.storyboard; sourceTree = "<group>"; };
		5181A9452554D92100C153E8 /* Info.plist */ = {isa = PBXFileReference; lastKnownFileType = text.plist.xml; path = Info.plist; sourceTree = "<group>"; };
		5181A94A2554D92100C153E8 /* .xctest */ = {isa = PBXFileReference; explicitFileType = wrapper.cfbundle; includeInIndex = 0; path = .xctest; sourceTree = BUILT_PRODUCTS_DIR; };
		5181A9552554D92100C153E8 /* .xctest */ = {isa = PBXFileReference; explicitFileType = wrapper.cfbundle; includeInIndex = 0; path = .xctest; sourceTree = BUILT_PRODUCTS_DIR; };
		5181A96A2554D93B00C153E8 /* Manhattan.entitlements */ = {isa = PBXFileReference; lastKnownFileType = text.plist.entitlements; path = Manhattan.entitlements; sourceTree = "<group>"; };
		51C3FA2A255E1DD5008F587A /* GetInfoFolderViewController.swift */ = {isa = PBXFileReference; lastKnownFileType = sourcecode.swift; path = GetInfoFolderViewController.swift; sourceTree = "<group>"; };
		51C3FA2E255E31E6008F587A /* GetInfoOutlineViewController.swift */ = {isa = PBXFileReference; lastKnownFileType = sourcecode.swift; path = GetInfoOutlineViewController.swift; sourceTree = "<group>"; };
		51C4C3AC2555E964004E0206 /* Manhattan_project_debug.xcconfig */ = {isa = PBXFileReference; fileEncoding = 4; lastKnownFileType = text.xcconfig; path = Manhattan_project_debug.xcconfig; sourceTree = "<group>"; };
		51C4C3AD2555E964004E0206 /* Manhattan_ios_target_common.xcconfig */ = {isa = PBXFileReference; fileEncoding = 4; lastKnownFileType = text.xcconfig; path = Manhattan_ios_target_common.xcconfig; sourceTree = "<group>"; };
		51C4C3AE2555E964004E0206 /* Manhattan_project_release.xcconfig */ = {isa = PBXFileReference; fileEncoding = 4; lastKnownFileType = text.xcconfig; path = Manhattan_project_release.xcconfig; sourceTree = "<group>"; };
		51C4C3AF2555E964004E0206 /* Manhattan_iOSapp_target.xcconfig */ = {isa = PBXFileReference; fileEncoding = 4; lastKnownFileType = text.xcconfig; path = Manhattan_iOSapp_target.xcconfig; sourceTree = "<group>"; };
		51C4C3B02555E964004E0206 /* Manhattan_project.xcconfig */ = {isa = PBXFileReference; fileEncoding = 4; lastKnownFileType = text.xcconfig; path = Manhattan_project.xcconfig; sourceTree = "<group>"; };
		51C4C3CD2555F07A004E0206 /* CloudKit.framework */ = {isa = PBXFileReference; lastKnownFileType = wrapper.framework; name = CloudKit.framework; path = Platforms/iPhoneOS.platform/Developer/SDKs/iPhoneOS14.2.sdk/System/Library/Frameworks/CloudKit.framework; sourceTree = DEVELOPER_DIR; };
		51C4C3E025560E09004E0206 /* Templeton */ = {isa = PBXFileReference; lastKnownFileType = text; path = Templeton; sourceTree = SOURCE_ROOT; };
		51C4C441255A0DE1004E0206 /* TimelineViewController.swift */ = {isa = PBXFileReference; lastKnownFileType = sourcecode.swift; path = TimelineViewController.swift; sourceTree = "<group>"; };
		51C4C448255AA215004E0206 /* MainSplitViewController.swift */ = {isa = PBXFileReference; lastKnownFileType = sourcecode.swift; path = MainSplitViewController.swift; sourceTree = "<group>"; };
		51C4C45A255ACA1B004E0206 /* DetailViewController.swift */ = {isa = PBXFileReference; lastKnownFileType = sourcecode.swift; path = DetailViewController.swift; sourceTree = "<group>"; };
		51E14F1A255F23C100320EDB /* ValidatingToolbarItem.swift */ = {isa = PBXFileReference; lastKnownFileType = sourcecode.swift; path = ValidatingToolbarItem.swift; sourceTree = "<group>"; };
		51F13EFD255E13A9004B85CA /* AppAssets.swift */ = {isa = PBXFileReference; lastKnownFileType = sourcecode.swift; path = AppAssets.swift; sourceTree = "<group>"; };
/* End PBXFileReference section */

/* Begin PBXFrameworksBuildPhase section */
		5181A9312554D92000C153E8 /* Frameworks */ = {
			isa = PBXFrameworksBuildPhase;
			buildActionMask = 2147483647;
			files = (
				51C4C3F92557470B004E0206 /* Templeton in Frameworks */,
				51C4C40125576631004E0206 /* RSCore in Frameworks */,
				51C4C3CE2555F07A004E0206 /* CloudKit.framework in Frameworks */,
			);
			runOnlyForDeploymentPostprocessing = 0;
		};
		5181A9472554D92100C153E8 /* Frameworks */ = {
			isa = PBXFrameworksBuildPhase;
			buildActionMask = 2147483647;
			files = (
			);
			runOnlyForDeploymentPostprocessing = 0;
		};
		5181A9522554D92100C153E8 /* Frameworks */ = {
			isa = PBXFrameworksBuildPhase;
			buildActionMask = 2147483647;
			files = (
			);
			runOnlyForDeploymentPostprocessing = 0;
		};
/* End PBXFrameworksBuildPhase section */

/* Begin PBXGroup section */
		514BB9D5255B595300C8DBDF /* UIKitExtensions */ = {
			isa = PBXGroup;
			children = (
				515F164A255C9F8E00FD98B8 /* FormViewController.swift */,
				514BB9E6255B609600C8DBDF /* UIStoryboard+.swift */,
				514BB9D6255B599E00C8DBDF /* UIViewController+.swift */,
				51E14F1A255F23C100320EDB /* ValidatingToolbarItem.swift */,
			);
			path = UIKitExtensions;
			sourceTree = "<group>";
		};
		515F163B255C536600FD98B8 /* Resources */ = {
			isa = PBXGroup;
			children = (
				5181A96A2554D93B00C153E8 /* Manhattan.entitlements */,
				5181A9452554D92100C153E8 /* Info.plist */,
				5181A9402554D92100C153E8 /* Assets.xcassets */,
			);
			path = Resources;
			sourceTree = "<group>";
		};
		5181A92B2554D92000C153E8 = {
			isa = PBXGroup;
			children = (
				5181A9362554D92000C153E8 /* Manhattan */,
				51C4C3CC2555F07A004E0206 /* Frameworks */,
				5181A9352554D92000C153E8 /* Products */,
				51C4C3AB2555E8EA004E0206 /* xcconfig */,
				51C4C3E025560E09004E0206 /* Templeton */,
			);
			sourceTree = "<group>";
		};
		5181A9352554D92000C153E8 /* Products */ = {
			isa = PBXGroup;
			children = (
				5181A9342554D92000C153E8 /* Manhattan.app */,
				5181A94A2554D92100C153E8 /* .xctest */,
				5181A9552554D92100C153E8 /* .xctest */,
			);
			name = Products;
			sourceTree = "<group>";
		};
		5181A9362554D92000C153E8 /* Manhattan */ = {
			isa = PBXGroup;
			children = (
				5181A9422554D92100C153E8 /* LaunchScreen.storyboard */,
				5181A93D2554D92000C153E8 /* Main.storyboard */,
				51F13EFD255E13A9004B85CA /* AppAssets.swift */,
				514BB9E0255B5A2B00C8DBDF /* AppDefaults.swift */,
				5181A9372554D92000C153E8 /* AppDelegate.swift */,
				51C4C45A255ACA1B004E0206 /* DetailViewController.swift */,
				51C4C448255AA215004E0206 /* MainSplitViewController.swift */,
				5181A9392554D92000C153E8 /* SceneDelegate.swift */,
				5181A93B2554D92000C153E8 /* SidebarViewController.swift */,
				51C4C441255A0DE1004E0206 /* TimelineViewController.swift */,
				51F13F01255E13D1004B85CA /* Dialogs */,
				514BB9D5255B595300C8DBDF /* UIKitExtensions */,
				515F163B255C536600FD98B8 /* Resources */,
			);
			path = Manhattan;
			sourceTree = "<group>";
		};
		51C4C3AB2555E8EA004E0206 /* xcconfig */ = {
			isa = PBXGroup;
			children = (
				51C4C3AD2555E964004E0206 /* Manhattan_ios_target_common.xcconfig */,
				51C4C3AF2555E964004E0206 /* Manhattan_iOSapp_target.xcconfig */,
				51C4C3AC2555E964004E0206 /* Manhattan_project_debug.xcconfig */,
				51C4C3AE2555E964004E0206 /* Manhattan_project_release.xcconfig */,
				51C4C3B02555E964004E0206 /* Manhattan_project.xcconfig */,
			);
			path = xcconfig;
			sourceTree = "<group>";
		};
		51C4C3CC2555F07A004E0206 /* Frameworks */ = {
			isa = PBXGroup;
			children = (
				51C4C3CD2555F07A004E0206 /* CloudKit.framework */,
			);
			name = Frameworks;
			sourceTree = "<group>";
		};
		51F13F01255E13D1004B85CA /* Dialogs */ = {
			isa = PBXGroup;
			children = (
				515F162B255C12BE00FD98B8 /* Dialog.storyboard */,
				515F1631255C16E700FD98B8 /* AddFolderViewController.swift */,
				515F1650255CAC5600FD98B8 /* AddOutlineViewController.swift */,
				51C3FA2A255E1DD5008F587A /* GetInfoFolderViewController.swift */,
				51C3FA2E255E31E6008F587A /* GetInfoOutlineViewController.swift */,
			);
			path = Dialogs;
			sourceTree = "<group>";
		};
/* End PBXGroup section */

/* Begin PBXNativeTarget section */
		5181A9332554D92000C153E8 /* Manhattan */ = {
			isa = PBXNativeTarget;
			buildConfigurationList = 5181A95E2554D92100C153E8 /* Build configuration list for PBXNativeTarget "Manhattan" */;
			buildPhases = (
				5181A9302554D92000C153E8 /* Sources */,
				5181A9312554D92000C153E8 /* Frameworks */,
				5181A9322554D92000C153E8 /* Resources */,
				51C4C3C22555EB4D004E0206 /* Run VerifyNoBuildSettings */,
				51C4C3F125565282004E0206 /* Embed Frameworks */,
			);
			buildRules = (
			);
			dependencies = (
			);
			name = Manhattan;
			packageProductDependencies = (
				51C4C3F82557470B004E0206 /* Templeton */,
				51C4C40025576631004E0206 /* RSCore */,
			);
			productName = Manhattan;
			productReference = 5181A9342554D92000C153E8 /* Manhattan.app */;
			productType = "com.apple.product-type.application";
		};
		5181A9492554D92100C153E8 /* ManhattanTests */ = {
			isa = PBXNativeTarget;
			buildConfigurationList = 5181A9612554D92100C153E8 /* Build configuration list for PBXNativeTarget "ManhattanTests" */;
			buildPhases = (
				5181A9462554D92100C153E8 /* Sources */,
				5181A9472554D92100C153E8 /* Frameworks */,
				5181A9482554D92100C153E8 /* Resources */,
			);
			buildRules = (
			);
			dependencies = (
				5181A94C2554D92100C153E8 /* PBXTargetDependency */,
			);
			name = ManhattanTests;
			productName = ManhattanTests;
			productReference = 5181A94A2554D92100C153E8 /* .xctest */;
			productType = "com.apple.product-type.bundle.unit-test";
		};
		5181A9542554D92100C153E8 /* ManhattanUITests */ = {
			isa = PBXNativeTarget;
			buildConfigurationList = 5181A9642554D92100C153E8 /* Build configuration list for PBXNativeTarget "ManhattanUITests" */;
			buildPhases = (
				5181A9512554D92100C153E8 /* Sources */,
				5181A9522554D92100C153E8 /* Frameworks */,
				5181A9532554D92100C153E8 /* Resources */,
			);
			buildRules = (
			);
			dependencies = (
				5181A9572554D92100C153E8 /* PBXTargetDependency */,
			);
			name = ManhattanUITests;
			productName = ManhattanUITests;
			productReference = 5181A9552554D92100C153E8 /* .xctest */;
			productType = "com.apple.product-type.bundle.ui-testing";
		};
/* End PBXNativeTarget section */

/* Begin PBXProject section */
		5181A92C2554D92000C153E8 /* Project object */ = {
			isa = PBXProject;
			attributes = {
				LastSwiftUpdateCheck = 1220;
				LastUpgradeCheck = 1220;
				TargetAttributes = {
					5181A9332554D92000C153E8 = {
						CreatedOnToolsVersion = 12.2;
					};
					5181A9492554D92100C153E8 = {
						CreatedOnToolsVersion = 12.2;
						TestTargetID = 5181A9332554D92000C153E8;
					};
					5181A9542554D92100C153E8 = {
						CreatedOnToolsVersion = 12.2;
						TestTargetID = 5181A9332554D92000C153E8;
					};
				};
			};
			buildConfigurationList = 5181A92F2554D92000C153E8 /* Build configuration list for PBXProject "Manhattan" */;
			compatibilityVersion = "Xcode 9.3";
			developmentRegion = en;
			hasScannedForEncodings = 0;
			knownRegions = (
				en,
				Base,
			);
			mainGroup = 5181A92B2554D92000C153E8;
			packageReferences = (
				51C4C3ED25565281004E0206 /* XCRemoteSwiftPackageReference "RSCore" */,
			);
			productRefGroup = 5181A9352554D92000C153E8 /* Products */;
			projectDirPath = "";
			projectRoot = "";
			targets = (
				5181A9332554D92000C153E8 /* Manhattan */,
				5181A9492554D92100C153E8 /* ManhattanTests */,
				5181A9542554D92100C153E8 /* ManhattanUITests */,
			);
		};
/* End PBXProject section */

/* Begin PBXResourcesBuildPhase section */
		5181A9322554D92000C153E8 /* Resources */ = {
			isa = PBXResourcesBuildPhase;
			buildActionMask = 2147483647;
			files = (
				5181A9442554D92100C153E8 /* LaunchScreen.storyboard in Resources */,
				5181A9412554D92100C153E8 /* Assets.xcassets in Resources */,
				515F162C255C12BE00FD98B8 /* Dialog.storyboard in Resources */,
				5181A93F2554D92000C153E8 /* Main.storyboard in Resources */,
			);
			runOnlyForDeploymentPostprocessing = 0;
		};
		5181A9482554D92100C153E8 /* Resources */ = {
			isa = PBXResourcesBuildPhase;
			buildActionMask = 2147483647;
			files = (
			);
			runOnlyForDeploymentPostprocessing = 0;
		};
		5181A9532554D92100C153E8 /* Resources */ = {
			isa = PBXResourcesBuildPhase;
			buildActionMask = 2147483647;
			files = (
			);
			runOnlyForDeploymentPostprocessing = 0;
		};
/* End PBXResourcesBuildPhase section */

/* Begin PBXShellScriptBuildPhase section */
		51C4C3C22555EB4D004E0206 /* Run VerifyNoBuildSettings */ = {
			isa = PBXShellScriptBuildPhase;
			buildActionMask = 2147483647;
			files = (
			);
			inputFileListPaths = (
			);
			inputPaths = (
			);
			name = "Run VerifyNoBuildSettings";
			outputFileListPaths = (
			);
			outputPaths = (
			);
			runOnlyForDeploymentPostprocessing = 0;
			shellPath = /bin/sh;
			shellScript = "xcrun -sdk macosx swiftc -target x86_64-macosx10.11  buildscripts/VerifyNoBuildSettings.swift -o $CONFIGURATION_TEMP_DIR/VerifyNoBS\n$CONFIGURATION_TEMP_DIR/VerifyNoBS ${PROJECT_NAME}.xcodeproj/project.pbxproj\n\n\nif [ $? -ne 0 ]\nthen\n   echo \"error: Build Setting were found in the project.pbxproj file.  Most likely you didn't intend to change this file and should revert it.\"\n   exit 1\nfi\n";
		};
/* End PBXShellScriptBuildPhase section */

/* Begin PBXSourcesBuildPhase section */
		5181A9302554D92000C153E8 /* Sources */ = {
			isa = PBXSourcesBuildPhase;
			buildActionMask = 2147483647;
			files = (
				515F1632255C16E700FD98B8 /* AddFolderViewController.swift in Sources */,
				51F13EFE255E13A9004B85CA /* AppAssets.swift in Sources */,
				515F164B255C9F8E00FD98B8 /* FormViewController.swift in Sources */,
				514BB9D7255B599E00C8DBDF /* UIViewController+.swift in Sources */,
				51C4C449255AA215004E0206 /* MainSplitViewController.swift in Sources */,
				5181A93C2554D92000C153E8 /* SidebarViewController.swift in Sources */,
				51C3FA2F255E31E6008F587A /* GetInfoOutlineViewController.swift in Sources */,
				515F1651255CAC5600FD98B8 /* AddOutlineViewController.swift in Sources */,
				51C4C442255A0DE1004E0206 /* TimelineViewController.swift in Sources */,
				5181A9382554D92000C153E8 /* AppDelegate.swift in Sources */,
				514BB9E7255B609600C8DBDF /* UIStoryboard+.swift in Sources */,
				51E14F1B255F23C100320EDB /* ValidatingToolbarItem.swift in Sources */,
				5181A93A2554D92000C153E8 /* SceneDelegate.swift in Sources */,
				514BB9E1255B5A2B00C8DBDF /* AppDefaults.swift in Sources */,
				51C3FA2B255E1DD5008F587A /* GetInfoFolderViewController.swift in Sources */,
				51C4C45B255ACA1B004E0206 /* DetailViewController.swift in Sources */,
			);
			runOnlyForDeploymentPostprocessing = 0;
		};
		5181A9462554D92100C153E8 /* Sources */ = {
			isa = PBXSourcesBuildPhase;
			buildActionMask = 2147483647;
			files = (
			);
			runOnlyForDeploymentPostprocessing = 0;
		};
		5181A9512554D92100C153E8 /* Sources */ = {
			isa = PBXSourcesBuildPhase;
			buildActionMask = 2147483647;
			files = (
			);
			runOnlyForDeploymentPostprocessing = 0;
		};
/* End PBXSourcesBuildPhase section */

/* Begin PBXTargetDependency section */
		5181A94C2554D92100C153E8 /* PBXTargetDependency */ = {
			isa = PBXTargetDependency;
			target = 5181A9332554D92000C153E8 /* Manhattan */;
			targetProxy = 5181A94B2554D92100C153E8 /* PBXContainerItemProxy */;
		};
		5181A9572554D92100C153E8 /* PBXTargetDependency */ = {
			isa = PBXTargetDependency;
			target = 5181A9332554D92000C153E8 /* Manhattan */;
			targetProxy = 5181A9562554D92100C153E8 /* PBXContainerItemProxy */;
		};
/* End PBXTargetDependency section */

/* Begin PBXVariantGroup section */
		5181A93D2554D92000C153E8 /* Main.storyboard */ = {
			isa = PBXVariantGroup;
			children = (
				5181A93E2554D92000C153E8 /* Base */,
			);
			name = Main.storyboard;
			sourceTree = "<group>";
		};
		5181A9422554D92100C153E8 /* LaunchScreen.storyboard */ = {
			isa = PBXVariantGroup;
			children = (
				5181A9432554D92100C153E8 /* Base */,
			);
			name = LaunchScreen.storyboard;
			sourceTree = "<group>";
		};
/* End PBXVariantGroup section */

/* Begin XCBuildConfiguration section */
		5181A95C2554D92100C153E8 /* Debug */ = {
			isa = XCBuildConfiguration;
			baseConfigurationReference = 51C4C3AC2555E964004E0206 /* Manhattan_project_debug.xcconfig */;
			buildSettings = {
			};
			name = Debug;
		};
		5181A95D2554D92100C153E8 /* Release */ = {
			isa = XCBuildConfiguration;
			baseConfigurationReference = 51C4C3AE2555E964004E0206 /* Manhattan_project_release.xcconfig */;
			buildSettings = {
			};
			name = Release;
		};
		5181A95F2554D92100C153E8 /* Debug */ = {
			isa = XCBuildConfiguration;
			baseConfigurationReference = 51C4C3AF2555E964004E0206 /* Manhattan_iOSapp_target.xcconfig */;
			buildSettings = {
			};
			name = Debug;
		};
		5181A9602554D92100C153E8 /* Release */ = {
			isa = XCBuildConfiguration;
			baseConfigurationReference = 51C4C3AF2555E964004E0206 /* Manhattan_iOSapp_target.xcconfig */;
			buildSettings = {
			};
			name = Release;
		};
		5181A9622554D92100C153E8 /* Debug */ = {
			isa = XCBuildConfiguration;
			buildSettings = {
			};
			name = Debug;
		};
		5181A9632554D92100C153E8 /* Release */ = {
			isa = XCBuildConfiguration;
			buildSettings = {
			};
			name = Release;
		};
		5181A9652554D92100C153E8 /* Debug */ = {
			isa = XCBuildConfiguration;
			buildSettings = {
			};
			name = Debug;
		};
		5181A9662554D92100C153E8 /* Release */ = {
			isa = XCBuildConfiguration;
			buildSettings = {
			};
			name = Release;
		};
/* End XCBuildConfiguration section */

/* Begin XCConfigurationList section */
		5181A92F2554D92000C153E8 /* Build configuration list for PBXProject "Manhattan" */ = {
			isa = XCConfigurationList;
			buildConfigurations = (
				5181A95C2554D92100C153E8 /* Debug */,
				5181A95D2554D92100C153E8 /* Release */,
			);
			defaultConfigurationIsVisible = 0;
			defaultConfigurationName = Release;
		};
		5181A95E2554D92100C153E8 /* Build configuration list for PBXNativeTarget "Manhattan" */ = {
			isa = XCConfigurationList;
			buildConfigurations = (
				5181A95F2554D92100C153E8 /* Debug */,
				5181A9602554D92100C153E8 /* Release */,
			);
			defaultConfigurationIsVisible = 0;
			defaultConfigurationName = Release;
		};
		5181A9612554D92100C153E8 /* Build configuration list for PBXNativeTarget "ManhattanTests" */ = {
			isa = XCConfigurationList;
			buildConfigurations = (
				5181A9622554D92100C153E8 /* Debug */,
				5181A9632554D92100C153E8 /* Release */,
			);
			defaultConfigurationIsVisible = 0;
			defaultConfigurationName = Release;
		};
		5181A9642554D92100C153E8 /* Build configuration list for PBXNativeTarget "ManhattanUITests" */ = {
			isa = XCConfigurationList;
			buildConfigurations = (
				5181A9652554D92100C153E8 /* Debug */,
				5181A9662554D92100C153E8 /* Release */,
			);
			defaultConfigurationIsVisible = 0;
			defaultConfigurationName = Release;
		};
/* End XCConfigurationList section */

/* Begin XCRemoteSwiftPackageReference section */
		51C4C3ED25565281004E0206 /* XCRemoteSwiftPackageReference "RSCore" */ = {
			isa = XCRemoteSwiftPackageReference;
			repositoryURL = "https://github.com/Ranchero-Software/RSCore.git";
			requirement = {
				kind = upToNextMajorVersion;
				minimumVersion = "1.0.0-beta3";
			};
		};
/* End XCRemoteSwiftPackageReference section */

/* Begin XCSwiftPackageProductDependency section */
		51C4C3F82557470B004E0206 /* Templeton */ = {
			isa = XCSwiftPackageProductDependency;
			productName = Templeton;
		};
		51C4C40025576631004E0206 /* RSCore */ = {
			isa = XCSwiftPackageProductDependency;
			package = 51C4C3ED25565281004E0206 /* XCRemoteSwiftPackageReference "RSCore" */;
			productName = RSCore;
		};
/* End XCSwiftPackageProductDependency section */
	};
	rootObject = 5181A92C2554D92000C153E8 /* Project object */;
}
