// !$*UTF8*$!
{
	archiveVersion = 1;
	classes = {
	};
	objectVersion = 52;
	objects = {

/* Begin PBXBuildFile section */
		5122294C25609C47008041AF /* UserInfoKeys.swift in Sources */ = {isa = PBXBuildFile; fileRef = 5122294B25609C47008041AF /* UserInfoKeys.swift */; };
		512229682563507E008041AF /* EditorCollectionViewCell.swift in Sources */ = {isa = PBXBuildFile; fileRef = 512229672563507E008041AF /* EditorCollectionViewCell.swift */; };
		51365302257BC94600DA3585 /* EditorSplitHeadlineCommand.swift in Sources */ = {isa = PBXBuildFile; fileRef = 51365301257BC94600DA3585 /* EditorSplitHeadlineCommand.swift */; };
		514287302571F8DA00F16B78 /* EditorToggleDisclosureCommand.swift in Sources */ = {isa = PBXBuildFile; fileRef = 5142872F2571F8DA00F16B78 /* EditorToggleDisclosureCommand.swift */; };
		514287362571FCBD00F16B78 /* EditorOutlineCommand.swift in Sources */ = {isa = PBXBuildFile; fileRef = 514287352571FCBD00F16B78 /* EditorOutlineCommand.swift */; };
		5142873A2572B06B00F16B78 /* EditorTextChangedCommand.swift in Sources */ = {isa = PBXBuildFile; fileRef = 514287392572B06B00F16B78 /* EditorTextChangedCommand.swift */; };
		514287402572FD0200F16B78 /* EditorDeleteHeadlineCommand.swift in Sources */ = {isa = PBXBuildFile; fileRef = 5142873F2572FD0200F16B78 /* EditorDeleteHeadlineCommand.swift */; };
		5142874625730AD600F16B78 /* EditorCreateHeadlineCommand.swift in Sources */ = {isa = PBXBuildFile; fileRef = 5142874525730AD600F16B78 /* EditorCreateHeadlineCommand.swift */; };
		5142874C25730DA700F16B78 /* EditorIndentHeadlineCommand.swift in Sources */ = {isa = PBXBuildFile; fileRef = 5142874B25730DA700F16B78 /* EditorIndentHeadlineCommand.swift */; };
		5142875225730ECE00F16B78 /* EditorOutdentHeadlineCommand.swift in Sources */ = {isa = PBXBuildFile; fileRef = 5142875125730ECE00F16B78 /* EditorOutdentHeadlineCommand.swift */; };
		514BB9E1255B5A2B00C8DBDF /* AppDefaults.swift in Sources */ = {isa = PBXBuildFile; fileRef = 514BB9E0255B5A2B00C8DBDF /* AppDefaults.swift */; };
		514BB9E7255B609600C8DBDF /* UIStoryboard+.swift in Sources */ = {isa = PBXBuildFile; fileRef = 514BB9E6255B609600C8DBDF /* UIStoryboard+.swift */; };
		515B9F412578B2F3009C5DE4 /* TimelineViewController+Drag.swift in Sources */ = {isa = PBXBuildFile; fileRef = 515B9F402578B2F3009C5DE4 /* TimelineViewController+Drag.swift */; };
		515F162C255C12BE00FD98B8 /* Dialog.storyboard in Resources */ = {isa = PBXBuildFile; fileRef = 515F162B255C12BE00FD98B8 /* Dialog.storyboard */; };
		515F1632255C16E700FD98B8 /* AddFolderViewController.swift in Sources */ = {isa = PBXBuildFile; fileRef = 515F1631255C16E700FD98B8 /* AddFolderViewController.swift */; };
		515F164B255C9F8E00FD98B8 /* FormViewController.swift in Sources */ = {isa = PBXBuildFile; fileRef = 515F164A255C9F8E00FD98B8 /* FormViewController.swift */; };
		515F1651255CAC5600FD98B8 /* AddOutlineViewController.swift in Sources */ = {isa = PBXBuildFile; fileRef = 515F1650255CAC5600FD98B8 /* AddOutlineViewController.swift */; };
		51692B0C25681AD3006B755F /* UIViewController+.swift in Sources */ = {isa = PBXBuildFile; fileRef = 51692B0B25681AD3006B755F /* UIViewController+.swift */; };
		516E2D952564A91800CE51C6 /* TextCursor.swift in Sources */ = {isa = PBXBuildFile; fileRef = 516E2D942564A91800CE51C6 /* TextCursor.swift */; };
		5181A9382554D92000C153E8 /* AppDelegate.swift in Sources */ = {isa = PBXBuildFile; fileRef = 5181A9372554D92000C153E8 /* AppDelegate.swift */; };
		5181A93A2554D92000C153E8 /* SceneDelegate.swift in Sources */ = {isa = PBXBuildFile; fileRef = 5181A9392554D92000C153E8 /* SceneDelegate.swift */; };
		5181A93C2554D92000C153E8 /* SidebarViewController.swift in Sources */ = {isa = PBXBuildFile; fileRef = 5181A93B2554D92000C153E8 /* SidebarViewController.swift */; };
		5181A93F2554D92000C153E8 /* Main.storyboard in Resources */ = {isa = PBXBuildFile; fileRef = 5181A93D2554D92000C153E8 /* Main.storyboard */; };
		5181A9412554D92100C153E8 /* Assets.xcassets in Resources */ = {isa = PBXBuildFile; fileRef = 5181A9402554D92100C153E8 /* Assets.xcassets */; };
		5181A9442554D92100C153E8 /* LaunchScreen.storyboard in Resources */ = {isa = PBXBuildFile; fileRef = 5181A9422554D92100C153E8 /* LaunchScreen.storyboard */; };
		5187A1E7257593EA00DB0E99 /* EditorToggleCompleteHeadlineCommand.swift in Sources */ = {isa = PBXBuildFile; fileRef = 5187A1E6257593EA00DB0E99 /* EditorToggleCompleteHeadlineCommand.swift */; };
		518F2E34257AD38A00D05D99 /* TimelineViewController+Drop.swift in Sources */ = {isa = PBXBuildFile; fileRef = 518F2E33257AD38A00D05D99 /* TimelineViewController+Drop.swift */; };
		518F2E38257AEA4C00D05D99 /* ConsistentCollectionViewListCell.swift in Sources */ = {isa = PBXBuildFile; fileRef = 518F2E37257AEA4C00D05D99 /* ConsistentCollectionViewListCell.swift */; };
		519F004B25608EF9009DC1F0 /* TimelineItem.swift in Sources */ = {isa = PBXBuildFile; fileRef = 519F004A25608EF9009DC1F0 /* TimelineItem.swift */; };
		51AC0A8E25741CF5003A7532 /* StackedUndoManager.swift in Sources */ = {isa = PBXBuildFile; fileRef = 51AC0A8D25741CF5003A7532 /* StackedUndoManager.swift */; };
		51B2B2C82563A2180090C56B /* EditorTextView.swift in Sources */ = {isa = PBXBuildFile; fileRef = 51B2B2C72563A2180090C56B /* EditorTextView.swift */; };
		51B2B2CE2563AAF60090C56B /* EditorContentConfiguration.swift in Sources */ = {isa = PBXBuildFile; fileRef = 51B2B2CD2563AAF60090C56B /* EditorContentConfiguration.swift */; };
		51B2B2D22563AB190090C56B /* EditorContentView.swift in Sources */ = {isa = PBXBuildFile; fileRef = 51B2B2D12563AB190090C56B /* EditorContentView.swift */; };
		51B2B2D62563AB9F0090C56B /* UIView+.swift in Sources */ = {isa = PBXBuildFile; fileRef = 51B2B2D52563AB9F0090C56B /* UIView+.swift */; };
		51B4EBC7257C3CD100378CAB /* ZipArchive in Frameworks */ = {isa = PBXBuildFile; productRef = 51B4EBC6257C3CD100378CAB /* ZipArchive */; };
		51B5861C256B245300ACF99B /* SWXMLHash in Frameworks */ = {isa = PBXBuildFile; productRef = 51B5861B256B245300ACF99B /* SWXMLHash */; };
		51C3FA2B255E1DD5008F587A /* GetInfoFolderViewController.swift in Sources */ = {isa = PBXBuildFile; fileRef = 51C3FA2A255E1DD5008F587A /* GetInfoFolderViewController.swift */; };
		51C3FA2F255E31E6008F587A /* GetInfoOutlineViewController.swift in Sources */ = {isa = PBXBuildFile; fileRef = 51C3FA2E255E31E6008F587A /* GetInfoOutlineViewController.swift */; };
		51C4C3CE2555F07A004E0206 /* CloudKit.framework in Frameworks */ = {isa = PBXBuildFile; fileRef = 51C4C3CD2555F07A004E0206 /* CloudKit.framework */; };
		51C4C3F92557470B004E0206 /* Templeton in Frameworks */ = {isa = PBXBuildFile; productRef = 51C4C3F82557470B004E0206 /* Templeton */; };
		51C4C40125576631004E0206 /* RSCore in Frameworks */ = {isa = PBXBuildFile; productRef = 51C4C40025576631004E0206 /* RSCore */; };
		51C4C40225576632004E0206 /* RSCore in Embed Frameworks */ = {isa = PBXBuildFile; productRef = 51C4C40025576631004E0206 /* RSCore */; settings = {ATTRIBUTES = (CodeSignOnCopy, ); }; };
		51C4C442255A0DE1004E0206 /* TimelineViewController.swift in Sources */ = {isa = PBXBuildFile; fileRef = 51C4C441255A0DE1004E0206 /* TimelineViewController.swift */; };
		51C4C449255AA215004E0206 /* MainSplitViewController.swift in Sources */ = {isa = PBXBuildFile; fileRef = 51C4C448255AA215004E0206 /* MainSplitViewController.swift */; };
		51C4C45B255ACA1B004E0206 /* EditorViewController.swift in Sources */ = {isa = PBXBuildFile; fileRef = 51C4C45A255ACA1B004E0206 /* EditorViewController.swift */; };
		51CF10A0256DEE1B005D6D88 /* FixedSizeImageView.swift in Sources */ = {isa = PBXBuildFile; fileRef = 51CF109F256DEE1B005D6D88 /* FixedSizeImageView.swift */; };
		51CF10A82571BA66005D6D88 /* Localizable.strings in Resources */ = {isa = PBXBuildFile; fileRef = 51CF10A72571BA66005D6D88 /* Localizable.strings */; };
		51CF10AC2571BA9A005D6D88 /* Localizable.stringsdict in Resources */ = {isa = PBXBuildFile; fileRef = 51CF10AB2571BA9A005D6D88 /* Localizable.stringsdict */; };
		51CF10C22571C22C005D6D88 /* L10n.swift in Sources */ = {isa = PBXBuildFile; fileRef = 51CF10C12571C22C005D6D88 /* L10n.swift */; };
		51D28D2C257730DB0039DDFC /* EditorViewController+Drag.swift in Sources */ = {isa = PBXBuildFile; fileRef = 51D28D2B257730DB0039DDFC /* EditorViewController+Drag.swift */; };
		51D28D32257731DC0039DDFC /* EditorViewController+Drop.swift in Sources */ = {isa = PBXBuildFile; fileRef = 51D28D31257731DC0039DDFC /* EditorViewController+Drop.swift */; };
		51D28D38257735120039DDFC /* EditorMoveHeadlineCommand.swift in Sources */ = {isa = PBXBuildFile; fileRef = 51D28D37257735120039DDFC /* EditorMoveHeadlineCommand.swift */; };
		51D4E2A12578C0DD00A59145 /* SidebarViewController+Drop.swift in Sources */ = {isa = PBXBuildFile; fileRef = 51D4E2A02578C0DD00A59145 /* SidebarViewController+Drop.swift */; };
		51D977FA257A2E4F00D98490 /* EditorCellPreviewParameters.swift in Sources */ = {isa = PBXBuildFile; fileRef = 51D977F9257A2E4F00D98490 /* EditorCellPreviewParameters.swift */; };
		51DA54C825643E3400732942 /* MainThreadOperationBase.swift in Sources */ = {isa = PBXBuildFile; fileRef = 51DA54C725643E3400732942 /* MainThreadOperationBase.swift */; };
		51E14F1B255F23C100320EDB /* ValidatingToolbarItem.swift in Sources */ = {isa = PBXBuildFile; fileRef = 51E14F1A255F23C100320EDB /* ValidatingToolbarItem.swift */; };
		51E14F23255F2D7F00320EDB /* ActivityManager.swift in Sources */ = {isa = PBXBuildFile; fileRef = 51E14F22255F2D7F00320EDB /* ActivityManager.swift */; };
		51E14F2E2560730000320EDB /* SidebarSection.swift in Sources */ = {isa = PBXBuildFile; fileRef = 51E14F2D2560730000320EDB /* SidebarSection.swift */; };
		51E14F342560732F00320EDB /* SidebarItem.swift in Sources */ = {isa = PBXBuildFile; fileRef = 51E14F332560732F00320EDB /* SidebarItem.swift */; };
		51E14F382560738E00320EDB /* UpdateSelectionOperation.swift in Sources */ = {isa = PBXBuildFile; fileRef = 51E14F372560738E00320EDB /* UpdateSelectionOperation.swift */; };
		51E14F3C256073D100320EDB /* ApplySnapshotOperation.swift in Sources */ = {isa = PBXBuildFile; fileRef = 51E14F3B256073D100320EDB /* ApplySnapshotOperation.swift */; };
		51F13EFE255E13A9004B85CA /* AppAssets.swift in Sources */ = {isa = PBXBuildFile; fileRef = 51F13EFD255E13A9004B85CA /* AppAssets.swift */; };
/* End PBXBuildFile section */

/* Begin PBXContainerItemProxy section */
		5181A94B2554D92100C153E8 /* PBXContainerItemProxy */ = {
			isa = PBXContainerItemProxy;
			containerPortal = 5181A92C2554D92000C153E8 /* Project object */;
			proxyType = 1;
			remoteGlobalIDString = 5181A9332554D92000C153E8;
			remoteInfo = Manhattan;
		};
		5181A9562554D92100C153E8 /* PBXContainerItemProxy */ = {
			isa = PBXContainerItemProxy;
			containerPortal = 5181A92C2554D92000C153E8 /* Project object */;
			proxyType = 1;
			remoteGlobalIDString = 5181A9332554D92000C153E8;
			remoteInfo = Manhattan;
		};
/* End PBXContainerItemProxy section */

/* Begin PBXCopyFilesBuildPhase section */
		51C4C3F125565282004E0206 /* Embed Frameworks */ = {
			isa = PBXCopyFilesBuildPhase;
			buildActionMask = 2147483647;
			dstPath = "";
			dstSubfolderSpec = 10;
			files = (
				51C4C40225576632004E0206 /* RSCore in Embed Frameworks */,
			);
			name = "Embed Frameworks";
			runOnlyForDeploymentPostprocessing = 0;
		};
/* End PBXCopyFilesBuildPhase section */

/* Begin PBXFileReference section */
		5122294B25609C47008041AF /* UserInfoKeys.swift */ = {isa = PBXFileReference; lastKnownFileType = sourcecode.swift; path = UserInfoKeys.swift; sourceTree = "<group>"; };
		512229672563507E008041AF /* EditorCollectionViewCell.swift */ = {isa = PBXFileReference; lastKnownFileType = sourcecode.swift; path = EditorCollectionViewCell.swift; sourceTree = "<group>"; };
		51365301257BC94600DA3585 /* EditorSplitHeadlineCommand.swift */ = {isa = PBXFileReference; lastKnownFileType = sourcecode.swift; path = EditorSplitHeadlineCommand.swift; sourceTree = "<group>"; };
		5142872F2571F8DA00F16B78 /* EditorToggleDisclosureCommand.swift */ = {isa = PBXFileReference; lastKnownFileType = sourcecode.swift; path = EditorToggleDisclosureCommand.swift; sourceTree = "<group>"; };
		514287352571FCBD00F16B78 /* EditorOutlineCommand.swift */ = {isa = PBXFileReference; lastKnownFileType = sourcecode.swift; path = EditorOutlineCommand.swift; sourceTree = "<group>"; };
		514287392572B06B00F16B78 /* EditorTextChangedCommand.swift */ = {isa = PBXFileReference; lastKnownFileType = sourcecode.swift; path = EditorTextChangedCommand.swift; sourceTree = "<group>"; };
		5142873F2572FD0200F16B78 /* EditorDeleteHeadlineCommand.swift */ = {isa = PBXFileReference; lastKnownFileType = sourcecode.swift; path = EditorDeleteHeadlineCommand.swift; sourceTree = "<group>"; };
		5142874525730AD600F16B78 /* EditorCreateHeadlineCommand.swift */ = {isa = PBXFileReference; lastKnownFileType = sourcecode.swift; path = EditorCreateHeadlineCommand.swift; sourceTree = "<group>"; };
		5142874B25730DA700F16B78 /* EditorIndentHeadlineCommand.swift */ = {isa = PBXFileReference; lastKnownFileType = sourcecode.swift; path = EditorIndentHeadlineCommand.swift; sourceTree = "<group>"; };
		5142875125730ECE00F16B78 /* EditorOutdentHeadlineCommand.swift */ = {isa = PBXFileReference; lastKnownFileType = sourcecode.swift; path = EditorOutdentHeadlineCommand.swift; sourceTree = "<group>"; };
		514BB9E0255B5A2B00C8DBDF /* AppDefaults.swift */ = {isa = PBXFileReference; lastKnownFileType = sourcecode.swift; path = AppDefaults.swift; sourceTree = "<group>"; };
		514BB9E6255B609600C8DBDF /* UIStoryboard+.swift */ = {isa = PBXFileReference; lastKnownFileType = sourcecode.swift; path = "UIStoryboard+.swift"; sourceTree = "<group>"; };
		515B9F402578B2F3009C5DE4 /* TimelineViewController+Drag.swift */ = {isa = PBXFileReference; lastKnownFileType = sourcecode.swift; path = "TimelineViewController+Drag.swift"; sourceTree = "<group>"; };
		515F162B255C12BE00FD98B8 /* Dialog.storyboard */ = {isa = PBXFileReference; lastKnownFileType = file.storyboard; path = Dialog.storyboard; sourceTree = "<group>"; };
		515F1631255C16E700FD98B8 /* AddFolderViewController.swift */ = {isa = PBXFileReference; lastKnownFileType = sourcecode.swift; path = AddFolderViewController.swift; sourceTree = "<group>"; };
		515F164A255C9F8E00FD98B8 /* FormViewController.swift */ = {isa = PBXFileReference; lastKnownFileType = sourcecode.swift; path = FormViewController.swift; sourceTree = "<group>"; };
		515F1650255CAC5600FD98B8 /* AddOutlineViewController.swift */ = {isa = PBXFileReference; lastKnownFileType = sourcecode.swift; path = AddOutlineViewController.swift; sourceTree = "<group>"; };
		51692B0B25681AD3006B755F /* UIViewController+.swift */ = {isa = PBXFileReference; lastKnownFileType = sourcecode.swift; path = "UIViewController+.swift"; sourceTree = "<group>"; };
		516E2D942564A91800CE51C6 /* TextCursor.swift */ = {isa = PBXFileReference; lastKnownFileType = sourcecode.swift; path = TextCursor.swift; sourceTree = "<group>"; };
		5181A9342554D92000C153E8 /* Manhattan.app */ = {isa = PBXFileReference; explicitFileType = wrapper.application; includeInIndex = 0; path = Manhattan.app; sourceTree = BUILT_PRODUCTS_DIR; };
		5181A9372554D92000C153E8 /* AppDelegate.swift */ = {isa = PBXFileReference; lastKnownFileType = sourcecode.swift; path = AppDelegate.swift; sourceTree = "<group>"; };
		5181A9392554D92000C153E8 /* SceneDelegate.swift */ = {isa = PBXFileReference; lastKnownFileType = sourcecode.swift; path = SceneDelegate.swift; sourceTree = "<group>"; };
		5181A93B2554D92000C153E8 /* SidebarViewController.swift */ = {isa = PBXFileReference; lastKnownFileType = sourcecode.swift; path = SidebarViewController.swift; sourceTree = "<group>"; };
		5181A93E2554D92000C153E8 /* Base */ = {isa = PBXFileReference; lastKnownFileType = file.storyboard; name = Base; path = Base.lproj/Main.storyboard; sourceTree = "<group>"; };
		5181A9402554D92100C153E8 /* Assets.xcassets */ = {isa = PBXFileReference; lastKnownFileType = folder.assetcatalog; path = Assets.xcassets; sourceTree = "<group>"; };
		5181A9432554D92100C153E8 /* Base */ = {isa = PBXFileReference; lastKnownFileType = file.storyboard; name = Base; path = Base.lproj/LaunchScreen.storyboard; sourceTree = "<group>"; };
		5181A9452554D92100C153E8 /* Info.plist */ = {isa = PBXFileReference; lastKnownFileType = text.plist.xml; path = Info.plist; sourceTree = "<group>"; };
		5181A94A2554D92100C153E8 /* .xctest */ = {isa = PBXFileReference; explicitFileType = wrapper.cfbundle; includeInIndex = 0; path = .xctest; sourceTree = BUILT_PRODUCTS_DIR; };
		5181A9552554D92100C153E8 /* .xctest */ = {isa = PBXFileReference; explicitFileType = wrapper.cfbundle; includeInIndex = 0; path = .xctest; sourceTree = BUILT_PRODUCTS_DIR; };
		5181A96A2554D93B00C153E8 /* Manhattan.entitlements */ = {isa = PBXFileReference; lastKnownFileType = text.plist.entitlements; path = Manhattan.entitlements; sourceTree = "<group>"; };
		5187A1E6257593EA00DB0E99 /* EditorToggleCompleteHeadlineCommand.swift */ = {isa = PBXFileReference; lastKnownFileType = sourcecode.swift; path = EditorToggleCompleteHeadlineCommand.swift; sourceTree = "<group>"; };
		518F2E33257AD38A00D05D99 /* TimelineViewController+Drop.swift */ = {isa = PBXFileReference; lastKnownFileType = sourcecode.swift; path = "TimelineViewController+Drop.swift"; sourceTree = "<group>"; };
		518F2E37257AEA4C00D05D99 /* ConsistentCollectionViewListCell.swift */ = {isa = PBXFileReference; lastKnownFileType = sourcecode.swift; path = ConsistentCollectionViewListCell.swift; sourceTree = "<group>"; };
		519F004A25608EF9009DC1F0 /* TimelineItem.swift */ = {isa = PBXFileReference; lastKnownFileType = sourcecode.swift; path = TimelineItem.swift; sourceTree = "<group>"; };
		51AC0A8D25741CF5003A7532 /* StackedUndoManager.swift */ = {isa = PBXFileReference; lastKnownFileType = sourcecode.swift; path = StackedUndoManager.swift; sourceTree = "<group>"; };
		51B2B2C72563A2180090C56B /* EditorTextView.swift */ = {isa = PBXFileReference; lastKnownFileType = sourcecode.swift; path = EditorTextView.swift; sourceTree = "<group>"; };
		51B2B2CD2563AAF60090C56B /* EditorContentConfiguration.swift */ = {isa = PBXFileReference; lastKnownFileType = sourcecode.swift; path = EditorContentConfiguration.swift; sourceTree = "<group>"; };
		51B2B2D12563AB190090C56B /* EditorContentView.swift */ = {isa = PBXFileReference; lastKnownFileType = sourcecode.swift; path = EditorContentView.swift; sourceTree = "<group>"; };
		51B2B2D52563AB9F0090C56B /* UIView+.swift */ = {isa = PBXFileReference; lastKnownFileType = sourcecode.swift; path = "UIView+.swift"; sourceTree = "<group>"; };
		51B4EBCB257C3D9700378CAB /* ZipArchive */ = {isa = PBXFileReference; lastKnownFileType = folder; name = ZipArchive; path = ../ZipArchive; sourceTree = "<group>"; };
		51C3FA2A255E1DD5008F587A /* GetInfoFolderViewController.swift */ = {isa = PBXFileReference; lastKnownFileType = sourcecode.swift; path = GetInfoFolderViewController.swift; sourceTree = "<group>"; };
		51C3FA2E255E31E6008F587A /* GetInfoOutlineViewController.swift */ = {isa = PBXFileReference; lastKnownFileType = sourcecode.swift; path = GetInfoOutlineViewController.swift; sourceTree = "<group>"; };
		51C4C3AC2555E964004E0206 /* Manhattan_project_debug.xcconfig */ = {isa = PBXFileReference; fileEncoding = 4; lastKnownFileType = text.xcconfig; path = Manhattan_project_debug.xcconfig; sourceTree = "<group>"; };
		51C4C3AD2555E964004E0206 /* Manhattan_ios_target_common.xcconfig */ = {isa = PBXFileReference; fileEncoding = 4; lastKnownFileType = text.xcconfig; path = Manhattan_ios_target_common.xcconfig; sourceTree = "<group>"; };
		51C4C3AE2555E964004E0206 /* Manhattan_project_release.xcconfig */ = {isa = PBXFileReference; fileEncoding = 4; lastKnownFileType = text.xcconfig; path = Manhattan_project_release.xcconfig; sourceTree = "<group>"; };
		51C4C3AF2555E964004E0206 /* Manhattan_iOSapp_target.xcconfig */ = {isa = PBXFileReference; fileEncoding = 4; lastKnownFileType = text.xcconfig; path = Manhattan_iOSapp_target.xcconfig; sourceTree = "<group>"; };
		51C4C3B02555E964004E0206 /* Manhattan_project.xcconfig */ = {isa = PBXFileReference; fileEncoding = 4; lastKnownFileType = text.xcconfig; path = Manhattan_project.xcconfig; sourceTree = "<group>"; };
		51C4C3CD2555F07A004E0206 /* CloudKit.framework */ = {isa = PBXFileReference; lastKnownFileType = wrapper.framework; name = CloudKit.framework; path = Platforms/iPhoneOS.platform/Developer/SDKs/iPhoneOS14.2.sdk/System/Library/Frameworks/CloudKit.framework; sourceTree = DEVELOPER_DIR; };
		51C4C3E025560E09004E0206 /* Templeton */ = {isa = PBXFileReference; lastKnownFileType = text; path = Templeton; sourceTree = SOURCE_ROOT; };
		51C4C441255A0DE1004E0206 /* TimelineViewController.swift */ = {isa = PBXFileReference; lastKnownFileType = sourcecode.swift; path = TimelineViewController.swift; sourceTree = "<group>"; };
		51C4C448255AA215004E0206 /* MainSplitViewController.swift */ = {isa = PBXFileReference; lastKnownFileType = sourcecode.swift; path = MainSplitViewController.swift; sourceTree = "<group>"; };
		51C4C45A255ACA1B004E0206 /* EditorViewController.swift */ = {isa = PBXFileReference; lastKnownFileType = sourcecode.swift; path = EditorViewController.swift; sourceTree = "<group>"; };
		51CF109F256DEE1B005D6D88 /* FixedSizeImageView.swift */ = {isa = PBXFileReference; lastKnownFileType = sourcecode.swift; path = FixedSizeImageView.swift; sourceTree = "<group>"; };
		51CF10A72571BA66005D6D88 /* Localizable.strings */ = {isa = PBXFileReference; lastKnownFileType = text.plist.strings; path = Localizable.strings; sourceTree = "<group>"; };
		51CF10AB2571BA9A005D6D88 /* Localizable.stringsdict */ = {isa = PBXFileReference; lastKnownFileType = text.plist.stringsdict; path = Localizable.stringsdict; sourceTree = "<group>"; };
		51CF10C12571C22C005D6D88 /* L10n.swift */ = {isa = PBXFileReference; fileEncoding = 4; lastKnownFileType = sourcecode.swift; path = L10n.swift; sourceTree = "<group>"; };
		51D28D2B257730DB0039DDFC /* EditorViewController+Drag.swift */ = {isa = PBXFileReference; lastKnownFileType = sourcecode.swift; path = "EditorViewController+Drag.swift"; sourceTree = "<group>"; };
		51D28D31257731DC0039DDFC /* EditorViewController+Drop.swift */ = {isa = PBXFileReference; lastKnownFileType = sourcecode.swift; path = "EditorViewController+Drop.swift"; sourceTree = "<group>"; };
		51D28D37257735120039DDFC /* EditorMoveHeadlineCommand.swift */ = {isa = PBXFileReference; lastKnownFileType = sourcecode.swift; path = EditorMoveHeadlineCommand.swift; sourceTree = "<group>"; };
		51D4E2A02578C0DD00A59145 /* SidebarViewController+Drop.swift */ = {isa = PBXFileReference; lastKnownFileType = sourcecode.swift; path = "SidebarViewController+Drop.swift"; sourceTree = "<group>"; };
		51D977F9257A2E4F00D98490 /* EditorCellPreviewParameters.swift */ = {isa = PBXFileReference; lastKnownFileType = sourcecode.swift; path = EditorCellPreviewParameters.swift; sourceTree = "<group>"; };
		51DA54C725643E3400732942 /* MainThreadOperationBase.swift */ = {isa = PBXFileReference; lastKnownFileType = sourcecode.swift; path = MainThreadOperationBase.swift; sourceTree = "<group>"; };
		51E14F1A255F23C100320EDB /* ValidatingToolbarItem.swift */ = {isa = PBXFileReference; lastKnownFileType = sourcecode.swift; path = ValidatingToolbarItem.swift; sourceTree = "<group>"; };
		51E14F22255F2D7F00320EDB /* ActivityManager.swift */ = {isa = PBXFileReference; lastKnownFileType = sourcecode.swift; path = ActivityManager.swift; sourceTree = "<group>"; };
		51E14F2D2560730000320EDB /* SidebarSection.swift */ = {isa = PBXFileReference; lastKnownFileType = sourcecode.swift; path = SidebarSection.swift; sourceTree = "<group>"; };
		51E14F332560732F00320EDB /* SidebarItem.swift */ = {isa = PBXFileReference; lastKnownFileType = sourcecode.swift; path = SidebarItem.swift; sourceTree = "<group>"; };
		51E14F372560738E00320EDB /* UpdateSelectionOperation.swift */ = {isa = PBXFileReference; lastKnownFileType = sourcecode.swift; path = UpdateSelectionOperation.swift; sourceTree = "<group>"; };
		51E14F3B256073D100320EDB /* ApplySnapshotOperation.swift */ = {isa = PBXFileReference; lastKnownFileType = sourcecode.swift; path = ApplySnapshotOperation.swift; sourceTree = "<group>"; };
		51F13EFD255E13A9004B85CA /* AppAssets.swift */ = {isa = PBXFileReference; lastKnownFileType = sourcecode.swift; path = AppAssets.swift; sourceTree = "<group>"; };
/* End PBXFileReference section */

/* Begin PBXFrameworksBuildPhase section */
		5181A9312554D92000C153E8 /* Frameworks */ = {
			isa = PBXFrameworksBuildPhase;
			buildActionMask = 2147483647;
			files = (
				51B4EBC7257C3CD100378CAB /* ZipArchive in Frameworks */,
				51B5861C256B245300ACF99B /* SWXMLHash in Frameworks */,
				51C4C3F92557470B004E0206 /* Templeton in Frameworks */,
				51C4C40125576631004E0206 /* RSCore in Frameworks */,
				51C4C3CE2555F07A004E0206 /* CloudKit.framework in Frameworks */,
			);
			runOnlyForDeploymentPostprocessing = 0;
		};
		5181A9472554D92100C153E8 /* Frameworks */ = {
			isa = PBXFrameworksBuildPhase;
			buildActionMask = 2147483647;
			files = (
			);
			runOnlyForDeploymentPostprocessing = 0;
		};
		5181A9522554D92100C153E8 /* Frameworks */ = {
			isa = PBXFrameworksBuildPhase;
			buildActionMask = 2147483647;
			files = (
			);
			runOnlyForDeploymentPostprocessing = 0;
		};
/* End PBXFrameworksBuildPhase section */

/* Begin PBXGroup section */
		5142872E2571F86700F16B78 /* Commands */ = {
			isa = PBXGroup;
			children = (
				5142874525730AD600F16B78 /* EditorCreateHeadlineCommand.swift */,
				5142873F2572FD0200F16B78 /* EditorDeleteHeadlineCommand.swift */,
				5142874B25730DA700F16B78 /* EditorIndentHeadlineCommand.swift */,
				51D28D37257735120039DDFC /* EditorMoveHeadlineCommand.swift */,
				5142875125730ECE00F16B78 /* EditorOutdentHeadlineCommand.swift */,
				514287352571FCBD00F16B78 /* EditorOutlineCommand.swift */,
				51365301257BC94600DA3585 /* EditorSplitHeadlineCommand.swift */,
				514287392572B06B00F16B78 /* EditorTextChangedCommand.swift */,
				5187A1E6257593EA00DB0E99 /* EditorToggleCompleteHeadlineCommand.swift */,
				5142872F2571F8DA00F16B78 /* EditorToggleDisclosureCommand.swift */,
			);
			path = Commands;
			sourceTree = "<group>";
		};
		514BB9D5255B595300C8DBDF /* Utility */ = {
			isa = PBXGroup;
			children = (
				51E14F3B256073D100320EDB /* ApplySnapshotOperation.swift */,
				518F2E37257AEA4C00D05D99 /* ConsistentCollectionViewListCell.swift */,
				51CF109F256DEE1B005D6D88 /* FixedSizeImageView.swift */,
				515F164A255C9F8E00FD98B8 /* FormViewController.swift */,
				51DA54C725643E3400732942 /* MainThreadOperationBase.swift */,
				51AC0A8D25741CF5003A7532 /* StackedUndoManager.swift */,
				516E2D942564A91800CE51C6 /* TextCursor.swift */,
				514BB9E6255B609600C8DBDF /* UIStoryboard+.swift */,
				51B2B2D52563AB9F0090C56B /* UIView+.swift */,
				51692B0B25681AD3006B755F /* UIViewController+.swift */,
				51E14F372560738E00320EDB /* UpdateSelectionOperation.swift */,
				51E14F1A255F23C100320EDB /* ValidatingToolbarItem.swift */,
			);
			path = Utility;
			sourceTree = "<group>";
		};
		515F163B255C536600FD98B8 /* Resources */ = {
			isa = PBXGroup;
			children = (
				5181A96A2554D93B00C153E8 /* Manhattan.entitlements */,
				5181A9452554D92100C153E8 /* Info.plist */,
				51CF10A72571BA66005D6D88 /* Localizable.strings */,
				51CF10AB2571BA9A005D6D88 /* Localizable.stringsdict */,
				5181A9402554D92100C153E8 /* Assets.xcassets */,
			);
			path = Resources;
			sourceTree = "<group>";
		};
		5181A92B2554D92000C153E8 = {
			isa = PBXGroup;
			children = (
				51B4EBCB257C3D9700378CAB /* ZipArchive */,
				5181A9362554D92000C153E8 /* Manhattan */,
				51C4C3CC2555F07A004E0206 /* Frameworks */,
				5181A9352554D92000C153E8 /* Products */,
				51C4C3AB2555E8EA004E0206 /* xcconfig */,
				51C4C3E025560E09004E0206 /* Templeton */,
			);
			sourceTree = "<group>";
		};
		5181A9352554D92000C153E8 /* Products */ = {
			isa = PBXGroup;
			children = (
				5181A9342554D92000C153E8 /* Manhattan.app */,
				5181A94A2554D92100C153E8 /* .xctest */,
				5181A9552554D92100C153E8 /* .xctest */,
			);
			name = Products;
			sourceTree = "<group>";
		};
		5181A9362554D92000C153E8 /* Manhattan */ = {
			isa = PBXGroup;
			children = (
				5181A9422554D92100C153E8 /* LaunchScreen.storyboard */,
				5181A93D2554D92000C153E8 /* Main.storyboard */,
				51E14F22255F2D7F00320EDB /* ActivityManager.swift */,
				51F13EFD255E13A9004B85CA /* AppAssets.swift */,
				514BB9E0255B5A2B00C8DBDF /* AppDefaults.swift */,
				5181A9372554D92000C153E8 /* AppDelegate.swift */,
				51CF10C12571C22C005D6D88 /* L10n.swift */,
				5122294B25609C47008041AF /* UserInfoKeys.swift */,
				5181A9392554D92000C153E8 /* SceneDelegate.swift */,
				51C4C448255AA215004E0206 /* MainSplitViewController.swift */,
				51E14F282560727C00320EDB /* Sidebar */,
				51E14F292560728B00320EDB /* Timeline */,
				51E14F2A2560729900320EDB /* Editor */,
				51F13F01255E13D1004B85CA /* Dialogs */,
				514BB9D5255B595300C8DBDF /* Utility */,
				515F163B255C536600FD98B8 /* Resources */,
			);
			path = Manhattan;
			sourceTree = "<group>";
		};
		51C4C3AB2555E8EA004E0206 /* xcconfig */ = {
			isa = PBXGroup;
			children = (
				51C4C3AD2555E964004E0206 /* Manhattan_ios_target_common.xcconfig */,
				51C4C3AF2555E964004E0206 /* Manhattan_iOSapp_target.xcconfig */,
				51C4C3AC2555E964004E0206 /* Manhattan_project_debug.xcconfig */,
				51C4C3AE2555E964004E0206 /* Manhattan_project_release.xcconfig */,
				51C4C3B02555E964004E0206 /* Manhattan_project.xcconfig */,
			);
			path = xcconfig;
			sourceTree = "<group>";
		};
		51C4C3CC2555F07A004E0206 /* Frameworks */ = {
			isa = PBXGroup;
			children = (
				51C4C3CD2555F07A004E0206 /* CloudKit.framework */,
			);
			name = Frameworks;
			sourceTree = "<group>";
		};
		51E14F282560727C00320EDB /* Sidebar */ = {
			isa = PBXGroup;
			children = (
				51E14F332560732F00320EDB /* SidebarItem.swift */,
				51E14F2D2560730000320EDB /* SidebarSection.swift */,
				5181A93B2554D92000C153E8 /* SidebarViewController.swift */,
				51D4E2A02578C0DD00A59145 /* SidebarViewController+Drop.swift */,
			);
			path = Sidebar;
			sourceTree = "<group>";
		};
		51E14F292560728B00320EDB /* Timeline */ = {
			isa = PBXGroup;
			children = (
				519F004A25608EF9009DC1F0 /* TimelineItem.swift */,
				51C4C441255A0DE1004E0206 /* TimelineViewController.swift */,
				515B9F402578B2F3009C5DE4 /* TimelineViewController+Drag.swift */,
				518F2E33257AD38A00D05D99 /* TimelineViewController+Drop.swift */,
			);
			path = Timeline;
			sourceTree = "<group>";
		};
		51E14F2A2560729900320EDB /* Editor */ = {
			isa = PBXGroup;
			children = (
				51D977F9257A2E4F00D98490 /* EditorCellPreviewParameters.swift */,
				512229672563507E008041AF /* EditorCollectionViewCell.swift */,
				51B2B2CD2563AAF60090C56B /* EditorContentConfiguration.swift */,
				51B2B2D12563AB190090C56B /* EditorContentView.swift */,
				51B2B2C72563A2180090C56B /* EditorTextView.swift */,
				51C4C45A255ACA1B004E0206 /* EditorViewController.swift */,
				51D28D2B257730DB0039DDFC /* EditorViewController+Drag.swift */,
				51D28D31257731DC0039DDFC /* EditorViewController+Drop.swift */,
				5142872E2571F86700F16B78 /* Commands */,
			);
			path = Editor;
			sourceTree = "<group>";
		};
		51F13F01255E13D1004B85CA /* Dialogs */ = {
			isa = PBXGroup;
			children = (
				515F162B255C12BE00FD98B8 /* Dialog.storyboard */,
				515F1631255C16E700FD98B8 /* AddFolderViewController.swift */,
				515F1650255CAC5600FD98B8 /* AddOutlineViewController.swift */,
				51C3FA2A255E1DD5008F587A /* GetInfoFolderViewController.swift */,
				51C3FA2E255E31E6008F587A /* GetInfoOutlineViewController.swift */,
			);
			path = Dialogs;
			sourceTree = "<group>";
		};
/* End PBXGroup section */

/* Begin PBXNativeTarget section */
		5181A9332554D92000C153E8 /* Manhattan */ = {
			isa = PBXNativeTarget;
			buildConfigurationList = 5181A95E2554D92100C153E8 /* Build configuration list for PBXNativeTarget "Manhattan" */;
			buildPhases = (
				51CF10AF2571BB1E005D6D88 /* Run Swiftgen */,
				5181A9302554D92000C153E8 /* Sources */,
				5181A9312554D92000C153E8 /* Frameworks */,
				5181A9322554D92000C153E8 /* Resources */,
				51C4C3C22555EB4D004E0206 /* Run VerifyNoBuildSettings */,
				51C4C3F125565282004E0206 /* Embed Frameworks */,
			);
			buildRules = (
			);
			dependencies = (
			);
			name = Manhattan;
			packageProductDependencies = (
				51C4C3F82557470B004E0206 /* Templeton */,
				51C4C40025576631004E0206 /* RSCore */,
				51B5861B256B245300ACF99B /* SWXMLHash */,
				51B4EBC6257C3CD100378CAB /* ZipArchive */,
			);
			productName = Manhattan;
			productReference = 5181A9342554D92000C153E8 /* Manhattan.app */;
			productType = "com.apple.product-type.application";
		};
		5181A9492554D92100C153E8 /* ManhattanTests */ = {
			isa = PBXNativeTarget;
			buildConfigurationList = 5181A9612554D92100C153E8 /* Build configuration list for PBXNativeTarget "ManhattanTests" */;
			buildPhases = (
				5181A9462554D92100C153E8 /* Sources */,
				5181A9472554D92100C153E8 /* Frameworks */,
				5181A9482554D92100C153E8 /* Resources */,
			);
			buildRules = (
			);
			dependencies = (
				5181A94C2554D92100C153E8 /* PBXTargetDependency */,
			);
			name = ManhattanTests;
			productName = ManhattanTests;
			productReference = 5181A94A2554D92100C153E8 /* .xctest */;
			productType = "com.apple.product-type.bundle.unit-test";
		};
		5181A9542554D92100C153E8 /* ManhattanUITests */ = {
			isa = PBXNativeTarget;
			buildConfigurationList = 5181A9642554D92100C153E8 /* Build configuration list for PBXNativeTarget "ManhattanUITests" */;
			buildPhases = (
				5181A9512554D92100C153E8 /* Sources */,
				5181A9522554D92100C153E8 /* Frameworks */,
				5181A9532554D92100C153E8 /* Resources */,
			);
			buildRules = (
			);
			dependencies = (
				5181A9572554D92100C153E8 /* PBXTargetDependency */,
			);
			name = ManhattanUITests;
			productName = ManhattanUITests;
			productReference = 5181A9552554D92100C153E8 /* .xctest */;
			productType = "com.apple.product-type.bundle.ui-testing";
		};
/* End PBXNativeTarget section */

/* Begin PBXProject section */
		5181A92C2554D92000C153E8 /* Project object */ = {
			isa = PBXProject;
			attributes = {
				LastSwiftUpdateCheck = 1220;
				LastUpgradeCheck = 1220;
				TargetAttributes = {
					5181A9332554D92000C153E8 = {
						CreatedOnToolsVersion = 12.2;
					};
					5181A9492554D92100C153E8 = {
						CreatedOnToolsVersion = 12.2;
						TestTargetID = 5181A9332554D92000C153E8;
					};
					5181A9542554D92100C153E8 = {
						CreatedOnToolsVersion = 12.2;
						TestTargetID = 5181A9332554D92000C153E8;
					};
				};
			};
			buildConfigurationList = 5181A92F2554D92000C153E8 /* Build configuration list for PBXProject "Manhattan" */;
			compatibilityVersion = "Xcode 9.3";
			developmentRegion = en;
			hasScannedForEncodings = 0;
			knownRegions = (
				en,
				Base,
			);
			mainGroup = 5181A92B2554D92000C153E8;
			packageReferences = (
				51C4C3ED25565281004E0206 /* XCRemoteSwiftPackageReference "RSCore" */,
				51B5861A256B245300ACF99B /* XCRemoteSwiftPackageReference "SWXMLHash" */,
				51B4EBC5257C3CD100378CAB /* XCRemoteSwiftPackageReference "ZipArchive" */,
			);
			productRefGroup = 5181A9352554D92000C153E8 /* Products */;
			projectDirPath = "";
			projectRoot = "";
			targets = (
				5181A9332554D92000C153E8 /* Manhattan */,
				5181A9492554D92100C153E8 /* ManhattanTests */,
				5181A9542554D92100C153E8 /* ManhattanUITests */,
			);
		};
/* End PBXProject section */

/* Begin PBXResourcesBuildPhase section */
		5181A9322554D92000C153E8 /* Resources */ = {
			isa = PBXResourcesBuildPhase;
			buildActionMask = 2147483647;
			files = (
				51CF10A82571BA66005D6D88 /* Localizable.strings in Resources */,
				5181A9442554D92100C153E8 /* LaunchScreen.storyboard in Resources */,
				5181A9412554D92100C153E8 /* Assets.xcassets in Resources */,
				515F162C255C12BE00FD98B8 /* Dialog.storyboard in Resources */,
				5181A93F2554D92000C153E8 /* Main.storyboard in Resources */,
				51CF10AC2571BA9A005D6D88 /* Localizable.stringsdict in Resources */,
			);
			runOnlyForDeploymentPostprocessing = 0;
		};
		5181A9482554D92100C153E8 /* Resources */ = {
			isa = PBXResourcesBuildPhase;
			buildActionMask = 2147483647;
			files = (
			);
			runOnlyForDeploymentPostprocessing = 0;
		};
		5181A9532554D92100C153E8 /* Resources */ = {
			isa = PBXResourcesBuildPhase;
			buildActionMask = 2147483647;
			files = (
			);
			runOnlyForDeploymentPostprocessing = 0;
		};
/* End PBXResourcesBuildPhase section */

/* Begin PBXShellScriptBuildPhase section */
		51C4C3C22555EB4D004E0206 /* Run VerifyNoBuildSettings */ = {
			isa = PBXShellScriptBuildPhase;
			buildActionMask = 2147483647;
			files = (
			);
			inputFileListPaths = (
			);
			inputPaths = (
			);
			name = "Run VerifyNoBuildSettings";
			outputFileListPaths = (
			);
			outputPaths = (
			);
			runOnlyForDeploymentPostprocessing = 0;
			shellPath = /bin/sh;
			shellScript = "xcrun -sdk macosx swiftc -target x86_64-macosx10.11  tools/VerifyNoBuildSettings.swift -o $CONFIGURATION_TEMP_DIR/VerifyNoBS\n$CONFIGURATION_TEMP_DIR/VerifyNoBS ${PROJECT_NAME}.xcodeproj/project.pbxproj\n\n\nif [ $? -ne 0 ]\nthen\n   echo \"error: Build Setting were found in the project.pbxproj file.  Most likely you didn't intend to change this file and should revert it.\"\n   exit 1\nfi\n";
		};
		51CF10AF2571BB1E005D6D88 /* Run Swiftgen */ = {
			isa = PBXShellScriptBuildPhase;
			buildActionMask = 2147483647;
			files = (
			);
			inputFileListPaths = (
			);
			inputPaths = (
			);
			name = "Run Swiftgen";
			outputFileListPaths = (
			);
			outputPaths = (
			);
			runOnlyForDeploymentPostprocessing = 0;
			shellPath = /bin/sh;
			shellScript = "if ! command -v \"$PROJECT_DIR/tools/swiftgen-6.4.0/bin/swiftgen\" &> /dev/null\nthen\n    echo \"swiftgen could not be found\"\n    exit\nfi\n\n\"$PROJECT_DIR/tools/swiftgen-6.4.0/bin/swiftgen\" run strings -t structured-swift5 \"$PROJECT_DIR/Manhattan/Resources/Localizable.strings\" \"$PROJECT_DIR/Manhattan/Resources/Localizable.stringsdict\" --output \"$PROJECT_DIR/Manhattan/L10n.swift\";\n\n\"$PROJECT_DIR/tools/swiftgen-6.4.0/bin/swiftgen\" run strings -t structured-swift5 \"$PROJECT_DIR/Templeton/Sources/Templeton/Localizable.strings\" --output \"$PROJECT_DIR/Templeton/Sources/Templeton/L10n.swift\";\n";
		};
/* End PBXShellScriptBuildPhase section */

/* Begin PBXSourcesBuildPhase section */
		5181A9302554D92000C153E8 /* Sources */ = {
			isa = PBXSourcesBuildPhase;
			buildActionMask = 2147483647;
			files = (
				51DA54C825643E3400732942 /* MainThreadOperationBase.swift in Sources */,
				51CF10C22571C22C005D6D88 /* L10n.swift in Sources */,
				51E14F2E2560730000320EDB /* SidebarSection.swift in Sources */,
				515F1632255C16E700FD98B8 /* AddFolderViewController.swift in Sources */,
				5142875225730ECE00F16B78 /* EditorOutdentHeadlineCommand.swift in Sources */,
				51D28D38257735120039DDFC /* EditorMoveHeadlineCommand.swift in Sources */,
				518F2E34257AD38A00D05D99 /* TimelineViewController+Drop.swift in Sources */,
				51D4E2A12578C0DD00A59145 /* SidebarViewController+Drop.swift in Sources */,
				51365302257BC94600DA3585 /* EditorSplitHeadlineCommand.swift in Sources */,
				5122294C25609C47008041AF /* UserInfoKeys.swift in Sources */,
				51D977FA257A2E4F00D98490 /* EditorCellPreviewParameters.swift in Sources */,
				51F13EFE255E13A9004B85CA /* AppAssets.swift in Sources */,
				515F164B255C9F8E00FD98B8 /* FormViewController.swift in Sources */,
				5142874625730AD600F16B78 /* EditorCreateHeadlineCommand.swift in Sources */,
				51692B0C25681AD3006B755F /* UIViewController+.swift in Sources */,
				51C4C449255AA215004E0206 /* MainSplitViewController.swift in Sources */,
				5187A1E7257593EA00DB0E99 /* EditorToggleCompleteHeadlineCommand.swift in Sources */,
				51AC0A8E25741CF5003A7532 /* StackedUndoManager.swift in Sources */,
				51CF10A0256DEE1B005D6D88 /* FixedSizeImageView.swift in Sources */,
				51E14F342560732F00320EDB /* SidebarItem.swift in Sources */,
				5181A93C2554D92000C153E8 /* SidebarViewController.swift in Sources */,
				5142873A2572B06B00F16B78 /* EditorTextChangedCommand.swift in Sources */,
				51E14F382560738E00320EDB /* UpdateSelectionOperation.swift in Sources */,
				519F004B25608EF9009DC1F0 /* TimelineItem.swift in Sources */,
				51C3FA2F255E31E6008F587A /* GetInfoOutlineViewController.swift in Sources */,
				51B2B2CE2563AAF60090C56B /* EditorContentConfiguration.swift in Sources */,
				515F1651255CAC5600FD98B8 /* AddOutlineViewController.swift in Sources */,
				51C4C442255A0DE1004E0206 /* TimelineViewController.swift in Sources */,
				5181A9382554D92000C153E8 /* AppDelegate.swift in Sources */,
				514BB9E7255B609600C8DBDF /* UIStoryboard+.swift in Sources */,
				51D28D2C257730DB0039DDFC /* EditorViewController+Drag.swift in Sources */,
				514287302571F8DA00F16B78 /* EditorToggleDisclosureCommand.swift in Sources */,
				514287362571FCBD00F16B78 /* EditorOutlineCommand.swift in Sources */,
				51E14F3C256073D100320EDB /* ApplySnapshotOperation.swift in Sources */,
				512229682563507E008041AF /* EditorCollectionViewCell.swift in Sources */,
				51E14F1B255F23C100320EDB /* ValidatingToolbarItem.swift in Sources */,
				51E14F23255F2D7F00320EDB /* ActivityManager.swift in Sources */,
				5181A93A2554D92000C153E8 /* SceneDelegate.swift in Sources */,
				51B2B2D22563AB190090C56B /* EditorContentView.swift in Sources */,
				51D28D32257731DC0039DDFC /* EditorViewController+Drop.swift in Sources */,
				51B2B2D62563AB9F0090C56B /* UIView+.swift in Sources */,
				516E2D952564A91800CE51C6 /* TextCursor.swift in Sources */,
				514BB9E1255B5A2B00C8DBDF /* AppDefaults.swift in Sources */,
				515B9F412578B2F3009C5DE4 /* TimelineViewController+Drag.swift in Sources */,
				51C3FA2B255E1DD5008F587A /* GetInfoFolderViewController.swift in Sources */,
				514287402572FD0200F16B78 /* EditorDeleteHeadlineCommand.swift in Sources */,
				51B2B2C82563A2180090C56B /* EditorTextView.swift in Sources */,
				518F2E38257AEA4C00D05D99 /* ConsistentCollectionViewListCell.swift in Sources */,
				5142874C25730DA700F16B78 /* EditorIndentHeadlineCommand.swift in Sources */,
				51C4C45B255ACA1B004E0206 /* EditorViewController.swift in Sources */,
			);
			runOnlyForDeploymentPostprocessing = 0;
		};
		5181A9462554D92100C153E8 /* Sources */ = {
			isa = PBXSourcesBuildPhase;
			buildActionMask = 2147483647;
			files = (
			);
			runOnlyForDeploymentPostprocessing = 0;
		};
		5181A9512554D92100C153E8 /* Sources */ = {
			isa = PBXSourcesBuildPhase;
			buildActionMask = 2147483647;
			files = (
			);
			runOnlyForDeploymentPostprocessing = 0;
		};
/* End PBXSourcesBuildPhase section */

/* Begin PBXTargetDependency section */
		5181A94C2554D92100C153E8 /* PBXTargetDependency */ = {
			isa = PBXTargetDependency;
			target = 5181A9332554D92000C153E8 /* Manhattan */;
			targetProxy = 5181A94B2554D92100C153E8 /* PBXContainerItemProxy */;
		};
		5181A9572554D92100C153E8 /* PBXTargetDependency */ = {
			isa = PBXTargetDependency;
			target = 5181A9332554D92000C153E8 /* Manhattan */;
			targetProxy = 5181A9562554D92100C153E8 /* PBXContainerItemProxy */;
		};
/* End PBXTargetDependency section */

/* Begin PBXVariantGroup section */
		5181A93D2554D92000C153E8 /* Main.storyboard */ = {
			isa = PBXVariantGroup;
			children = (
				5181A93E2554D92000C153E8 /* Base */,
			);
			name = Main.storyboard;
			sourceTree = "<group>";
		};
		5181A9422554D92100C153E8 /* LaunchScreen.storyboard */ = {
			isa = PBXVariantGroup;
			children = (
				5181A9432554D92100C153E8 /* Base */,
			);
			name = LaunchScreen.storyboard;
			sourceTree = "<group>";
		};
/* End PBXVariantGroup section */

/* Begin XCBuildConfiguration section */
		5181A95C2554D92100C153E8 /* Debug */ = {
			isa = XCBuildConfiguration;
			baseConfigurationReference = 51C4C3AC2555E964004E0206 /* Manhattan_project_debug.xcconfig */;
			buildSettings = {
			};
			name = Debug;
		};
		5181A95D2554D92100C153E8 /* Release */ = {
			isa = XCBuildConfiguration;
			baseConfigurationReference = 51C4C3AE2555E964004E0206 /* Manhattan_project_release.xcconfig */;
			buildSettings = {
			};
			name = Release;
		};
		5181A95F2554D92100C153E8 /* Debug */ = {
			isa = XCBuildConfiguration;
			baseConfigurationReference = 51C4C3AF2555E964004E0206 /* Manhattan_iOSapp_target.xcconfig */;
			buildSettings = {
			};
			name = Debug;
		};
		5181A9602554D92100C153E8 /* Release */ = {
			isa = XCBuildConfiguration;
			baseConfigurationReference = 51C4C3AF2555E964004E0206 /* Manhattan_iOSapp_target.xcconfig */;
			buildSettings = {
			};
			name = Release;
		};
		5181A9622554D92100C153E8 /* Debug */ = {
			isa = XCBuildConfiguration;
			buildSettings = {
			};
			name = Debug;
		};
		5181A9632554D92100C153E8 /* Release */ = {
			isa = XCBuildConfiguration;
			buildSettings = {
			};
			name = Release;
		};
		5181A9652554D92100C153E8 /* Debug */ = {
			isa = XCBuildConfiguration;
			buildSettings = {
			};
			name = Debug;
		};
		5181A9662554D92100C153E8 /* Release */ = {
			isa = XCBuildConfiguration;
			buildSettings = {
			};
			name = Release;
		};
/* End XCBuildConfiguration section */

/* Begin XCConfigurationList section */
		5181A92F2554D92000C153E8 /* Build configuration list for PBXProject "Manhattan" */ = {
			isa = XCConfigurationList;
			buildConfigurations = (
				5181A95C2554D92100C153E8 /* Debug */,
				5181A95D2554D92100C153E8 /* Release */,
			);
			defaultConfigurationIsVisible = 0;
			defaultConfigurationName = Release;
		};
		5181A95E2554D92100C153E8 /* Build configuration list for PBXNativeTarget "Manhattan" */ = {
			isa = XCConfigurationList;
			buildConfigurations = (
				5181A95F2554D92100C153E8 /* Debug */,
				5181A9602554D92100C153E8 /* Release */,
			);
			defaultConfigurationIsVisible = 0;
			defaultConfigurationName = Release;
		};
		5181A9612554D92100C153E8 /* Build configuration list for PBXNativeTarget "ManhattanTests" */ = {
			isa = XCConfigurationList;
			buildConfigurations = (
				5181A9622554D92100C153E8 /* Debug */,
				5181A9632554D92100C153E8 /* Release */,
			);
			defaultConfigurationIsVisible = 0;
			defaultConfigurationName = Release;
		};
		5181A9642554D92100C153E8 /* Build configuration list for PBXNativeTarget "ManhattanUITests" */ = {
			isa = XCConfigurationList;
			buildConfigurations = (
				5181A9652554D92100C153E8 /* Debug */,
				5181A9662554D92100C153E8 /* Release */,
			);
			defaultConfigurationIsVisible = 0;
			defaultConfigurationName = Release;
		};
/* End XCConfigurationList section */

/* Begin XCRemoteSwiftPackageReference section */
		51B4EBC5257C3CD100378CAB /* XCRemoteSwiftPackageReference "ZipArchive" */ = {
			isa = XCRemoteSwiftPackageReference;
			repositoryURL = "https://github.com/vincode-io/ZipArchive.git";
			requirement = {
				branch = master;
				kind = branch;
			};
		};
		51B5861A256B245300ACF99B /* XCRemoteSwiftPackageReference "SWXMLHash" */ = {
			isa = XCRemoteSwiftPackageReference;
			repositoryURL = "https://github.com/drmohundro/SWXMLHash.git";
			requirement = {
				kind = upToNextMajorVersion;
				minimumVersion = 5.0.1;
			};
		};
		51C4C3ED25565281004E0206 /* XCRemoteSwiftPackageReference "RSCore" */ = {
			isa = XCRemoteSwiftPackageReference;
			repositoryURL = "https://github.com/Ranchero-Software/RSCore.git";
			requirement = {
				kind = upToNextMajorVersion;
				minimumVersion = "1.0.0-beta3";
			};
		};
/* End XCRemoteSwiftPackageReference section */

/* Begin XCSwiftPackageProductDependency section */
		51B4EBC6257C3CD100378CAB /* ZipArchive */ = {
			isa = XCSwiftPackageProductDependency;
			package = 51B4EBC5257C3CD100378CAB /* XCRemoteSwiftPackageReference "ZipArchive" */;
			productName = ZipArchive;
		};
		51B5861B256B245300ACF99B /* SWXMLHash */ = {
			isa = XCSwiftPackageProductDependency;
			package = 51B5861A256B245300ACF99B /* XCRemoteSwiftPackageReference "SWXMLHash" */;
			productName = SWXMLHash;
		};
		51C4C3F82557470B004E0206 /* Templeton */ = {
			isa = XCSwiftPackageProductDependency;
			productName = Templeton;
		};
		51C4C40025576631004E0206 /* RSCore */ = {
			isa = XCSwiftPackageProductDependency;
			package = 51C4C3ED25565281004E0206 /* XCRemoteSwiftPackageReference "RSCore" */;
			productName = RSCore;
		};
/* End XCSwiftPackageProductDependency section */
	};
	rootObject = 5181A92C2554D92000C153E8 /* Project object */;
}
