// !$*UTF8*$!
{
	archiveVersion = 1;
	classes = {
	};
	objectVersion = 52;
	objects = {

/* Begin PBXBuildFile section */
		510655BF258E8DE1000E7A53 /* File.icns in Resources */ = {isa = PBXBuildFile; fileRef = 510655BE258E8DE1000E7A53 /* File.icns */; };
		510655C9258E906E000E7A53 /* file320x320.png in Resources */ = {isa = PBXBuildFile; fileRef = 510655C8258E906E000E7A53 /* file320x320.png */; };
		510655CD258E912F000E7A53 /* file64x64.png in Resources */ = {isa = PBXBuildFile; fileRef = 510655CC258E912F000E7A53 /* file64x64.png */; };
		510655D1258E91BA000E7A53 /* file44x58.png in Resources */ = {isa = PBXBuildFile; fileRef = 510655D0258E91BA000E7A53 /* file44x58.png */; };
		510655D5258E922A000E7A53 /* file22x29.png in Resources */ = {isa = PBXBuildFile; fileRef = 510655D4258E922A000E7A53 /* file22x29.png */; };
		5122294C25609C47008041AF /* UserInfoKeys.swift in Sources */ = {isa = PBXBuildFile; fileRef = 5122294B25609C47008041AF /* UserInfoKeys.swift */; };
		512229682563507E008041AF /* EditorTextRowViewCell.swift in Sources */ = {isa = PBXBuildFile; fileRef = 512229672563507E008041AF /* EditorTextRowViewCell.swift */; };
		51278E77257F37AC0034F1CB /* Dialog.storyboard in Resources */ = {isa = PBXBuildFile; fileRef = 51278E76257F37AC0034F1CB /* Dialog.storyboard */; };
		5147D0AD25CB6F2D004673C3 /* KeyboardTableView.swift in Sources */ = {isa = PBXBuildFile; fileRef = 5147D0AC25CB6F2D004673C3 /* KeyboardTableView.swift */; };
		5147D0B525CB95B4004673C3 /* TimelineViewController+Drag.swift in Sources */ = {isa = PBXBuildFile; fileRef = 5147D0B425CB95B4004673C3 /* TimelineViewController+Drag.swift */; };
		5147D0B825CCAB2A004673C3 /* TimelineViewController+Drop.swift in Sources */ = {isa = PBXBuildFile; fileRef = 5147D0B725CCAB2A004673C3 /* TimelineViewController+Drop.swift */; };
		5147D0BB25CCAFC3004673C3 /* EditorTagAddViewCell.swift in Sources */ = {isa = PBXBuildFile; fileRef = 5147D0BA25CCAFC3004673C3 /* EditorTagAddViewCell.swift */; };
		5147D0BE25CCAFD2004673C3 /* EditorTagAddContentConfiguration.swift in Sources */ = {isa = PBXBuildFile; fileRef = 5147D0BD25CCAFD2004673C3 /* EditorTagAddContentConfiguration.swift */; };
		5147D0C125CCAFEA004673C3 /* EditorTagAddContentView.swift in Sources */ = {isa = PBXBuildFile; fileRef = 5147D0C025CCAFEA004673C3 /* EditorTagAddContentView.swift */; };
		5147D0C525CCD6AA004673C3 /* SidebarViewController+Drop.swift in Sources */ = {isa = PBXBuildFile; fileRef = 5147D0C425CCD6AA004673C3 /* SidebarViewController+Drop.swift */; };
		5147D0C825CE28AE004673C3 /* NSDataDetector+.swift in Sources */ = {isa = PBXBuildFile; fileRef = 5147D0C725CE28AE004673C3 /* NSDataDetector+.swift */; };
		514BB9E1255B5A2B00C8DBDF /* AppDefaults.swift in Sources */ = {isa = PBXBuildFile; fileRef = 514BB9E0255B5A2B00C8DBDF /* AppDefaults.swift */; };
		514BB9E7255B609600C8DBDF /* UIStoryboard+.swift in Sources */ = {isa = PBXBuildFile; fileRef = 514BB9E6255B609600C8DBDF /* UIStoryboard+.swift */; };
		514EF15F25A78A8C00B1FFB6 /* CrashReporter.swift in Sources */ = {isa = PBXBuildFile; fileRef = 514EF15E25A78A8C00B1FFB6 /* CrashReporter.swift */; };
		514EF16325A78BCC00B1FFB6 /* CrashReporter in Frameworks */ = {isa = PBXBuildFile; platformFilter = maccatalyst; productRef = 514EF16225A78BCC00B1FFB6 /* CrashReporter */; };
		514F220D25C4CCA7004E02CD /* EditorTagViewCell.swift in Sources */ = {isa = PBXBuildFile; fileRef = 514F220C25C4CCA6004E02CD /* EditorTagViewCell.swift */; };
		514F221125C4CCE4004E02CD /* EditorTagContentConfiguration.swift in Sources */ = {isa = PBXBuildFile; fileRef = 514F221025C4CCE4004E02CD /* EditorTagContentConfiguration.swift */; };
		514F221425C4CD00004E02CD /* EditorTagContentView.swift in Sources */ = {isa = PBXBuildFile; fileRef = 514F221325C4CD00004E02CD /* EditorTagContentView.swift */; };
		514F221825C4D076004E02CD /* EditorTagInputViewCell.swift in Sources */ = {isa = PBXBuildFile; fileRef = 514F221725C4D076004E02CD /* EditorTagInputViewCell.swift */; };
		514F221B25C4D08D004E02CD /* EditorTagInputContentConfiguration.swift in Sources */ = {isa = PBXBuildFile; fileRef = 514F221A25C4D08D004E02CD /* EditorTagInputContentConfiguration.swift */; };
		514F221E25C4D0A8004E02CD /* EditorTagInputContentView.swift in Sources */ = {isa = PBXBuildFile; fileRef = 514F221D25C4D0A8004E02CD /* EditorTagInputContentView.swift */; };
		514F222A25C4FF02004E02CD /* EditorTagInputTextField.swift in Sources */ = {isa = PBXBuildFile; fileRef = 514F222925C4FF02004E02CD /* EditorTagInputTextField.swift */; };
		515F164B255C9F8E00FD98B8 /* FormViewController.swift in Sources */ = {isa = PBXBuildFile; fileRef = 515F164A255C9F8E00FD98B8 /* FormViewController.swift */; };
		5163ADF225C78CFB008F25CA /* SearchTextField.swift in Sources */ = {isa = PBXBuildFile; fileRef = 5163ADF125C78CFB008F25CA /* SearchTextField.swift */; };
		5163ADF525C79B69008F25CA /* String+.swift in Sources */ = {isa = PBXBuildFile; fileRef = 5163ADF425C79B69008F25CA /* String+.swift */; };
		51692B0C25681AD3006B755F /* UIViewController+.swift in Sources */ = {isa = PBXBuildFile; fileRef = 51692B0B25681AD3006B755F /* UIViewController+.swift */; };
		5169928A25AE4F5C00760C9D /* UICollectionView+.swift in Sources */ = {isa = PBXBuildFile; fileRef = 5169928925AE4F5C00760C9D /* UICollectionView+.swift */; };
		5181A9382554D92000C153E8 /* AppDelegate.swift in Sources */ = {isa = PBXBuildFile; fileRef = 5181A9372554D92000C153E8 /* AppDelegate.swift */; };
		5181A93A2554D92000C153E8 /* SceneDelegate.swift in Sources */ = {isa = PBXBuildFile; fileRef = 5181A9392554D92000C153E8 /* SceneDelegate.swift */; };
		5181A93C2554D92000C153E8 /* SidebarViewController.swift in Sources */ = {isa = PBXBuildFile; fileRef = 5181A93B2554D92000C153E8 /* SidebarViewController.swift */; };
		5181A93F2554D92000C153E8 /* Main.storyboard in Resources */ = {isa = PBXBuildFile; fileRef = 5181A93D2554D92000C153E8 /* Main.storyboard */; };
		5181A9412554D92100C153E8 /* Assets.xcassets in Resources */ = {isa = PBXBuildFile; fileRef = 5181A9402554D92100C153E8 /* Assets.xcassets */; };
		5181A9442554D92100C153E8 /* LaunchScreen.storyboard in Resources */ = {isa = PBXBuildFile; fileRef = 5181A9422554D92100C153E8 /* LaunchScreen.storyboard */; };
		518F2E38257AEA4C00D05D99 /* ConsistentCollectionViewListCell.swift in Sources */ = {isa = PBXBuildFile; fileRef = 518F2E37257AEA4C00D05D99 /* ConsistentCollectionViewListCell.swift */; };
		519F004B25608EF9009DC1F0 /* TimelineItem.swift in Sources */ = {isa = PBXBuildFile; fileRef = 519F004A25608EF9009DC1F0 /* TimelineItem.swift */; };
		51AC0A8E25741CF5003A7532 /* StackedUndoManager.swift in Sources */ = {isa = PBXBuildFile; fileRef = 51AC0A8D25741CF5003A7532 /* StackedUndoManager.swift */; };
		51AE547E258FF28A006DA301 /* OutlineFont.swift in Sources */ = {isa = PBXBuildFile; fileRef = 51AE547D258FF28A006DA301 /* OutlineFont.swift */; };
		51AE5482258FF35F006DA301 /* NSMutableAttributedString+.swift in Sources */ = {isa = PBXBuildFile; fileRef = 51AE5481258FF35F006DA301 /* NSMutableAttributedString+.swift */; };
		51B2B2C82563A2180090C56B /* EditorTextRowTopicTextView.swift in Sources */ = {isa = PBXBuildFile; fileRef = 51B2B2C72563A2180090C56B /* EditorTextRowTopicTextView.swift */; };
		51B2B2CE2563AAF60090C56B /* EditorTextRowContentConfiguration.swift in Sources */ = {isa = PBXBuildFile; fileRef = 51B2B2CD2563AAF60090C56B /* EditorTextRowContentConfiguration.swift */; };
		51B2B2D22563AB190090C56B /* EditorTextRowContentView.swift in Sources */ = {isa = PBXBuildFile; fileRef = 51B2B2D12563AB190090C56B /* EditorTextRowContentView.swift */; };
		51B2B2D62563AB9F0090C56B /* UIView+.swift in Sources */ = {isa = PBXBuildFile; fileRef = 51B2B2D52563AB9F0090C56B /* UIView+.swift */; };
		51B4EBC7257C3CD100378CAB /* ZipArchive in Frameworks */ = {isa = PBXBuildFile; productRef = 51B4EBC6257C3CD100378CAB /* ZipArchive */; };
		51B5861C256B245300ACF99B /* SWXMLHash in Frameworks */ = {isa = PBXBuildFile; productRef = 51B5861B256B245300ACF99B /* SWXMLHash */; };
		51B9D51725A9080A00579D19 /* EditorViewDisclosureButton.swift in Sources */ = {isa = PBXBuildFile; fileRef = 51B9D51625A9080A00579D19 /* EditorViewDisclosureButton.swift */; };
		51C030A2257E071300609262 /* EditorTitleContentConfiguration.swift in Sources */ = {isa = PBXBuildFile; fileRef = 51C030A1257E071300609262 /* EditorTitleContentConfiguration.swift */; };
		51C030A6257E084E00609262 /* EditorTitleContentView.swift in Sources */ = {isa = PBXBuildFile; fileRef = 51C030A5257E084E00609262 /* EditorTitleContentView.swift */; };
		51C030AC257E0A7200609262 /* ReloadItemsOperation.swift in Sources */ = {isa = PBXBuildFile; fileRef = 51C030AB257E0A7200609262 /* ReloadItemsOperation.swift */; };
		51C030B4257E192100609262 /* EditorTitleViewCell.swift in Sources */ = {isa = PBXBuildFile; fileRef = 51C030B3257E192100609262 /* EditorTitleViewCell.swift */; };
		51C030B8257E198B00609262 /* EditorTitleTextView.swift in Sources */ = {isa = PBXBuildFile; fileRef = 51C030B7257E198B00609262 /* EditorTitleTextView.swift */; };
		51C030BE257E1B9400609262 /* OutlineTextView.swift in Sources */ = {isa = PBXBuildFile; fileRef = 51C030BD257E1B9400609262 /* OutlineTextView.swift */; };
		51C4C3CE2555F07A004E0206 /* CloudKit.framework in Frameworks */ = {isa = PBXBuildFile; fileRef = 51C4C3CD2555F07A004E0206 /* CloudKit.framework */; };
		51C4C3F92557470B004E0206 /* Templeton in Frameworks */ = {isa = PBXBuildFile; productRef = 51C4C3F82557470B004E0206 /* Templeton */; };
		51C4C40125576631004E0206 /* RSCore in Frameworks */ = {isa = PBXBuildFile; productRef = 51C4C40025576631004E0206 /* RSCore */; };
		51C4C40225576632004E0206 /* RSCore in Embed Frameworks */ = {isa = PBXBuildFile; productRef = 51C4C40025576631004E0206 /* RSCore */; settings = {ATTRIBUTES = (CodeSignOnCopy, ); }; };
		51C4C442255A0DE1004E0206 /* TimelineViewController.swift in Sources */ = {isa = PBXBuildFile; fileRef = 51C4C441255A0DE1004E0206 /* TimelineViewController.swift */; };
		51C4C449255AA215004E0206 /* MainSplitViewController.swift in Sources */ = {isa = PBXBuildFile; fileRef = 51C4C448255AA215004E0206 /* MainSplitViewController.swift */; };
		51C4C45B255ACA1B004E0206 /* EditorViewController.swift in Sources */ = {isa = PBXBuildFile; fileRef = 51C4C45A255ACA1B004E0206 /* EditorViewController.swift */; };
		51C568CE258B028700AA7B93 /* OutlineTextDropDelegate.swift in Sources */ = {isa = PBXBuildFile; fileRef = 51C568CD258B028700AA7B93 /* OutlineTextDropDelegate.swift */; };
		51C568D5258C085400AA7B93 /* MarkdownAttributedString in Frameworks */ = {isa = PBXBuildFile; productRef = 51C568D4258C085400AA7B93 /* MarkdownAttributedString */; };
		51C568D9258C1CD200AA7B93 /* LinkViewController.swift in Sources */ = {isa = PBXBuildFile; fileRef = 51C568D8258C1CD200AA7B93 /* LinkViewController.swift */; };
		51CF10A82571BA66005D6D88 /* Localizable.strings in Resources */ = {isa = PBXBuildFile; fileRef = 51CF10A72571BA66005D6D88 /* Localizable.strings */; };
		51CF10AC2571BA9A005D6D88 /* Localizable.stringsdict in Resources */ = {isa = PBXBuildFile; fileRef = 51CF10AB2571BA9A005D6D88 /* Localizable.stringsdict */; };
		51CF10C22571C22C005D6D88 /* L10n.swift in Sources */ = {isa = PBXBuildFile; fileRef = 51CF10C12571C22C005D6D88 /* L10n.swift */; };
		51D28D2C257730DB0039DDFC /* EditorViewController+Drag.swift in Sources */ = {isa = PBXBuildFile; fileRef = 51D28D2B257730DB0039DDFC /* EditorViewController+Drag.swift */; };
		51D28D32257731DC0039DDFC /* EditorViewController+Drop.swift in Sources */ = {isa = PBXBuildFile; fileRef = 51D28D31257731DC0039DDFC /* EditorViewController+Drop.swift */; };
		51D977FA257A2E4F00D98490 /* EditorTextRowPreviewParameters.swift in Sources */ = {isa = PBXBuildFile; fileRef = 51D977F9257A2E4F00D98490 /* EditorTextRowPreviewParameters.swift */; };
		51DA54C825643E3400732942 /* MainThreadOperationBase.swift in Sources */ = {isa = PBXBuildFile; fileRef = 51DA54C725643E3400732942 /* MainThreadOperationBase.swift */; };
		51DFDC18259EA8D300C068C6 /* Selector+.swift in Sources */ = {isa = PBXBuildFile; fileRef = 51DFDC17259EA8D300C068C6 /* Selector+.swift */; };
		51E060C125A454B900194066 /* RSSparkle in Frameworks */ = {isa = PBXBuildFile; productRef = 51E060C025A454B900194066 /* RSSparkle */; };
		51E060CE25A45AA800194066 /* SparklePlugin.bundle in Embed PlugIns */ = {isa = PBXBuildFile; fileRef = 51E060AF25A4547400194066 /* SparklePlugin.bundle */; platformFilter = maccatalyst; settings = {ATTRIBUTES = (CodeSignOnCopy, RemoveHeadersOnCopy, ); }; };
		51E060EE25A4B5E600194066 /* SparkleWrapper.swift in Sources */ = {isa = PBXBuildFile; fileRef = 51E060ED25A4B5E600194066 /* SparkleWrapper.swift */; };
		51E0612D25A544C400194066 /* org.sparkle-project.Downloader.xpc in Embed XPC Services */ = {isa = PBXBuildFile; fileRef = 51E060A525A4506300194066 /* org.sparkle-project.Downloader.xpc */; platformFilter = maccatalyst; settings = {ATTRIBUTES = (RemoveHeadersOnCopy, ); }; };
		51E0612E25A544C400194066 /* org.sparkle-project.InstallerConnection.xpc in Embed XPC Services */ = {isa = PBXBuildFile; fileRef = 51E060A225A4506300194066 /* org.sparkle-project.InstallerConnection.xpc */; platformFilter = maccatalyst; settings = {ATTRIBUTES = (RemoveHeadersOnCopy, ); }; };
		51E0612F25A544C400194066 /* org.sparkle-project.InstallerLauncher.xpc in Embed XPC Services */ = {isa = PBXBuildFile; fileRef = 51E060A425A4506300194066 /* org.sparkle-project.InstallerLauncher.xpc */; platformFilter = maccatalyst; settings = {ATTRIBUTES = (RemoveHeadersOnCopy, ); }; };
		51E0613025A544C400194066 /* org.sparkle-project.InstallerStatus.xpc in Embed XPC Services */ = {isa = PBXBuildFile; fileRef = 51E060A325A4506300194066 /* org.sparkle-project.InstallerStatus.xpc */; platformFilter = maccatalyst; settings = {ATTRIBUTES = (RemoveHeadersOnCopy, ); }; };
		51E14F1B255F23C100320EDB /* ValidatingToolbarItem.swift in Sources */ = {isa = PBXBuildFile; fileRef = 51E14F1A255F23C100320EDB /* ValidatingToolbarItem.swift */; };
		51E14F23255F2D7F00320EDB /* ActivityManager.swift in Sources */ = {isa = PBXBuildFile; fileRef = 51E14F22255F2D7F00320EDB /* ActivityManager.swift */; };
		51E14F2E2560730000320EDB /* SidebarSection.swift in Sources */ = {isa = PBXBuildFile; fileRef = 51E14F2D2560730000320EDB /* SidebarSection.swift */; };
		51E14F342560732F00320EDB /* SidebarItem.swift in Sources */ = {isa = PBXBuildFile; fileRef = 51E14F332560732F00320EDB /* SidebarItem.swift */; };
		51E14F382560738E00320EDB /* UpdateSelectionOperation.swift in Sources */ = {isa = PBXBuildFile; fileRef = 51E14F372560738E00320EDB /* UpdateSelectionOperation.swift */; };
		51E14F3C256073D100320EDB /* ApplySnapshotOperation.swift in Sources */ = {isa = PBXBuildFile; fileRef = 51E14F3B256073D100320EDB /* ApplySnapshotOperation.swift */; };
		51F13EFE255E13A9004B85CA /* AppAssets.swift in Sources */ = {isa = PBXBuildFile; fileRef = 51F13EFD255E13A9004B85CA /* AppAssets.swift */; };
		51F2859425AD11100019C573 /* SidebarSearchCell.swift in Sources */ = {isa = PBXBuildFile; fileRef = 51F2859325AD11100019C573 /* SidebarSearchCell.swift */; };
		51F2859725AD11DB0019C573 /* SidebarSearchContentConfiguration.swift in Sources */ = {isa = PBXBuildFile; fileRef = 51F2859625AD11DB0019C573 /* SidebarSearchContentConfiguration.swift */; };
		51F2859B25AD12800019C573 /* SidebarSearchContentView.swift in Sources */ = {isa = PBXBuildFile; fileRef = 51F2859A25AD12800019C573 /* SidebarSearchContentView.swift */; };
		51F2DC7B2586E101003BD5CE /* EditorTextRowNoteTextView.swift in Sources */ = {isa = PBXBuildFile; fileRef = 51F2DC7A2586E101003BD5CE /* EditorTextRowNoteTextView.swift */; };
/* End PBXBuildFile section */

/* Begin PBXContainerItemProxy section */
		51E060CF25A45AA800194066 /* PBXContainerItemProxy */ = {
			isa = PBXContainerItemProxy;
			containerPortal = 5181A92C2554D92000C153E8 /* Project object */;
			proxyType = 1;
			remoteGlobalIDString = 51E060AE25A4547400194066;
			remoteInfo = SparklePlugin;
		};
/* End PBXContainerItemProxy section */

/* Begin PBXCopyFilesBuildPhase section */
		51C4C3F125565282004E0206 /* Embed Frameworks */ = {
			isa = PBXCopyFilesBuildPhase;
			buildActionMask = 2147483647;
			dstPath = "";
			dstSubfolderSpec = 10;
			files = (
				51C4C40225576632004E0206 /* RSCore in Embed Frameworks */,
			);
			name = "Embed Frameworks";
			runOnlyForDeploymentPostprocessing = 0;
		};
		51E060D125A45AA800194066 /* Embed PlugIns */ = {
			isa = PBXCopyFilesBuildPhase;
			buildActionMask = 2147483647;
			dstPath = "";
			dstSubfolderSpec = 13;
			files = (
				51E060CE25A45AA800194066 /* SparklePlugin.bundle in Embed PlugIns */,
			);
			name = "Embed PlugIns";
			runOnlyForDeploymentPostprocessing = 0;
		};
		51E0612C25A544AA00194066 /* Embed XPC Services */ = {
			isa = PBXCopyFilesBuildPhase;
			buildActionMask = 2147483647;
			dstPath = "$(CONTENTS_FOLDER_PATH)/XPCServices";
			dstSubfolderSpec = 16;
			files = (
				51E0612D25A544C400194066 /* org.sparkle-project.Downloader.xpc in Embed XPC Services */,
				51E0612E25A544C400194066 /* org.sparkle-project.InstallerConnection.xpc in Embed XPC Services */,
				51E0612F25A544C400194066 /* org.sparkle-project.InstallerLauncher.xpc in Embed XPC Services */,
				51E0613025A544C400194066 /* org.sparkle-project.InstallerStatus.xpc in Embed XPC Services */,
			);
			name = "Embed XPC Services";
			runOnlyForDeploymentPostprocessing = 0;
		};
/* End PBXCopyFilesBuildPhase section */

/* Begin PBXFileReference section */
		510655BE258E8DE1000E7A53 /* File.icns */ = {isa = PBXFileReference; lastKnownFileType = image.icns; path = File.icns; sourceTree = "<group>"; };
		510655C8258E906E000E7A53 /* file320x320.png */ = {isa = PBXFileReference; lastKnownFileType = image.png; path = file320x320.png; sourceTree = "<group>"; };
		510655CC258E912F000E7A53 /* file64x64.png */ = {isa = PBXFileReference; lastKnownFileType = image.png; path = file64x64.png; sourceTree = "<group>"; };
		510655D0258E91BA000E7A53 /* file44x58.png */ = {isa = PBXFileReference; lastKnownFileType = image.png; path = file44x58.png; sourceTree = "<group>"; };
		510655D4258E922A000E7A53 /* file22x29.png */ = {isa = PBXFileReference; lastKnownFileType = image.png; path = file22x29.png; sourceTree = "<group>"; };
		5122294B25609C47008041AF /* UserInfoKeys.swift */ = {isa = PBXFileReference; lastKnownFileType = sourcecode.swift; path = UserInfoKeys.swift; sourceTree = "<group>"; };
		512229672563507E008041AF /* EditorTextRowViewCell.swift */ = {isa = PBXFileReference; lastKnownFileType = sourcecode.swift; path = EditorTextRowViewCell.swift; sourceTree = "<group>"; };
		51278E76257F37AC0034F1CB /* Dialog.storyboard */ = {isa = PBXFileReference; fileEncoding = 4; lastKnownFileType = file.storyboard; path = Dialog.storyboard; sourceTree = "<group>"; };
		513F32A12594062C0003048F /* README.md */ = {isa = PBXFileReference; lastKnownFileType = net.daringfireball.markdown; path = README.md; sourceTree = "<group>"; };
		5147D0AC25CB6F2D004673C3 /* KeyboardTableView.swift */ = {isa = PBXFileReference; lastKnownFileType = sourcecode.swift; path = KeyboardTableView.swift; sourceTree = "<group>"; };
		5147D0B425CB95B4004673C3 /* TimelineViewController+Drag.swift */ = {isa = PBXFileReference; fileEncoding = 4; lastKnownFileType = sourcecode.swift; path = "TimelineViewController+Drag.swift"; sourceTree = "<group>"; };
		5147D0B725CCAB2A004673C3 /* TimelineViewController+Drop.swift */ = {isa = PBXFileReference; fileEncoding = 4; lastKnownFileType = sourcecode.swift; path = "TimelineViewController+Drop.swift"; sourceTree = "<group>"; };
		5147D0BA25CCAFC3004673C3 /* EditorTagAddViewCell.swift */ = {isa = PBXFileReference; lastKnownFileType = sourcecode.swift; path = EditorTagAddViewCell.swift; sourceTree = "<group>"; };
		5147D0BD25CCAFD2004673C3 /* EditorTagAddContentConfiguration.swift */ = {isa = PBXFileReference; lastKnownFileType = sourcecode.swift; path = EditorTagAddContentConfiguration.swift; sourceTree = "<group>"; };
		5147D0C025CCAFEA004673C3 /* EditorTagAddContentView.swift */ = {isa = PBXFileReference; lastKnownFileType = sourcecode.swift; path = EditorTagAddContentView.swift; sourceTree = "<group>"; };
		5147D0C425CCD6AA004673C3 /* SidebarViewController+Drop.swift */ = {isa = PBXFileReference; fileEncoding = 4; lastKnownFileType = sourcecode.swift; path = "SidebarViewController+Drop.swift"; sourceTree = "<group>"; };
		5147D0C725CE28AE004673C3 /* NSDataDetector+.swift */ = {isa = PBXFileReference; lastKnownFileType = sourcecode.swift; path = "NSDataDetector+.swift"; sourceTree = "<group>"; };
		514BB9E0255B5A2B00C8DBDF /* AppDefaults.swift */ = {isa = PBXFileReference; lastKnownFileType = sourcecode.swift; path = AppDefaults.swift; sourceTree = "<group>"; };
		514BB9E6255B609600C8DBDF /* UIStoryboard+.swift */ = {isa = PBXFileReference; lastKnownFileType = sourcecode.swift; path = "UIStoryboard+.swift"; sourceTree = "<group>"; };
		514EF15E25A78A8C00B1FFB6 /* CrashReporter.swift */ = {isa = PBXFileReference; lastKnownFileType = sourcecode.swift; path = CrashReporter.swift; sourceTree = "<group>"; };
		514F220C25C4CCA6004E02CD /* EditorTagViewCell.swift */ = {isa = PBXFileReference; lastKnownFileType = sourcecode.swift; path = EditorTagViewCell.swift; sourceTree = "<group>"; };
		514F221025C4CCE4004E02CD /* EditorTagContentConfiguration.swift */ = {isa = PBXFileReference; lastKnownFileType = sourcecode.swift; path = EditorTagContentConfiguration.swift; sourceTree = "<group>"; };
		514F221325C4CD00004E02CD /* EditorTagContentView.swift */ = {isa = PBXFileReference; lastKnownFileType = sourcecode.swift; path = EditorTagContentView.swift; sourceTree = "<group>"; };
		514F221725C4D076004E02CD /* EditorTagInputViewCell.swift */ = {isa = PBXFileReference; lastKnownFileType = sourcecode.swift; path = EditorTagInputViewCell.swift; sourceTree = "<group>"; };
		514F221A25C4D08D004E02CD /* EditorTagInputContentConfiguration.swift */ = {isa = PBXFileReference; lastKnownFileType = sourcecode.swift; path = EditorTagInputContentConfiguration.swift; sourceTree = "<group>"; };
		514F221D25C4D0A8004E02CD /* EditorTagInputContentView.swift */ = {isa = PBXFileReference; lastKnownFileType = sourcecode.swift; path = EditorTagInputContentView.swift; sourceTree = "<group>"; };
		514F222925C4FF02004E02CD /* EditorTagInputTextField.swift */ = {isa = PBXFileReference; lastKnownFileType = sourcecode.swift; path = EditorTagInputTextField.swift; sourceTree = "<group>"; };
		515F164A255C9F8E00FD98B8 /* FormViewController.swift */ = {isa = PBXFileReference; lastKnownFileType = sourcecode.swift; path = FormViewController.swift; sourceTree = "<group>"; };
		5163ADF125C78CFB008F25CA /* SearchTextField.swift */ = {isa = PBXFileReference; fileEncoding = 4; lastKnownFileType = sourcecode.swift; path = SearchTextField.swift; sourceTree = "<group>"; };
		5163ADF425C79B69008F25CA /* String+.swift */ = {isa = PBXFileReference; lastKnownFileType = sourcecode.swift; path = "String+.swift"; sourceTree = "<group>"; };
		51692B0B25681AD3006B755F /* UIViewController+.swift */ = {isa = PBXFileReference; lastKnownFileType = sourcecode.swift; path = "UIViewController+.swift"; sourceTree = "<group>"; };
		5169928925AE4F5C00760C9D /* UICollectionView+.swift */ = {isa = PBXFileReference; lastKnownFileType = sourcecode.swift; path = "UICollectionView+.swift"; sourceTree = "<group>"; };
		5181A9342554D92000C153E8 /* Zavala.app */ = {isa = PBXFileReference; explicitFileType = wrapper.application; includeInIndex = 0; path = Zavala.app; sourceTree = BUILT_PRODUCTS_DIR; };
		5181A9372554D92000C153E8 /* AppDelegate.swift */ = {isa = PBXFileReference; lastKnownFileType = sourcecode.swift; path = AppDelegate.swift; sourceTree = "<group>"; };
		5181A9392554D92000C153E8 /* SceneDelegate.swift */ = {isa = PBXFileReference; lastKnownFileType = sourcecode.swift; path = SceneDelegate.swift; sourceTree = "<group>"; };
		5181A93B2554D92000C153E8 /* SidebarViewController.swift */ = {isa = PBXFileReference; lastKnownFileType = sourcecode.swift; path = SidebarViewController.swift; sourceTree = "<group>"; };
		5181A93E2554D92000C153E8 /* Base */ = {isa = PBXFileReference; lastKnownFileType = file.storyboard; name = Base; path = Base.lproj/Main.storyboard; sourceTree = "<group>"; };
		5181A9402554D92100C153E8 /* Assets.xcassets */ = {isa = PBXFileReference; lastKnownFileType = folder.assetcatalog; path = Assets.xcassets; sourceTree = "<group>"; };
		5181A9432554D92100C153E8 /* Base */ = {isa = PBXFileReference; lastKnownFileType = file.storyboard; name = Base; path = Base.lproj/LaunchScreen.storyboard; sourceTree = "<group>"; };
		5181A9452554D92100C153E8 /* Info.plist */ = {isa = PBXFileReference; lastKnownFileType = text.plist.xml; path = Info.plist; sourceTree = "<group>"; };
		5181A96A2554D93B00C153E8 /* Zavala.entitlements */ = {isa = PBXFileReference; lastKnownFileType = text.plist.entitlements; path = Zavala.entitlements; sourceTree = "<group>"; };
		518F2E37257AEA4C00D05D99 /* ConsistentCollectionViewListCell.swift */ = {isa = PBXFileReference; lastKnownFileType = sourcecode.swift; path = ConsistentCollectionViewListCell.swift; sourceTree = "<group>"; };
		519F004A25608EF9009DC1F0 /* TimelineItem.swift */ = {isa = PBXFileReference; lastKnownFileType = sourcecode.swift; path = TimelineItem.swift; sourceTree = "<group>"; };
		51AC0A8D25741CF5003A7532 /* StackedUndoManager.swift */ = {isa = PBXFileReference; lastKnownFileType = sourcecode.swift; path = StackedUndoManager.swift; sourceTree = "<group>"; };
		51AE547D258FF28A006DA301 /* OutlineFont.swift */ = {isa = PBXFileReference; lastKnownFileType = sourcecode.swift; path = OutlineFont.swift; sourceTree = "<group>"; };
		51AE5481258FF35F006DA301 /* NSMutableAttributedString+.swift */ = {isa = PBXFileReference; lastKnownFileType = sourcecode.swift; path = "NSMutableAttributedString+.swift"; sourceTree = "<group>"; };
		51B2B2C72563A2180090C56B /* EditorTextRowTopicTextView.swift */ = {isa = PBXFileReference; lastKnownFileType = sourcecode.swift; path = EditorTextRowTopicTextView.swift; sourceTree = "<group>"; };
		51B2B2CD2563AAF60090C56B /* EditorTextRowContentConfiguration.swift */ = {isa = PBXFileReference; lastKnownFileType = sourcecode.swift; path = EditorTextRowContentConfiguration.swift; sourceTree = "<group>"; };
		51B2B2D12563AB190090C56B /* EditorTextRowContentView.swift */ = {isa = PBXFileReference; lastKnownFileType = sourcecode.swift; path = EditorTextRowContentView.swift; sourceTree = "<group>"; };
		51B2B2D52563AB9F0090C56B /* UIView+.swift */ = {isa = PBXFileReference; lastKnownFileType = sourcecode.swift; path = "UIView+.swift"; sourceTree = "<group>"; };
		51B9D51625A9080A00579D19 /* EditorViewDisclosureButton.swift */ = {isa = PBXFileReference; lastKnownFileType = sourcecode.swift; path = EditorViewDisclosureButton.swift; sourceTree = "<group>"; };
		51C030A1257E071300609262 /* EditorTitleContentConfiguration.swift */ = {isa = PBXFileReference; lastKnownFileType = sourcecode.swift; path = EditorTitleContentConfiguration.swift; sourceTree = "<group>"; };
		51C030A5257E084E00609262 /* EditorTitleContentView.swift */ = {isa = PBXFileReference; lastKnownFileType = sourcecode.swift; path = EditorTitleContentView.swift; sourceTree = "<group>"; };
		51C030AB257E0A7200609262 /* ReloadItemsOperation.swift */ = {isa = PBXFileReference; fileEncoding = 4; lastKnownFileType = sourcecode.swift; path = ReloadItemsOperation.swift; sourceTree = "<group>"; };
		51C030B3257E192100609262 /* EditorTitleViewCell.swift */ = {isa = PBXFileReference; lastKnownFileType = sourcecode.swift; path = EditorTitleViewCell.swift; sourceTree = "<group>"; };
		51C030B7257E198B00609262 /* EditorTitleTextView.swift */ = {isa = PBXFileReference; lastKnownFileType = sourcecode.swift; path = EditorTitleTextView.swift; sourceTree = "<group>"; };
		51C030BD257E1B9400609262 /* OutlineTextView.swift */ = {isa = PBXFileReference; lastKnownFileType = sourcecode.swift; path = OutlineTextView.swift; sourceTree = "<group>"; };
		51C4C3AC2555E964004E0206 /* Zavala_project_debug.xcconfig */ = {isa = PBXFileReference; fileEncoding = 4; lastKnownFileType = text.xcconfig; path = Zavala_project_debug.xcconfig; sourceTree = "<group>"; };
		51C4C3AD2555E964004E0206 /* Zavala_ios_target_common.xcconfig */ = {isa = PBXFileReference; fileEncoding = 4; lastKnownFileType = text.xcconfig; path = Zavala_ios_target_common.xcconfig; sourceTree = "<group>"; };
		51C4C3AE2555E964004E0206 /* Zavala_project_release.xcconfig */ = {isa = PBXFileReference; fileEncoding = 4; lastKnownFileType = text.xcconfig; path = Zavala_project_release.xcconfig; sourceTree = "<group>"; };
		51C4C3AF2555E964004E0206 /* Zavala_iOSapp_target.xcconfig */ = {isa = PBXFileReference; fileEncoding = 4; lastKnownFileType = text.xcconfig; path = Zavala_iOSapp_target.xcconfig; sourceTree = "<group>"; };
		51C4C3B02555E964004E0206 /* Zavala_project.xcconfig */ = {isa = PBXFileReference; fileEncoding = 4; lastKnownFileType = text.xcconfig; path = Zavala_project.xcconfig; sourceTree = "<group>"; };
		51C4C3CD2555F07A004E0206 /* CloudKit.framework */ = {isa = PBXFileReference; lastKnownFileType = wrapper.framework; name = CloudKit.framework; path = Platforms/iPhoneOS.platform/Developer/SDKs/iPhoneOS14.2.sdk/System/Library/Frameworks/CloudKit.framework; sourceTree = DEVELOPER_DIR; };
		51C4C3E025560E09004E0206 /* Templeton */ = {isa = PBXFileReference; lastKnownFileType = text; path = Templeton; sourceTree = SOURCE_ROOT; };
		51C4C441255A0DE1004E0206 /* TimelineViewController.swift */ = {isa = PBXFileReference; lastKnownFileType = sourcecode.swift; path = TimelineViewController.swift; sourceTree = "<group>"; };
		51C4C448255AA215004E0206 /* MainSplitViewController.swift */ = {isa = PBXFileReference; lastKnownFileType = sourcecode.swift; path = MainSplitViewController.swift; sourceTree = "<group>"; };
		51C4C45A255ACA1B004E0206 /* EditorViewController.swift */ = {isa = PBXFileReference; lastKnownFileType = sourcecode.swift; path = EditorViewController.swift; sourceTree = "<group>"; };
		51C568CD258B028700AA7B93 /* OutlineTextDropDelegate.swift */ = {isa = PBXFileReference; lastKnownFileType = sourcecode.swift; path = OutlineTextDropDelegate.swift; sourceTree = "<group>"; };
		51C568D8258C1CD200AA7B93 /* LinkViewController.swift */ = {isa = PBXFileReference; lastKnownFileType = sourcecode.swift; path = LinkViewController.swift; sourceTree = "<group>"; };
		51CF10A72571BA66005D6D88 /* Localizable.strings */ = {isa = PBXFileReference; lastKnownFileType = text.plist.strings; path = Localizable.strings; sourceTree = "<group>"; };
		51CF10AB2571BA9A005D6D88 /* Localizable.stringsdict */ = {isa = PBXFileReference; lastKnownFileType = text.plist.stringsdict; path = Localizable.stringsdict; sourceTree = "<group>"; };
		51CF10C12571C22C005D6D88 /* L10n.swift */ = {isa = PBXFileReference; fileEncoding = 4; lastKnownFileType = sourcecode.swift; path = L10n.swift; sourceTree = "<group>"; };
		51D28D2B257730DB0039DDFC /* EditorViewController+Drag.swift */ = {isa = PBXFileReference; lastKnownFileType = sourcecode.swift; path = "EditorViewController+Drag.swift"; sourceTree = "<group>"; };
		51D28D31257731DC0039DDFC /* EditorViewController+Drop.swift */ = {isa = PBXFileReference; lastKnownFileType = sourcecode.swift; path = "EditorViewController+Drop.swift"; sourceTree = "<group>"; };
		51D977F9257A2E4F00D98490 /* EditorTextRowPreviewParameters.swift */ = {isa = PBXFileReference; lastKnownFileType = sourcecode.swift; path = EditorTextRowPreviewParameters.swift; sourceTree = "<group>"; };
		51DA54C725643E3400732942 /* MainThreadOperationBase.swift */ = {isa = PBXFileReference; lastKnownFileType = sourcecode.swift; path = MainThreadOperationBase.swift; sourceTree = "<group>"; };
		51DFDC17259EA8D300C068C6 /* Selector+.swift */ = {isa = PBXFileReference; lastKnownFileType = sourcecode.swift; path = "Selector+.swift"; sourceTree = "<group>"; };
		51E060A225A4506300194066 /* org.sparkle-project.InstallerConnection.xpc */ = {isa = PBXFileReference; lastKnownFileType = "wrapper.xpc-service"; path = "org.sparkle-project.InstallerConnection.xpc"; sourceTree = "<group>"; };
		51E060A325A4506300194066 /* org.sparkle-project.InstallerStatus.xpc */ = {isa = PBXFileReference; lastKnownFileType = "wrapper.xpc-service"; path = "org.sparkle-project.InstallerStatus.xpc"; sourceTree = "<group>"; };
		51E060A425A4506300194066 /* org.sparkle-project.InstallerLauncher.xpc */ = {isa = PBXFileReference; lastKnownFileType = "wrapper.xpc-service"; path = "org.sparkle-project.InstallerLauncher.xpc"; sourceTree = "<group>"; };
		51E060A525A4506300194066 /* org.sparkle-project.Downloader.xpc */ = {isa = PBXFileReference; lastKnownFileType = "wrapper.xpc-service"; path = "org.sparkle-project.Downloader.xpc"; sourceTree = "<group>"; };
		51E060AF25A4547400194066 /* SparklePlugin.bundle */ = {isa = PBXFileReference; explicitFileType = wrapper.cfbundle; includeInIndex = 0; path = SparklePlugin.bundle; sourceTree = BUILT_PRODUCTS_DIR; };
		51E060B125A4547400194066 /* Info.plist */ = {isa = PBXFileReference; lastKnownFileType = text.plist.xml; path = Info.plist; sourceTree = "<group>"; };
		51E060C325A455B900194066 /* Zavala_sparkleplugin_target.xcconfig */ = {isa = PBXFileReference; lastKnownFileType = text.xcconfig; path = Zavala_sparkleplugin_target.xcconfig; sourceTree = "<group>"; };
		51E060D425A45B3A00194066 /* Zavala_macos_target_common.xcconfig */ = {isa = PBXFileReference; lastKnownFileType = text.xcconfig; path = Zavala_macos_target_common.xcconfig; sourceTree = "<group>"; };
		51E060D625A45B8500194066 /* Zavala_target_common.xcconfig */ = {isa = PBXFileReference; lastKnownFileType = text.xcconfig; path = Zavala_target_common.xcconfig; sourceTree = "<group>"; };
		51E060ED25A4B5E600194066 /* SparkleWrapper.swift */ = {isa = PBXFileReference; lastKnownFileType = sourcecode.swift; path = SparkleWrapper.swift; sourceTree = "<group>"; };
		51E060F225A4C13B00194066 /* BridgingHeader.h */ = {isa = PBXFileReference; lastKnownFileType = sourcecode.c.h; path = BridgingHeader.h; sourceTree = "<group>"; };
		51E060F325A4C13B00194066 /* SparklePlugin.h */ = {isa = PBXFileReference; lastKnownFileType = sourcecode.c.h; path = SparklePlugin.h; sourceTree = "<group>"; };
		51E14F1A255F23C100320EDB /* ValidatingToolbarItem.swift */ = {isa = PBXFileReference; lastKnownFileType = sourcecode.swift; path = ValidatingToolbarItem.swift; sourceTree = "<group>"; };
		51E14F22255F2D7F00320EDB /* ActivityManager.swift */ = {isa = PBXFileReference; lastKnownFileType = sourcecode.swift; path = ActivityManager.swift; sourceTree = "<group>"; };
		51E14F2D2560730000320EDB /* SidebarSection.swift */ = {isa = PBXFileReference; lastKnownFileType = sourcecode.swift; path = SidebarSection.swift; sourceTree = "<group>"; };
		51E14F332560732F00320EDB /* SidebarItem.swift */ = {isa = PBXFileReference; lastKnownFileType = sourcecode.swift; path = SidebarItem.swift; sourceTree = "<group>"; };
		51E14F372560738E00320EDB /* UpdateSelectionOperation.swift */ = {isa = PBXFileReference; lastKnownFileType = sourcecode.swift; path = UpdateSelectionOperation.swift; sourceTree = "<group>"; };
		51E14F3B256073D100320EDB /* ApplySnapshotOperation.swift */ = {isa = PBXFileReference; lastKnownFileType = sourcecode.swift; path = ApplySnapshotOperation.swift; sourceTree = "<group>"; };
		51F13EFD255E13A9004B85CA /* AppAssets.swift */ = {isa = PBXFileReference; lastKnownFileType = sourcecode.swift; path = AppAssets.swift; sourceTree = "<group>"; };
		51F2859325AD11100019C573 /* SidebarSearchCell.swift */ = {isa = PBXFileReference; lastKnownFileType = sourcecode.swift; path = SidebarSearchCell.swift; sourceTree = "<group>"; };
		51F2859625AD11DB0019C573 /* SidebarSearchContentConfiguration.swift */ = {isa = PBXFileReference; lastKnownFileType = sourcecode.swift; path = SidebarSearchContentConfiguration.swift; sourceTree = "<group>"; };
		51F2859A25AD12800019C573 /* SidebarSearchContentView.swift */ = {isa = PBXFileReference; lastKnownFileType = sourcecode.swift; path = SidebarSearchContentView.swift; sourceTree = "<group>"; };
		51F2DC7A2586E101003BD5CE /* EditorTextRowNoteTextView.swift */ = {isa = PBXFileReference; lastKnownFileType = sourcecode.swift; path = EditorTextRowNoteTextView.swift; sourceTree = "<group>"; };
/* End PBXFileReference section */

/* Begin PBXFrameworksBuildPhase section */
		5181A9312554D92000C153E8 /* Frameworks */ = {
			isa = PBXFrameworksBuildPhase;
			buildActionMask = 2147483647;
			files = (
				51C568D5258C085400AA7B93 /* MarkdownAttributedString in Frameworks */,
				514EF16325A78BCC00B1FFB6 /* CrashReporter in Frameworks */,
				51B4EBC7257C3CD100378CAB /* ZipArchive in Frameworks */,
				51B5861C256B245300ACF99B /* SWXMLHash in Frameworks */,
				51C4C3F92557470B004E0206 /* Templeton in Frameworks */,
				51C4C40125576631004E0206 /* RSCore in Frameworks */,
				51C4C3CE2555F07A004E0206 /* CloudKit.framework in Frameworks */,
			);
			runOnlyForDeploymentPostprocessing = 0;
		};
		51E060AC25A4547400194066 /* Frameworks */ = {
			isa = PBXFrameworksBuildPhase;
			buildActionMask = 2147483647;
			files = (
				51E060C125A454B900194066 /* RSSparkle in Frameworks */,
			);
			runOnlyForDeploymentPostprocessing = 0;
		};
/* End PBXFrameworksBuildPhase section */

/* Begin PBXGroup section */
		514BB9D5255B595300C8DBDF /* Utility */ = {
			isa = PBXGroup;
			children = (
				51E14F3B256073D100320EDB /* ApplySnapshotOperation.swift */,
				518F2E37257AEA4C00D05D99 /* ConsistentCollectionViewListCell.swift */,
				514EF15E25A78A8C00B1FFB6 /* CrashReporter.swift */,
				515F164A255C9F8E00FD98B8 /* FormViewController.swift */,
				5147D0AC25CB6F2D004673C3 /* KeyboardTableView.swift */,
				51DA54C725643E3400732942 /* MainThreadOperationBase.swift */,
				5147D0C725CE28AE004673C3 /* NSDataDetector+.swift */,
				51AE5481258FF35F006DA301 /* NSMutableAttributedString+.swift */,
				51AE547D258FF28A006DA301 /* OutlineFont.swift */,
				51C568CD258B028700AA7B93 /* OutlineTextDropDelegate.swift */,
				51C030BD257E1B9400609262 /* OutlineTextView.swift */,
				51C030AB257E0A7200609262 /* ReloadItemsOperation.swift */,
				5163ADF125C78CFB008F25CA /* SearchTextField.swift */,
				51DFDC17259EA8D300C068C6 /* Selector+.swift */,
				51AC0A8D25741CF5003A7532 /* StackedUndoManager.swift */,
				5163ADF425C79B69008F25CA /* String+.swift */,
				5169928925AE4F5C00760C9D /* UICollectionView+.swift */,
				514BB9E6255B609600C8DBDF /* UIStoryboard+.swift */,
				51B2B2D52563AB9F0090C56B /* UIView+.swift */,
				51692B0B25681AD3006B755F /* UIViewController+.swift */,
				51E14F372560738E00320EDB /* UpdateSelectionOperation.swift */,
				51E14F1A255F23C100320EDB /* ValidatingToolbarItem.swift */,
			);
			path = Utility;
			sourceTree = "<group>";
		};
		514F220B25C4CC42004E02CD /* Tag */ = {
			isa = PBXGroup;
			children = (
				514F221025C4CCE4004E02CD /* EditorTagContentConfiguration.swift */,
				514F221325C4CD00004E02CD /* EditorTagContentView.swift */,
				514F220C25C4CCA6004E02CD /* EditorTagViewCell.swift */,
				514F221A25C4D08D004E02CD /* EditorTagInputContentConfiguration.swift */,
				514F221D25C4D0A8004E02CD /* EditorTagInputContentView.swift */,
				514F222925C4FF02004E02CD /* EditorTagInputTextField.swift */,
				514F221725C4D076004E02CD /* EditorTagInputViewCell.swift */,
				5147D0BD25CCAFD2004673C3 /* EditorTagAddContentConfiguration.swift */,
				5147D0C025CCAFEA004673C3 /* EditorTagAddContentView.swift */,
				5147D0BA25CCAFC3004673C3 /* EditorTagAddViewCell.swift */,
			);
			path = Tag;
			sourceTree = "<group>";
		};
		515F163B255C536600FD98B8 /* Resources */ = {
			isa = PBXGroup;
			children = (
				510655C8258E906E000E7A53 /* file320x320.png */,
				510655CC258E912F000E7A53 /* file64x64.png */,
				510655D0258E91BA000E7A53 /* file44x58.png */,
				510655D4258E922A000E7A53 /* file22x29.png */,
				510655BE258E8DE1000E7A53 /* File.icns */,
				5181A96A2554D93B00C153E8 /* Zavala.entitlements */,
				5181A9452554D92100C153E8 /* Info.plist */,
				51CF10A72571BA66005D6D88 /* Localizable.strings */,
				51CF10AB2571BA9A005D6D88 /* Localizable.stringsdict */,
				5181A9402554D92100C153E8 /* Assets.xcassets */,
				51E060A525A4506300194066 /* org.sparkle-project.Downloader.xpc */,
				51E060A225A4506300194066 /* org.sparkle-project.InstallerConnection.xpc */,
				51E060A425A4506300194066 /* org.sparkle-project.InstallerLauncher.xpc */,
				51E060A325A4506300194066 /* org.sparkle-project.InstallerStatus.xpc */,
			);
			path = Resources;
			sourceTree = "<group>";
		};
		5181A92B2554D92000C153E8 = {
			isa = PBXGroup;
			children = (
				513F32A12594062C0003048F /* README.md */,
				5181A9362554D92000C153E8 /* Zavala */,
				51E060B025A4547400194066 /* SparklePlugin */,
				51C4C3CC2555F07A004E0206 /* Frameworks */,
				5181A9352554D92000C153E8 /* Products */,
				51C4C3AB2555E8EA004E0206 /* xcconfig */,
				51C4C3E025560E09004E0206 /* Templeton */,
			);
			sourceTree = "<group>";
		};
		5181A9352554D92000C153E8 /* Products */ = {
			isa = PBXGroup;
			children = (
				5181A9342554D92000C153E8 /* Zavala.app */,
				51E060AF25A4547400194066 /* SparklePlugin.bundle */,
			);
			name = Products;
			sourceTree = "<group>";
		};
		5181A9362554D92000C153E8 /* Zavala */ = {
			isa = PBXGroup;
			children = (
				5181A9422554D92100C153E8 /* LaunchScreen.storyboard */,
				5181A93D2554D92000C153E8 /* Main.storyboard */,
				51E14F22255F2D7F00320EDB /* ActivityManager.swift */,
				51F13EFD255E13A9004B85CA /* AppAssets.swift */,
				514BB9E0255B5A2B00C8DBDF /* AppDefaults.swift */,
				5181A9372554D92000C153E8 /* AppDelegate.swift */,
				51CF10C12571C22C005D6D88 /* L10n.swift */,
				5122294B25609C47008041AF /* UserInfoKeys.swift */,
				5181A9392554D92000C153E8 /* SceneDelegate.swift */,
				51C4C448255AA215004E0206 /* MainSplitViewController.swift */,
				51E14F282560727C00320EDB /* Sidebar */,
				51E14F292560728B00320EDB /* Timeline */,
				51E14F2A2560729900320EDB /* Editor */,
				51F13F01255E13D1004B85CA /* Dialogs */,
				514BB9D5255B595300C8DBDF /* Utility */,
				515F163B255C536600FD98B8 /* Resources */,
			);
			path = Zavala;
			sourceTree = "<group>";
		};
		51C03097257E02FF00609262 /* TextRow */ = {
			isa = PBXGroup;
			children = (
				51B2B2CD2563AAF60090C56B /* EditorTextRowContentConfiguration.swift */,
				51B2B2D12563AB190090C56B /* EditorTextRowContentView.swift */,
				51F2DC7A2586E101003BD5CE /* EditorTextRowNoteTextView.swift */,
				51D977F9257A2E4F00D98490 /* EditorTextRowPreviewParameters.swift */,
				51B2B2C72563A2180090C56B /* EditorTextRowTopicTextView.swift */,
				512229672563507E008041AF /* EditorTextRowViewCell.swift */,
			);
			path = TextRow;
			sourceTree = "<group>";
		};
		51C030A0257E06EC00609262 /* Title */ = {
			isa = PBXGroup;
			children = (
				51C030A1257E071300609262 /* EditorTitleContentConfiguration.swift */,
				51C030A5257E084E00609262 /* EditorTitleContentView.swift */,
				51C030B7257E198B00609262 /* EditorTitleTextView.swift */,
				51C030B3257E192100609262 /* EditorTitleViewCell.swift */,
			);
			path = Title;
			sourceTree = "<group>";
		};
		51C4C3AB2555E8EA004E0206 /* xcconfig */ = {
			isa = PBXGroup;
			children = (
				51C4C3AD2555E964004E0206 /* Zavala_ios_target_common.xcconfig */,
				51C4C3AF2555E964004E0206 /* Zavala_iOSapp_target.xcconfig */,
				51E060D425A45B3A00194066 /* Zavala_macos_target_common.xcconfig */,
				51C4C3AC2555E964004E0206 /* Zavala_project_debug.xcconfig */,
				51C4C3AE2555E964004E0206 /* Zavala_project_release.xcconfig */,
				51C4C3B02555E964004E0206 /* Zavala_project.xcconfig */,
				51E060C325A455B900194066 /* Zavala_sparkleplugin_target.xcconfig */,
				51E060D625A45B8500194066 /* Zavala_target_common.xcconfig */,
			);
			path = xcconfig;
			sourceTree = "<group>";
		};
		51C4C3CC2555F07A004E0206 /* Frameworks */ = {
			isa = PBXGroup;
			children = (
				51C4C3CD2555F07A004E0206 /* CloudKit.framework */,
			);
			name = Frameworks;
			sourceTree = "<group>";
		};
		51E060B025A4547400194066 /* SparklePlugin */ = {
			isa = PBXGroup;
			children = (
				51E060F225A4C13B00194066 /* BridgingHeader.h */,
				51E060F325A4C13B00194066 /* SparklePlugin.h */,
				51E060ED25A4B5E600194066 /* SparkleWrapper.swift */,
				51E060B125A4547400194066 /* Info.plist */,
			);
			path = SparklePlugin;
			sourceTree = "<group>";
		};
		51E14F282560727C00320EDB /* Sidebar */ = {
			isa = PBXGroup;
			children = (
				51E14F332560732F00320EDB /* SidebarItem.swift */,
				51E14F2D2560730000320EDB /* SidebarSection.swift */,
				5181A93B2554D92000C153E8 /* SidebarViewController.swift */,
				5147D0C425CCD6AA004673C3 /* SidebarViewController+Drop.swift */,
				51F2859D25AD12860019C573 /* Search */,
			);
			path = Sidebar;
			sourceTree = "<group>";
		};
		51E14F292560728B00320EDB /* Timeline */ = {
			isa = PBXGroup;
			children = (
				519F004A25608EF9009DC1F0 /* TimelineItem.swift */,
				51C4C441255A0DE1004E0206 /* TimelineViewController.swift */,
				5147D0B425CB95B4004673C3 /* TimelineViewController+Drag.swift */,
				5147D0B725CCAB2A004673C3 /* TimelineViewController+Drop.swift */,
			);
			path = Timeline;
			sourceTree = "<group>";
		};
		51E14F2A2560729900320EDB /* Editor */ = {
			isa = PBXGroup;
			children = (
				51C4C45A255ACA1B004E0206 /* EditorViewController.swift */,
				51D28D2B257730DB0039DDFC /* EditorViewController+Drag.swift */,
				51D28D31257731DC0039DDFC /* EditorViewController+Drop.swift */,
				51B9D51625A9080A00579D19 /* EditorViewDisclosureButton.swift */,
				514F220B25C4CC42004E02CD /* Tag */,
				51C03097257E02FF00609262 /* TextRow */,
				51C030A0257E06EC00609262 /* Title */,
			);
			path = Editor;
			sourceTree = "<group>";
		};
		51F13F01255E13D1004B85CA /* Dialogs */ = {
			isa = PBXGroup;
			children = (
				51278E76257F37AC0034F1CB /* Dialog.storyboard */,
				51C568D8258C1CD200AA7B93 /* LinkViewController.swift */,
			);
			path = Dialogs;
			sourceTree = "<group>";
		};
		51F2859D25AD12860019C573 /* Search */ = {
			isa = PBXGroup;
			children = (
				51F2859325AD11100019C573 /* SidebarSearchCell.swift */,
				51F2859625AD11DB0019C573 /* SidebarSearchContentConfiguration.swift */,
				51F2859A25AD12800019C573 /* SidebarSearchContentView.swift */,
			);
			path = Search;
			sourceTree = "<group>";
		};
/* End PBXGroup section */

/* Begin PBXNativeTarget section */
		5181A9332554D92000C153E8 /* Zavala */ = {
			isa = PBXNativeTarget;
			buildConfigurationList = 5181A95E2554D92100C153E8 /* Build configuration list for PBXNativeTarget "Zavala" */;
			buildPhases = (
				51CF10AF2571BB1E005D6D88 /* Run Swiftgen */,
				5181A9302554D92000C153E8 /* Sources */,
				5181A9312554D92000C153E8 /* Frameworks */,
				5181A9322554D92000C153E8 /* Resources */,
				51E0612C25A544AA00194066 /* Embed XPC Services */,
				51C4C3C22555EB4D004E0206 /* Run VerifyNoBuildSettings */,
				51C4C3F125565282004E0206 /* Embed Frameworks */,
				51E060D125A45AA800194066 /* Embed PlugIns */,
				51E0613325A5450400194066 /* Sign Sparkle XPC Services */,
			);
			buildRules = (
			);
			dependencies = (
				51E060D025A45AA800194066 /* PBXTargetDependency */,
			);
			name = Zavala;
			packageProductDependencies = (
				51C4C3F82557470B004E0206 /* Templeton */,
				51C4C40025576631004E0206 /* RSCore */,
				51B5861B256B245300ACF99B /* SWXMLHash */,
				51B4EBC6257C3CD100378CAB /* ZipArchive */,
				51C568D4258C085400AA7B93 /* MarkdownAttributedString */,
				514EF16225A78BCC00B1FFB6 /* CrashReporter */,
			);
			productName = Manhattan;
			productReference = 5181A9342554D92000C153E8 /* Zavala.app */;
			productType = "com.apple.product-type.application";
		};
		51E060AE25A4547400194066 /* SparklePlugin */ = {
			isa = PBXNativeTarget;
			buildConfigurationList = 51E060B225A4547400194066 /* Build configuration list for PBXNativeTarget "SparklePlugin" */;
			buildPhases = (
				51E060AB25A4547400194066 /* Sources */,
				51E060AC25A4547400194066 /* Frameworks */,
				51E060AD25A4547400194066 /* Resources */,
			);
			buildRules = (
			);
			dependencies = (
			);
			name = SparklePlugin;
			packageProductDependencies = (
				51E060C025A454B900194066 /* RSSparkle */,
			);
			productName = SparklePlugin;
			productReference = 51E060AF25A4547400194066 /* SparklePlugin.bundle */;
			productType = "com.apple.product-type.bundle";
		};
/* End PBXNativeTarget section */

/* Begin PBXProject section */
		5181A92C2554D92000C153E8 /* Project object */ = {
			isa = PBXProject;
			attributes = {
				LastSwiftUpdateCheck = 1220;
				LastUpgradeCheck = 1220;
				TargetAttributes = {
					5181A9332554D92000C153E8 = {
						CreatedOnToolsVersion = 12.2;
					};
					51E060AE25A4547400194066 = {
						CreatedOnToolsVersion = 12.3;
						LastSwiftMigration = 1230;
					};
				};
			};
			buildConfigurationList = 5181A92F2554D92000C153E8 /* Build configuration list for PBXProject "Zavala" */;
			compatibilityVersion = "Xcode 9.3";
			developmentRegion = en;
			hasScannedForEncodings = 0;
			knownRegions = (
				en,
				Base,
			);
			mainGroup = 5181A92B2554D92000C153E8;
			packageReferences = (
				51C4C3ED25565281004E0206 /* XCRemoteSwiftPackageReference "RSCore" */,
				51B5861A256B245300ACF99B /* XCRemoteSwiftPackageReference "SWXMLHash" */,
				51B4EBC5257C3CD100378CAB /* XCRemoteSwiftPackageReference "ZipArchive" */,
				51C568D3258C085400AA7B93 /* XCRemoteSwiftPackageReference "MarkdownAttributedString" */,
				51E060AA25A4516100194066 /* XCRemoteSwiftPackageReference "Sparkle-Binary" */,
				514EF16125A78BCC00B1FFB6 /* XCRemoteSwiftPackageReference "plcrashreporter" */,
			);
			productRefGroup = 5181A9352554D92000C153E8 /* Products */;
			projectDirPath = "";
			projectRoot = "";
			targets = (
				5181A9332554D92000C153E8 /* Zavala */,
				51E060AE25A4547400194066 /* SparklePlugin */,
			);
		};
/* End PBXProject section */

/* Begin PBXResourcesBuildPhase section */
		5181A9322554D92000C153E8 /* Resources */ = {
			isa = PBXResourcesBuildPhase;
			buildActionMask = 2147483647;
			files = (
				51CF10A82571BA66005D6D88 /* Localizable.strings in Resources */,
				510655BF258E8DE1000E7A53 /* File.icns in Resources */,
				5181A9442554D92100C153E8 /* LaunchScreen.storyboard in Resources */,
				510655D1258E91BA000E7A53 /* file44x58.png in Resources */,
				510655D5258E922A000E7A53 /* file22x29.png in Resources */,
				5181A9412554D92100C153E8 /* Assets.xcassets in Resources */,
				510655C9258E906E000E7A53 /* file320x320.png in Resources */,
				5181A93F2554D92000C153E8 /* Main.storyboard in Resources */,
				51278E77257F37AC0034F1CB /* Dialog.storyboard in Resources */,
				51CF10AC2571BA9A005D6D88 /* Localizable.stringsdict in Resources */,
				510655CD258E912F000E7A53 /* file64x64.png in Resources */,
			);
			runOnlyForDeploymentPostprocessing = 0;
		};
		51E060AD25A4547400194066 /* Resources */ = {
			isa = PBXResourcesBuildPhase;
			buildActionMask = 2147483647;
			files = (
			);
			runOnlyForDeploymentPostprocessing = 0;
		};
/* End PBXResourcesBuildPhase section */

/* Begin PBXShellScriptBuildPhase section */
		51C4C3C22555EB4D004E0206 /* Run VerifyNoBuildSettings */ = {
			isa = PBXShellScriptBuildPhase;
			buildActionMask = 2147483647;
			files = (
			);
			inputFileListPaths = (
			);
			inputPaths = (
			);
			name = "Run VerifyNoBuildSettings";
			outputFileListPaths = (
			);
			outputPaths = (
			);
			runOnlyForDeploymentPostprocessing = 0;
			shellPath = /bin/sh;
			shellScript = "xcrun -sdk macosx swiftc -target x86_64-macosx10.11  tools/VerifyNoBuildSettings.swift -o $CONFIGURATION_TEMP_DIR/VerifyNoBS\n$CONFIGURATION_TEMP_DIR/VerifyNoBS ${PROJECT_NAME}.xcodeproj/project.pbxproj\n\n\nif [ $? -ne 0 ]\nthen\n   echo \"error: Build Setting were found in the project.pbxproj file.  Most likely you didn't intend to change this file and should revert it.\"\n   exit 1\nfi\n";
		};
		51CF10AF2571BB1E005D6D88 /* Run Swiftgen */ = {
			isa = PBXShellScriptBuildPhase;
			buildActionMask = 2147483647;
			files = (
			);
			inputFileListPaths = (
			);
			inputPaths = (
			);
			name = "Run Swiftgen";
			outputFileListPaths = (
			);
			outputPaths = (
			);
			runOnlyForDeploymentPostprocessing = 0;
			shellPath = /bin/sh;
			shellScript = "if ! command -v \"$PROJECT_DIR/tools/swiftgen-6.4.0/bin/swiftgen\" &> /dev/null\nthen\n    echo \"swiftgen could not be found\"\n    exit\nfi\n\n\"$PROJECT_DIR/tools/swiftgen-6.4.0/bin/swiftgen\" run strings -t structured-swift5 \"$PROJECT_DIR/Zavala/Resources/Localizable.strings\" \"$PROJECT_DIR/Zavala/Resources/Localizable.stringsdict\" --output \"$PROJECT_DIR/Zavala/L10n.swift\";\n\n\"$PROJECT_DIR/tools/swiftgen-6.4.0/bin/swiftgen\" run strings -t structured-swift5 \"$PROJECT_DIR/Templeton/Sources/Templeton/Localizable.strings\" --output \"$PROJECT_DIR/Templeton/Sources/Templeton/L10n.swift\";\n";
		};
		51E0613325A5450400194066 /* Sign Sparkle XPC Services */ = {
			isa = PBXShellScriptBuildPhase;
			buildActionMask = 2147483647;
			files = (
			);
			inputFileListPaths = (
			);
			inputPaths = (
			);
			name = "Sign Sparkle XPC Services";
			outputFileListPaths = (
			);
			outputPaths = (
			);
			runOnlyForDeploymentPostprocessing = 0;
			shellPath = /bin/zsh;
			shellScript = "if [ $CONFIGURATION = \"Release\" ] && [ \"${IS_MACCATALYST}\" = \"YES\" ]; then\n\tcodesign --verbose --force -o runtime --preserve-metadata=entitlements --sign \"${EXPANDED_CODE_SIGN_IDENTITY}\" \"${CODESIGNING_FOLDER_PATH}/Contents/XPCServices/org.sparkle-project.InstallerLauncher.xpc/Contents/MacOS/Updater.app\"\n\tcodesign --verbose --force -o runtime --preserve-metadata=entitlements --sign \"${EXPANDED_CODE_SIGN_IDENTITY}\" \"${CODESIGNING_FOLDER_PATH}/Contents/XPCServices/org.sparkle-project.InstallerLauncher.xpc/Contents/MacOS/Autoupdate\" \"${CODESIGNING_FOLDER_PATH}/Contents/XPCServices/org.sparkle-project.Downloader.xpc\"\n\tcodesign --verbose --force -o runtime --preserve-metadata=entitlements --sign \"${EXPANDED_CODE_SIGN_IDENTITY}\" \"${CODESIGNING_FOLDER_PATH}/Contents/XPCServices/org.sparkle-project.InstallerLauncher.xpc\"\n\tcodesign --verbose --force -o runtime --preserve-metadata=entitlements --sign \"${EXPANDED_CODE_SIGN_IDENTITY}\" \"${CODESIGNING_FOLDER_PATH}/Contents/XPCServices/org.sparkle-project.InstallerConnection.xpc\"\n\tcodesign --verbose --force -o runtime --preserve-metadata=entitlements --sign \"${EXPANDED_CODE_SIGN_IDENTITY}\" \"${CODESIGNING_FOLDER_PATH}/Contents/XPCServices/org.sparkle-project.InstallerStatus.xpc\"\nfi\n";
		};
/* End PBXShellScriptBuildPhase section */

/* Begin PBXSourcesBuildPhase section */
		5181A9302554D92000C153E8 /* Sources */ = {
			isa = PBXSourcesBuildPhase;
			buildActionMask = 2147483647;
			files = (
				51AE5482258FF35F006DA301 /* NSMutableAttributedString+.swift in Sources */,
				51C030A2257E071300609262 /* EditorTitleContentConfiguration.swift in Sources */,
				51DA54C825643E3400732942 /* MainThreadOperationBase.swift in Sources */,
				51CF10C22571C22C005D6D88 /* L10n.swift in Sources */,
				51E14F2E2560730000320EDB /* SidebarSection.swift in Sources */,
				5147D0AD25CB6F2D004673C3 /* KeyboardTableView.swift in Sources */,
				5147D0B825CCAB2A004673C3 /* TimelineViewController+Drop.swift in Sources */,
				51C030AC257E0A7200609262 /* ReloadItemsOperation.swift in Sources */,
				514F222A25C4FF02004E02CD /* EditorTagInputTextField.swift in Sources */,
				5122294C25609C47008041AF /* UserInfoKeys.swift in Sources */,
				5147D0B525CB95B4004673C3 /* TimelineViewController+Drag.swift in Sources */,
				51D977FA257A2E4F00D98490 /* EditorTextRowPreviewParameters.swift in Sources */,
				51F2859B25AD12800019C573 /* SidebarSearchContentView.swift in Sources */,
				51C030B8257E198B00609262 /* EditorTitleTextView.swift in Sources */,
				51AE547E258FF28A006DA301 /* OutlineFont.swift in Sources */,
				51F13EFE255E13A9004B85CA /* AppAssets.swift in Sources */,
				5147D0BE25CCAFD2004673C3 /* EditorTagAddContentConfiguration.swift in Sources */,
				51F2859425AD11100019C573 /* SidebarSearchCell.swift in Sources */,
				51DFDC18259EA8D300C068C6 /* Selector+.swift in Sources */,
				515F164B255C9F8E00FD98B8 /* FormViewController.swift in Sources */,
				51F2DC7B2586E101003BD5CE /* EditorTextRowNoteTextView.swift in Sources */,
				514F221425C4CD00004E02CD /* EditorTagContentView.swift in Sources */,
				51C568D9258C1CD200AA7B93 /* LinkViewController.swift in Sources */,
				51C568CE258B028700AA7B93 /* OutlineTextDropDelegate.swift in Sources */,
				51692B0C25681AD3006B755F /* UIViewController+.swift in Sources */,
				51C4C449255AA215004E0206 /* MainSplitViewController.swift in Sources */,
				51AC0A8E25741CF5003A7532 /* StackedUndoManager.swift in Sources */,
				5169928A25AE4F5C00760C9D /* UICollectionView+.swift in Sources */,
				51B9D51725A9080A00579D19 /* EditorViewDisclosureButton.swift in Sources */,
				514EF15F25A78A8C00B1FFB6 /* CrashReporter.swift in Sources */,
				514F221825C4D076004E02CD /* EditorTagInputViewCell.swift in Sources */,
				5147D0BB25CCAFC3004673C3 /* EditorTagAddViewCell.swift in Sources */,
				514F221125C4CCE4004E02CD /* EditorTagContentConfiguration.swift in Sources */,
				5147D0C825CE28AE004673C3 /* NSDataDetector+.swift in Sources */,
				51F2859725AD11DB0019C573 /* SidebarSearchContentConfiguration.swift in Sources */,
				51E14F342560732F00320EDB /* SidebarItem.swift in Sources */,
				5181A93C2554D92000C153E8 /* SidebarViewController.swift in Sources */,
				51E14F382560738E00320EDB /* UpdateSelectionOperation.swift in Sources */,
				519F004B25608EF9009DC1F0 /* TimelineItem.swift in Sources */,
				51B2B2CE2563AAF60090C56B /* EditorTextRowContentConfiguration.swift in Sources */,
				51C030BE257E1B9400609262 /* OutlineTextView.swift in Sources */,
				514F221B25C4D08D004E02CD /* EditorTagInputContentConfiguration.swift in Sources */,
				51C4C442255A0DE1004E0206 /* TimelineViewController.swift in Sources */,
				5181A9382554D92000C153E8 /* AppDelegate.swift in Sources */,
				514BB9E7255B609600C8DBDF /* UIStoryboard+.swift in Sources */,
				51D28D2C257730DB0039DDFC /* EditorViewController+Drag.swift in Sources */,
				51C030B4257E192100609262 /* EditorTitleViewCell.swift in Sources */,
				51E14F3C256073D100320EDB /* ApplySnapshotOperation.swift in Sources */,
				512229682563507E008041AF /* EditorTextRowViewCell.swift in Sources */,
				51E14F1B255F23C100320EDB /* ValidatingToolbarItem.swift in Sources */,
				51E14F23255F2D7F00320EDB /* ActivityManager.swift in Sources */,
				5181A93A2554D92000C153E8 /* SceneDelegate.swift in Sources */,
				51B2B2D22563AB190090C56B /* EditorTextRowContentView.swift in Sources */,
				51D28D32257731DC0039DDFC /* EditorViewController+Drop.swift in Sources */,
				51B2B2D62563AB9F0090C56B /* UIView+.swift in Sources */,
				514BB9E1255B5A2B00C8DBDF /* AppDefaults.swift in Sources */,
				51C030A6257E084E00609262 /* EditorTitleContentView.swift in Sources */,
				514F221E25C4D0A8004E02CD /* EditorTagInputContentView.swift in Sources */,
				5163ADF225C78CFB008F25CA /* SearchTextField.swift in Sources */,
				5147D0C125CCAFEA004673C3 /* EditorTagAddContentView.swift in Sources */,
				51B2B2C82563A2180090C56B /* EditorTextRowTopicTextView.swift in Sources */,
				518F2E38257AEA4C00D05D99 /* ConsistentCollectionViewListCell.swift in Sources */,
				5147D0C525CCD6AA004673C3 /* SidebarViewController+Drop.swift in Sources */,
				5163ADF525C79B69008F25CA /* String+.swift in Sources */,
				51C4C45B255ACA1B004E0206 /* EditorViewController.swift in Sources */,
				514F220D25C4CCA7004E02CD /* EditorTagViewCell.swift in Sources */,
			);
			runOnlyForDeploymentPostprocessing = 0;
		};
		51E060AB25A4547400194066 /* Sources */ = {
			isa = PBXSourcesBuildPhase;
			buildActionMask = 2147483647;
			files = (
				51E060EE25A4B5E600194066 /* SparkleWrapper.swift in Sources */,
			);
			runOnlyForDeploymentPostprocessing = 0;
		};
/* End PBXSourcesBuildPhase section */

/* Begin PBXTargetDependency section */
		51E060D025A45AA800194066 /* PBXTargetDependency */ = {
			isa = PBXTargetDependency;
			platformFilter = maccatalyst;
			target = 51E060AE25A4547400194066 /* SparklePlugin */;
			targetProxy = 51E060CF25A45AA800194066 /* PBXContainerItemProxy */;
		};
/* End PBXTargetDependency section */

/* Begin PBXVariantGroup section */
		5181A93D2554D92000C153E8 /* Main.storyboard */ = {
			isa = PBXVariantGroup;
			children = (
				5181A93E2554D92000C153E8 /* Base */,
			);
			name = Main.storyboard;
			sourceTree = "<group>";
		};
		5181A9422554D92100C153E8 /* LaunchScreen.storyboard */ = {
			isa = PBXVariantGroup;
			children = (
				5181A9432554D92100C153E8 /* Base */,
			);
			name = LaunchScreen.storyboard;
			sourceTree = "<group>";
		};
/* End PBXVariantGroup section */

/* Begin XCBuildConfiguration section */
		5181A95C2554D92100C153E8 /* Debug */ = {
			isa = XCBuildConfiguration;
			baseConfigurationReference = 51C4C3AC2555E964004E0206 /* Zavala_project_debug.xcconfig */;
			buildSettings = {
			};
			name = Debug;
		};
		5181A95D2554D92100C153E8 /* Release */ = {
			isa = XCBuildConfiguration;
			baseConfigurationReference = 51C4C3AE2555E964004E0206 /* Zavala_project_release.xcconfig */;
			buildSettings = {
			};
			name = Release;
		};
		5181A95F2554D92100C153E8 /* Debug */ = {
			isa = XCBuildConfiguration;
			baseConfigurationReference = 51C4C3AF2555E964004E0206 /* Zavala_iOSapp_target.xcconfig */;
			buildSettings = {
			};
			name = Debug;
		};
		5181A9602554D92100C153E8 /* Release */ = {
			isa = XCBuildConfiguration;
			baseConfigurationReference = 51C4C3AF2555E964004E0206 /* Zavala_iOSapp_target.xcconfig */;
			buildSettings = {
			};
			name = Release;
		};
		51E060B325A4547400194066 /* Debug */ = {
			isa = XCBuildConfiguration;
			baseConfigurationReference = 51E060C325A455B900194066 /* Zavala_sparkleplugin_target.xcconfig */;
			buildSettings = {
			};
			name = Debug;
		};
		51E060B425A4547400194066 /* Release */ = {
			isa = XCBuildConfiguration;
			baseConfigurationReference = 51E060C325A455B900194066 /* Zavala_sparkleplugin_target.xcconfig */;
			buildSettings = {
			};
			name = Release;
		};
/* End XCBuildConfiguration section */

/* Begin XCConfigurationList section */
		5181A92F2554D92000C153E8 /* Build configuration list for PBXProject "Zavala" */ = {
			isa = XCConfigurationList;
			buildConfigurations = (
				5181A95C2554D92100C153E8 /* Debug */,
				5181A95D2554D92100C153E8 /* Release */,
			);
			defaultConfigurationIsVisible = 0;
			defaultConfigurationName = Release;
		};
		5181A95E2554D92100C153E8 /* Build configuration list for PBXNativeTarget "Zavala" */ = {
			isa = XCConfigurationList;
			buildConfigurations = (
				5181A95F2554D92100C153E8 /* Debug */,
				5181A9602554D92100C153E8 /* Release */,
			);
			defaultConfigurationIsVisible = 0;
			defaultConfigurationName = Release;
		};
		51E060B225A4547400194066 /* Build configuration list for PBXNativeTarget "SparklePlugin" */ = {
			isa = XCConfigurationList;
			buildConfigurations = (
				51E060B325A4547400194066 /* Debug */,
				51E060B425A4547400194066 /* Release */,
			);
			defaultConfigurationIsVisible = 0;
			defaultConfigurationName = Release;
		};
/* End XCConfigurationList section */

/* Begin XCRemoteSwiftPackageReference section */
		514EF16125A78BCC00B1FFB6 /* XCRemoteSwiftPackageReference "plcrashreporter" */ = {
			isa = XCRemoteSwiftPackageReference;
			repositoryURL = "https://github.com/microsoft/plcrashreporter.git";
			requirement = {
				kind = upToNextMajorVersion;
				minimumVersion = 1.8.1;
			};
		};
		51B4EBC5257C3CD100378CAB /* XCRemoteSwiftPackageReference "ZipArchive" */ = {
			isa = XCRemoteSwiftPackageReference;
			repositoryURL = "https://github.com/vincode-io/ZipArchive.git";
			requirement = {
				branch = master;
				kind = branch;
			};
		};
		51B5861A256B245300ACF99B /* XCRemoteSwiftPackageReference "SWXMLHash" */ = {
			isa = XCRemoteSwiftPackageReference;
			repositoryURL = "https://github.com/drmohundro/SWXMLHash.git";
			requirement = {
				kind = upToNextMajorVersion;
				minimumVersion = 5.0.1;
			};
		};
		51C4C3ED25565281004E0206 /* XCRemoteSwiftPackageReference "RSCore" */ = {
			isa = XCRemoteSwiftPackageReference;
			repositoryURL = "https://github.com/Ranchero-Software/RSCore.git";
			requirement = {
				branch = main;
				kind = branch;
			};
		};
		51C568D3258C085400AA7B93 /* XCRemoteSwiftPackageReference "MarkdownAttributedString" */ = {
			isa = XCRemoteSwiftPackageReference;
			repositoryURL = "https://github.com/vincode-io/MarkdownAttributedString.git";
			requirement = {
				branch = master;
				kind = branch;
			};
		};
		51E060AA25A4516100194066 /* XCRemoteSwiftPackageReference "Sparkle-Binary" */ = {
			isa = XCRemoteSwiftPackageReference;
			repositoryURL = "https://github.com/vincode-io/Sparkle-Binary.git";
			requirement = {
				branch = main;
				kind = branch;
			};
		};
/* End XCRemoteSwiftPackageReference section */

/* Begin XCSwiftPackageProductDependency section */
		514EF16225A78BCC00B1FFB6 /* CrashReporter */ = {
			isa = XCSwiftPackageProductDependency;
			package = 514EF16125A78BCC00B1FFB6 /* XCRemoteSwiftPackageReference "plcrashreporter" */;
			productName = CrashReporter;
		};
		51B4EBC6257C3CD100378CAB /* ZipArchive */ = {
			isa = XCSwiftPackageProductDependency;
			package = 51B4EBC5257C3CD100378CAB /* XCRemoteSwiftPackageReference "ZipArchive" */;
			productName = ZipArchive;
		};
		51B5861B256B245300ACF99B /* SWXMLHash */ = {
			isa = XCSwiftPackageProductDependency;
			package = 51B5861A256B245300ACF99B /* XCRemoteSwiftPackageReference "SWXMLHash" */;
			productName = SWXMLHash;
		};
		51C4C3F82557470B004E0206 /* Templeton */ = {
			isa = XCSwiftPackageProductDependency;
			productName = Templeton;
		};
		51C4C40025576631004E0206 /* RSCore */ = {
			isa = XCSwiftPackageProductDependency;
			package = 51C4C3ED25565281004E0206 /* XCRemoteSwiftPackageReference "RSCore" */;
			productName = RSCore;
		};
		51C568D4258C085400AA7B93 /* MarkdownAttributedString */ = {
			isa = XCSwiftPackageProductDependency;
			package = 51C568D3258C085400AA7B93 /* XCRemoteSwiftPackageReference "MarkdownAttributedString" */;
			productName = MarkdownAttributedString;
		};
		51E060C025A454B900194066 /* RSSparkle */ = {
			isa = XCSwiftPackageProductDependency;
			package = 51E060AA25A4516100194066 /* XCRemoteSwiftPackageReference "Sparkle-Binary" */;
			productName = RSSparkle;
		};
/* End XCSwiftPackageProductDependency section */
	};
	rootObject = 5181A92C2554D92000C153E8 /* Project object */;
}
