// !$*UTF8*$!
{
	archiveVersion = 1;
	classes = {
	};
	objectVersion = 71;
	objects = {

/* Begin PBXBuildFile section */
		5125D01A26BE181500703DA4 /* SpotlightIndexExtension.appex in Embed PlugIns */ = {isa = PBXBuildFile; fileRef = 515D452026BB553600228229 /* SpotlightIndexExtension.appex */; settings = {ATTRIBUTES = (RemoveHeadersOnCopy, ); }; };
		5126E7572AEF484000015491 /* VinOutlineKit in Frameworks */ = {isa = PBXBuildFile; productRef = 5126E7562AEF484000015491 /* VinOutlineKit */; };
		512E3D9330241EA00028D3F6 /* ShareExtension.appex in Embed PlugIns */ = {isa = PBXBuildFile; fileRef = 512E3D8930241EA00028D3F6 /* ShareExtension.appex */; settings = {ATTRIBUTES = (RemoveHeadersOnCopy, ); }; };
		51408FFC2AEF44DC006AEE75 /* VinOutlineKit in Frameworks */ = {isa = PBXBuildFile; productRef = 51408FFB2AEF44DC006AEE75 /* VinOutlineKit */; };
		51E060CE25A45AA800194066 /* AppKitPlugin.bundle in Embed PlugIns */ = {isa = PBXBuildFile; fileRef = 51E060AF25A4547400194066 /* AppKitPlugin.bundle */; platformFilter = maccatalyst; settings = {ATTRIBUTES = (CodeSignOnCopy, RemoveHeadersOnCopy, ); }; };
/* End PBXBuildFile section */

/* Begin PBXContainerItemProxy section */
		512E3D9130241EA00028D3F6 /* PBXContainerItemProxy */ = {
			isa = PBXContainerItemProxy;
			containerPortal = 5181A92C2554D92000C153E8 /* Project object */;
			proxyType = 1;
			remoteGlobalIDString = 512E3D8830241EA00028D3F6;
			remoteInfo = ShareExtension;
		};
		515D452526BB553600228229 /* PBXContainerItemProxy */ = {
			isa = PBXContainerItemProxy;
			containerPortal = 5181A92C2554D92000C153E8 /* Project object */;
			proxyType = 1;
			remoteGlobalIDString = 515D451F26BB553600228229;
			remoteInfo = SpotlightIndexExtension;
		};
		51E060CF25A45AA800194066 /* PBXContainerItemProxy */ = {
			isa = PBXContainerItemProxy;
			containerPortal = 5181A92C2554D92000C153E8 /* Project object */;
			proxyType = 1;
			remoteGlobalIDString = 51E060AE25A4547400194066;
			remoteInfo = SparklePlugin;
		};
/* End PBXContainerItemProxy section */

/* Begin PBXCopyFilesBuildPhase section */
		51C4C3F125565282004E0206 /* Embed Frameworks */ = {
			isa = PBXCopyFilesBuildPhase;
			buildActionMask = 2147483647;
			dstPath = "";
			dstSubfolderSpec = 10;
			files = (
			);
			name = "Embed Frameworks";
			runOnlyForDeploymentPostprocessing = 0;
		};
		51E060D125A45AA800194066 /* Embed PlugIns */ = {
			isa = PBXCopyFilesBuildPhase;
			buildActionMask = 2147483647;
			dstPath = "";
			dstSubfolderSpec = 13;
			files = (
				512E3D9330241EA00028D3F6 /* ShareExtension.appex in Embed PlugIns */,
				5125D01A26BE181500703DA4 /* SpotlightIndexExtension.appex in Embed PlugIns */,
				51E060CE25A45AA800194066 /* AppKitPlugin.bundle in Embed PlugIns */,
			);
			name = "Embed PlugIns";
			runOnlyForDeploymentPostprocessing = 0;
		};
/* End PBXCopyFilesBuildPhase section */

/* Begin PBXFileReference section */
		511EC2BA2B3F5727002D89A5 /* SwiftUI.framework */ = {isa = PBXFileReference; lastKnownFileType = wrapper.framework; name = SwiftUI.framework; path = System/Library/Frameworks/SwiftUI.framework; sourceTree = SDKROOT; };
		512E3D8930241EA00028D3F6 /* ShareExtension.appex */ = {isa = PBXFileReference; explicitFileType = "wrapper.app-extension"; includeInIndex = 0; path = ShareExtension.appex; sourceTree = BUILT_PRODUCTS_DIR; };
		513F32A12594062C0003048F /* README.md */ = {isa = PBXFileReference; lastKnownFileType = net.daringfireball.markdown; path = README.md; sourceTree = "<group>"; };
		51408FF42AEF41C8006AEE75 /* VinOutlineKit */ = {isa = PBXFileReference; lastKnownFileType = wrapper; path = VinOutlineKit; sourceTree = "<group>"; };
		5144A19F2E4C3833008C62B0 /* LICENSE.md */ = {isa = PBXFileReference; lastKnownFileType = net.daringfireball.markdown; path = LICENSE.md; sourceTree = "<group>"; };
		5158D3BE30626E9300141153 /* Zavala.xctestplan */ = {isa = PBXFileReference; lastKnownFileType = text; path = Zavala.xctestplan; sourceTree = "<group>"; };
		515D452026BB553600228229 /* SpotlightIndexExtension.appex */ = {isa = PBXFileReference; explicitFileType = "wrapper.app-extension"; includeInIndex = 0; path = SpotlightIndexExtension.appex; sourceTree = BUILT_PRODUCTS_DIR; };
		5181A9342554D92000C153E8 /* Zavala.app */ = {isa = PBXFileReference; explicitFileType = wrapper.application; includeInIndex = 0; path = Zavala.app; sourceTree = BUILT_PRODUCTS_DIR; };
		51BC6B892F54AB2200985B26 /* VinMarkdown */ = {isa = PBXFileReference; lastKnownFileType = wrapper; path = VinMarkdown; sourceTree = "<group>"; };
		51E060AF25A4547400194066 /* AppKitPlugin.bundle */ = {isa = PBXFileReference; explicitFileType = wrapper.cfbundle; includeInIndex = 0; path = AppKitPlugin.bundle; sourceTree = BUILT_PRODUCTS_DIR; };
/* End PBXFileReference section */

/* Begin PBXFileSystemSynchronizedBuildFileExceptionSet section */
		5158D21B30626BD500141153 /* PBXFileSystemSynchronizedBuildFileExceptionSet */ = {
			isa = PBXFileSystemSynchronizedBuildFileExceptionSet;
			membershipExceptions = (
				Resources/Info.plist,
			);
			target = 51E060AE25A4547400194066 /* AppKitPlugin */;
		};
		5158D22330626BE700141153 /* PBXFileSystemSynchronizedBuildFileExceptionSet */ = {
			isa = PBXFileSystemSynchronizedBuildFileExceptionSet;
			membershipExceptions = (
				IndexRequestHandler.swift,
				InfoPlist.xcstrings,
			);
			target = 515D451F26BB553600228229 /* SpotlightIndexExtension */;
		};
		5158D22E30626BEC00141153 /* PBXFileSystemSynchronizedBuildFileExceptionSet */ = {
			isa = PBXFileSystemSynchronizedBuildFileExceptionSet;
			membershipExceptions = (
				Info.plist,
			);
			target = 512E3D8830241EA00028D3F6 /* ShareExtension */;
		};
		5158D23B30626BF000141153 /* PBXFileSystemSynchronizedBuildFileExceptionSet */ = {
			isa = PBXFileSystemSynchronizedBuildFileExceptionSet;
			membershipExceptions = (
				WebImportQueue.swift,
			);
			target = 515D451F26BB553600228229 /* SpotlightIndexExtension */;
		};
		5158D23C30626BF000141153 /* PBXFileSystemSynchronizedBuildFileExceptionSet */ = {
			isa = PBXFileSystemSynchronizedBuildFileExceptionSet;
			membershipExceptions = (
				WebImportQueue.swift,
			);
			target = 512E3D8830241EA00028D3F6 /* ShareExtension */;
		};
		5158D3BD30626E7000141153 /* PBXFileSystemSynchronizedBuildFileExceptionSet */ = {
			isa = PBXFileSystemSynchronizedBuildFileExceptionSet;
			membershipExceptions = (
				Resources/Info.plist,
				Resources/PrivacyInfo.xcprivacy,
			);
			target = 5181A9332554D92000C153E8 /* Zavala */;
		};
/* End PBXFileSystemSynchronizedBuildFileExceptionSet section */

/* Begin PBXFileSystemSynchronizedRootGroup section */
		5158D21430626BD400141153 /* AppKitPlugin */ = {isa = PBXFileSystemSynchronizedRootGroup; exceptions = (5158D21B30626BD500141153 /* PBXFileSystemSynchronizedBuildFileExceptionSet */, ); explicitFileTypes = {}; explicitFolders = (); path = AppKitPlugin; sourceTree = "<group>"; };
		5158D22030626BE600141153 /* SpotlightIndexExtension */ = {isa = PBXFileSystemSynchronizedRootGroup; exceptions = (5158D22330626BE700141153 /* PBXFileSystemSynchronizedBuildFileExceptionSet */, ); explicitFileTypes = {}; explicitFolders = (); path = SpotlightIndexExtension; sourceTree = "<group>"; };
		5158D22930626BEB00141153 /* ShareExtension */ = {isa = PBXFileSystemSynchronizedRootGroup; exceptions = (5158D22E30626BEC00141153 /* PBXFileSystemSynchronizedBuildFileExceptionSet */, ); explicitFileTypes = {}; explicitFolders = (); path = ShareExtension; sourceTree = "<group>"; };
		5158D23330626BEF00141153 /* Shared */ = {isa = PBXFileSystemSynchronizedRootGroup; exceptions = (5158D23B30626BF000141153 /* PBXFileSystemSynchronizedBuildFileExceptionSet */, 5158D23C30626BF000141153 /* PBXFileSystemSynchronizedBuildFileExceptionSet */, ); explicitFileTypes = {}; explicitFolders = (); path = Shared; sourceTree = "<group>"; };
		5158D24730626C1500141153 /* xcconfig */ = {isa = PBXFileSystemSynchronizedRootGroup; explicitFileTypes = {}; explicitFolders = (); path = xcconfig; sourceTree = "<group>"; };
		5158D31530626E6F00141153 /* Zavala */ = {isa = PBXFileSystemSynchronizedRootGroup; exceptions = (5158D3BD30626E7000141153 /* PBXFileSystemSynchronizedBuildFileExceptionSet */, ); explicitFileTypes = {}; explicitFolders = (); path = Zavala; sourceTree = "<group>"; };
/* End PBXFileSystemSynchronizedRootGroup section */

/* Begin PBXFrameworksBuildPhase section */
		512E3D8630241EA00028D3F6 /* Frameworks */ = {
			isa = PBXFrameworksBuildPhase;
			buildActionMask = 2147483647;
			files = (
			);
			runOnlyForDeploymentPostprocessing = 0;
		};
		515D451D26BB553600228229 /* Frameworks */ = {
			isa = PBXFrameworksBuildPhase;
			buildActionMask = 2147483647;
			files = (
				51408FFC2AEF44DC006AEE75 /* VinOutlineKit in Frameworks */,
			);
			runOnlyForDeploymentPostprocessing = 0;
		};
		5181A9312554D92000C153E8 /* Frameworks */ = {
			isa = PBXFrameworksBuildPhase;
			buildActionMask = 2147483647;
			files = (
				5126E7572AEF484000015491 /* VinOutlineKit in Frameworks */,
			);
			runOnlyForDeploymentPostprocessing = 0;
		};
		51E060AC25A4547400194066 /* Frameworks */ = {
			isa = PBXFrameworksBuildPhase;
			buildActionMask = 2147483647;
			files = (
			);
			runOnlyForDeploymentPostprocessing = 0;
		};
/* End PBXFrameworksBuildPhase section */

/* Begin PBXGroup section */
		5181A92B2554D92000C153E8 = {
			isa = PBXGroup;
			children = (
				5158D3BE30626E9300141153 /* Zavala.xctestplan */,
				513F32A12594062C0003048F /* README.md */,
				5144A19F2E4C3833008C62B0 /* LICENSE.md */,
				5158D31530626E6F00141153 /* Zavala */,
				5158D21430626BD400141153 /* AppKitPlugin */,
				5158D22030626BE600141153 /* SpotlightIndexExtension */,
				5158D22930626BEB00141153 /* ShareExtension */,
				5158D23330626BEF00141153 /* Shared */,
				5158D24730626C1500141153 /* xcconfig */,
				51C4C3CC2555F07A004E0206 /* Frameworks */,
				5181A9352554D92000C153E8 /* Products */,
				51BC6B892F54AB2200985B26 /* VinMarkdown */,
				51408FF42AEF41C8006AEE75 /* VinOutlineKit */,
			);
			sourceTree = "<group>";
			usesTabs = 1;
		};
		5181A9352554D92000C153E8 /* Products */ = {
			isa = PBXGroup;
			children = (
				5181A9342554D92000C153E8 /* Zavala.app */,
				51E060AF25A4547400194066 /* AppKitPlugin.bundle */,
				515D452026BB553600228229 /* SpotlightIndexExtension.appex */,
				512E3D8930241EA00028D3F6 /* ShareExtension.appex */,
			);
			name = Products;
			sourceTree = "<group>";
		};
		51C4C3CC2555F07A004E0206 /* Frameworks */ = {
			isa = PBXGroup;
			children = (
				511EC2BA2B3F5727002D89A5 /* SwiftUI.framework */,
			);
			name = Frameworks;
			sourceTree = "<group>";
		};
/* End PBXGroup section */

/* Begin PBXNativeTarget section */
		512E3D8830241EA00028D3F6 /* ShareExtension */ = {
			isa = PBXNativeTarget;
			buildConfigurationList = 512E3D9530241EA00028D3F6 /* Build configuration list for PBXNativeTarget "ShareExtension" */;
			buildPhases = (
				512E3D8530241EA00028D3F6 /* Sources */,
				512E3D8630241EA00028D3F6 /* Frameworks */,
				512E3D8730241EA00028D3F6 /* Resources */,
			);
			buildRules = (
			);
			dependencies = (
			);
			fileSystemSynchronizedGroups = (
				5158D22930626BEB00141153 /* ShareExtension */,
			);
			name = ShareExtension;
			packageProductDependencies = (
			);
			productName = ShareExtension;
			productReference = 512E3D8930241EA00028D3F6 /* ShareExtension.appex */;
			productType = "com.apple.product-type.app-extension";
		};
		515D451F26BB553600228229 /* SpotlightIndexExtension */ = {
			isa = PBXNativeTarget;
			buildConfigurationList = 515D452826BB553600228229 /* Build configuration list for PBXNativeTarget "SpotlightIndexExtension" */;
			buildPhases = (
				515D451C26BB553600228229 /* Sources */,
				515D451D26BB553600228229 /* Frameworks */,
				515D451E26BB553600228229 /* Resources */,
			);
			buildRules = (
			);
			dependencies = (
			);
			fileSystemSynchronizedGroups = (
				5158D23330626BEF00141153 /* Shared */,
			);
			name = SpotlightIndexExtension;
			packageProductDependencies = (
				51408FFB2AEF44DC006AEE75 /* VinOutlineKit */,
			);
			productName = SpotlightIndexExtension;
			productReference = 515D452026BB553600228229 /* SpotlightIndexExtension.appex */;
			productType = "com.apple.product-type.app-extension";
		};
		5181A9332554D92000C153E8 /* Zavala */ = {
			isa = PBXNativeTarget;
			buildConfigurationList = 5181A95E2554D92100C153E8 /* Build configuration list for PBXNativeTarget "Zavala" */;
			buildPhases = (
				5181A9302554D92000C153E8 /* Sources */,
				5181A9312554D92000C153E8 /* Frameworks */,
				5197900629BB784D00F1A05D /* Update Info.plist */,
				5181A9322554D92000C153E8 /* Resources */,
				51C4C3C22555EB4D004E0206 /* Run VerifyNoBS */,
				51C4C3F125565282004E0206 /* Embed Frameworks */,
				51E060D125A45AA800194066 /* Embed PlugIns */,
			);
			buildRules = (
			);
			dependencies = (
				51E060D025A45AA800194066 /* PBXTargetDependency */,
				515D452626BB553600228229 /* PBXTargetDependency */,
				512E3D9230241EA00028D3F6 /* PBXTargetDependency */,
			);
			fileSystemSynchronizedGroups = (
				5158D23330626BEF00141153 /* Shared */,
				5158D31530626E6F00141153 /* Zavala */,
			);
			name = Zavala;
			packageProductDependencies = (
				5126E7562AEF484000015491 /* VinOutlineKit */,
			);
			productName = Manhattan;
			productReference = 5181A9342554D92000C153E8 /* Zavala.app */;
			productType = "com.apple.product-type.application";
		};
		51E060AE25A4547400194066 /* AppKitPlugin */ = {
			isa = PBXNativeTarget;
			buildConfigurationList = 51E060B225A4547400194066 /* Build configuration list for PBXNativeTarget "AppKitPlugin" */;
			buildPhases = (
				51E060AB25A4547400194066 /* Sources */,
				51E060AC25A4547400194066 /* Frameworks */,
				51E060AD25A4547400194066 /* Resources */,
			);
			buildRules = (
			);
			dependencies = (
			);
			fileSystemSynchronizedGroups = (
				5158D21430626BD400141153 /* AppKitPlugin */,
			);
			name = AppKitPlugin;
			packageProductDependencies = (
			);
			productName = SparklePlugin;
			productReference = 51E060AF25A4547400194066 /* AppKitPlugin.bundle */;
			productType = "com.apple.product-type.bundle";
		};
/* End PBXNativeTarget section */

/* Begin PBXProject section */
		5181A92C2554D92000C153E8 /* Project object */ = {
			isa = PBXProject;
			attributes = {
				BuildIndependentTargetsInParallel = YES;
				LastSwiftUpdateCheck = 2700;
				LastUpgradeCheck = 1600;
				TargetAttributes = {
					512E3D8830241EA00028D3F6 = {
						CreatedOnToolsVersion = 27.0;
					};
					515D451F26BB553600228229 = {
						CreatedOnToolsVersion = 13.0;
					};
					5181A9332554D92000C153E8 = {
						CreatedOnToolsVersion = 12.2;
					};
					51E060AE25A4547400194066 = {
						CreatedOnToolsVersion = 12.3;
						LastSwiftMigration = 1230;
					};
				};
			};
			buildConfigurationList = 5181A92F2554D92000C153E8 /* Build configuration list for PBXProject "Zavala" */;
			compatibilityVersion = "Xcode 9.3";
			developmentRegion = en;
			hasScannedForEncodings = 0;
			knownRegions = (
				en,
				Base,
				"en-GB",
				"en-AU",
				de,
				"zh-Hans",
				ja,
			);
			mainGroup = 5181A92B2554D92000C153E8;
			packageReferences = (
			);
			productRefGroup = 5181A9352554D92000C153E8 /* Products */;
			projectDirPath = "";
			projectRoot = "";
			targets = (
				5181A9332554D92000C153E8 /* Zavala */,
				51E060AE25A4547400194066 /* AppKitPlugin */,
				515D451F26BB553600228229 /* SpotlightIndexExtension */,
				512E3D8830241EA00028D3F6 /* ShareExtension */,
			);
		};
/* End PBXProject section */

/* Begin PBXResourcesBuildPhase section */
		512E3D8730241EA00028D3F6 /* Resources */ = {
			isa = PBXResourcesBuildPhase;
			buildActionMask = 2147483647;
			files = (
			);
			runOnlyForDeploymentPostprocessing = 0;
		};
		515D451E26BB553600228229 /* Resources */ = {
			isa = PBXResourcesBuildPhase;
			buildActionMask = 2147483647;
			files = (
			);
			runOnlyForDeploymentPostprocessing = 0;
		};
		5181A9322554D92000C153E8 /* Resources */ = {
			isa = PBXResourcesBuildPhase;
			buildActionMask = 2147483647;
			files = (
			);
			runOnlyForDeploymentPostprocessing = 0;
		};
		51E060AD25A4547400194066 /* Resources */ = {
			isa = PBXResourcesBuildPhase;
			buildActionMask = 2147483647;
			files = (
			);
			runOnlyForDeploymentPostprocessing = 0;
		};
/* End PBXResourcesBuildPhase section */

/* Begin PBXShellScriptBuildPhase section */
		5197900629BB784D00F1A05D /* Update Info.plist */ = {
			isa = PBXShellScriptBuildPhase;
			alwaysOutOfDate = 1;
			buildActionMask = 2147483647;
			files = (
			);
			inputFileListPaths = (
			);
			inputPaths = (
			);
			name = "Update Info.plist";
			outputFileListPaths = (
			);
			outputPaths = (
			);
			runOnlyForDeploymentPostprocessing = 0;
			shellPath = /bin/sh;
			shellScript = "${SRCROOT}/tools/PlistBuildInfo.sh\n";
		};
		51C4C3C22555EB4D004E0206 /* Run VerifyNoBS */ = {
			isa = PBXShellScriptBuildPhase;
			alwaysOutOfDate = 1;
			buildActionMask = 2147483647;
			files = (
			);
			inputFileListPaths = (
			);
			inputPaths = (
			);
			name = "Run VerifyNoBS";
			outputFileListPaths = (
			);
			outputPaths = (
			);
			runOnlyForDeploymentPostprocessing = 0;
			shellPath = /bin/sh;
			shellScript = "xcrun -sdk macosx swift tools/VerifyNoBS.swift  --xcode  ${PROJECT_DIR}/${PROJECT_NAME}.xcodeproj/project.pbxproj\n";
		};
/* End PBXShellScriptBuildPhase section */

/* Begin PBXSourcesBuildPhase section */
		512E3D8530241EA00028D3F6 /* Sources */ = {
			isa = PBXSourcesBuildPhase;
			buildActionMask = 2147483647;
			files = (
			);
			runOnlyForDeploymentPostprocessing = 0;
		};
		515D451C26BB553600228229 /* Sources */ = {
			isa = PBXSourcesBuildPhase;
			buildActionMask = 2147483647;
			files = (
			);
			runOnlyForDeploymentPostprocessing = 0;
		};
		5181A9302554D92000C153E8 /* Sources */ = {
			isa = PBXSourcesBuildPhase;
			buildActionMask = 2147483647;
			files = (
			);
			runOnlyForDeploymentPostprocessing = 0;
		};
		51E060AB25A4547400194066 /* Sources */ = {
			isa = PBXSourcesBuildPhase;
			buildActionMask = 2147483647;
			files = (
			);
			runOnlyForDeploymentPostprocessing = 0;
		};
/* End PBXSourcesBuildPhase section */

/* Begin PBXTargetDependency section */
		512E3D9230241EA00028D3F6 /* PBXTargetDependency */ = {
			isa = PBXTargetDependency;
			target = 512E3D8830241EA00028D3F6 /* ShareExtension */;
			targetProxy = 512E3D9130241EA00028D3F6 /* PBXContainerItemProxy */;
		};
		515D452626BB553600228229 /* PBXTargetDependency */ = {
			isa = PBXTargetDependency;
			target = 515D451F26BB553600228229 /* SpotlightIndexExtension */;
			targetProxy = 515D452526BB553600228229 /* PBXContainerItemProxy */;
		};
		51E060D025A45AA800194066 /* PBXTargetDependency */ = {
			isa = PBXTargetDependency;
			platformFilter = maccatalyst;
			target = 51E060AE25A4547400194066 /* AppKitPlugin */;
			targetProxy = 51E060CF25A45AA800194066 /* PBXContainerItemProxy */;
		};
/* End PBXTargetDependency section */

/* Begin XCBuildConfiguration section */
		512E3D9630241EA00028D3F6 /* Debug */ = {
			isa = XCBuildConfiguration;
			baseConfigurationReferenceAnchor = 5158D24730626C1500141153 /* xcconfig */;
			baseConfigurationReferenceRelativePath = Zavala_shareext_target.xcconfig;
			buildSettings = {
			};
			name = Debug;
		};
		512E3D9730241EA00028D3F6 /* Release */ = {
			isa = XCBuildConfiguration;
			baseConfigurationReferenceAnchor = 5158D24730626C1500141153 /* xcconfig */;
			baseConfigurationReferenceRelativePath = Zavala_shareext_target.xcconfig;
			buildSettings = {
			};
			name = Release;
		};
		515D452926BB553600228229 /* Debug */ = {
			isa = XCBuildConfiguration;
			baseConfigurationReferenceAnchor = 5158D24730626C1500141153 /* xcconfig */;
			baseConfigurationReferenceRelativePath = Zavala_spotlightext_target.xcconfig;
			buildSettings = {
			};
			name = Debug;
		};
		515D452A26BB553600228229 /* Release */ = {
			isa = XCBuildConfiguration;
			baseConfigurationReferenceAnchor = 5158D24730626C1500141153 /* xcconfig */;
			baseConfigurationReferenceRelativePath = Zavala_spotlightext_target.xcconfig;
			buildSettings = {
			};
			name = Release;
		};
		5181A95C2554D92100C153E8 /* Debug */ = {
			isa = XCBuildConfiguration;
			baseConfigurationReferenceAnchor = 5158D24730626C1500141153 /* xcconfig */;
			baseConfigurationReferenceRelativePath = Zavala_project_debug.xcconfig;
			buildSettings = {
			};
			name = Debug;
		};
		5181A95D2554D92100C153E8 /* Release */ = {
			isa = XCBuildConfiguration;
			baseConfigurationReferenceAnchor = 5158D24730626C1500141153 /* xcconfig */;
			baseConfigurationReferenceRelativePath = Zavala_project_release.xcconfig;
			buildSettings = {
			};
			name = Release;
		};
		5181A95F2554D92100C153E8 /* Debug */ = {
			isa = XCBuildConfiguration;
			baseConfigurationReferenceAnchor = 5158D24730626C1500141153 /* xcconfig */;
			baseConfigurationReferenceRelativePath = Zavala_iOSapp_target.xcconfig;
			buildSettings = {
			};
			name = Debug;
		};
		5181A9602554D92100C153E8 /* Release */ = {
			isa = XCBuildConfiguration;
			baseConfigurationReferenceAnchor = 5158D24730626C1500141153 /* xcconfig */;
			baseConfigurationReferenceRelativePath = Zavala_iOSapp_target.xcconfig;
			buildSettings = {
			};
			name = Release;
		};
		51E060B325A4547400194066 /* Debug */ = {
			isa = XCBuildConfiguration;
			baseConfigurationReferenceAnchor = 5158D24730626C1500141153 /* xcconfig */;
			baseConfigurationReferenceRelativePath = Zavala_appkitplugin_target.xcconfig;
			buildSettings = {
			};
			name = Debug;
		};
		51E060B425A4547400194066 /* Release */ = {
			isa = XCBuildConfiguration;
			baseConfigurationReferenceAnchor = 5158D24730626C1500141153 /* xcconfig */;
			baseConfigurationReferenceRelativePath = Zavala_appkitplugin_target.xcconfig;
			buildSettings = {
			};
			name = Release;
		};
/* End XCBuildConfiguration section */

/* Begin XCConfigurationList section */
		512E3D9530241EA00028D3F6 /* Build configuration list for PBXNativeTarget "ShareExtension" */ = {
			isa = XCConfigurationList;
			buildConfigurations = (
				512E3D9630241EA00028D3F6 /* Debug */,
				512E3D9730241EA00028D3F6 /* Release */,
			);
			defaultConfigurationIsVisible = 0;
			defaultConfigurationName = Release;
		};
		515D452826BB553600228229 /* Build configuration list for PBXNativeTarget "SpotlightIndexExtension" */ = {
			isa = XCConfigurationList;
			buildConfigurations = (
				515D452926BB553600228229 /* Debug */,
				515D452A26BB553600228229 /* Release */,
			);
			defaultConfigurationIsVisible = 0;
			defaultConfigurationName = Release;
		};
		5181A92F2554D92000C153E8 /* Build configuration list for PBXProject "Zavala" */ = {
			isa = XCConfigurationList;
			buildConfigurations = (
				5181A95C2554D92100C153E8 /* Debug */,
				5181A95D2554D92100C153E8 /* Release */,
			);
			defaultConfigurationIsVisible = 0;
			defaultConfigurationName = Release;
		};
		5181A95E2554D92100C153E8 /* Build configuration list for PBXNativeTarget "Zavala" */ = {
			isa = XCConfigurationList;
			buildConfigurations = (
				5181A95F2554D92100C153E8 /* Debug */,
				5181A9602554D92100C153E8 /* Release */,
			);
			defaultConfigurationIsVisible = 0;
			defaultConfigurationName = Release;
		};
		51E060B225A4547400194066 /* Build configuration list for PBXNativeTarget "AppKitPlugin" */ = {
			isa = XCConfigurationList;
			buildConfigurations = (
				51E060B325A4547400194066 /* Debug */,
				51E060B425A4547400194066 /* Release */,
			);
			defaultConfigurationIsVisible = 0;
			defaultConfigurationName = Release;
		};
/* End XCConfigurationList section */

/* Begin XCSwiftPackageProductDependency section */
		5126E7562AEF484000015491 /* VinOutlineKit */ = {
			isa = XCSwiftPackageProductDependency;
			productName = VinOutlineKit;
		};
		51408FFB2AEF44DC006AEE75 /* VinOutlineKit */ = {
			isa = XCSwiftPackageProductDependency;
			productName = VinOutlineKit;
		};
/* End XCSwiftPackageProductDependency section */
	};
	rootObject = 5181A92C2554D92000C153E8 /* Project object */;
}
