{
  "object": {
    "pins": [
      {
        "package": "MarkdownAttributedString",
        "repositoryURL": "https://github.com/vincode-io/MarkdownAttributedString.git",
        "state": {
          "branch": "master",
          "revision": "2b284b2fb6ac3d58c5e9d58763d7517dbd84ee2b",
          "version": null
        }
      },
      {
        "package": "RSCore",
        "repositoryURL": "https://github.com/Ranchero-Software/RSCore.git",
        "state": {
          "branch": "main",
          "revision": "6ab1d18bb6188347ba8f7ae8baa2420a4ceba1af",
          "version": null
        }
      },
      {
        "package": "SWXMLHash",
        "repositoryURL": "https://github.com/drmohundro/SWXMLHash.git",
        "state": {
          "branch": null,
          "revision": "a4931e5c3bafbedeb1601d3bb76bbe835c6d475a",
          "version": "5.0.1"
        }
      },
      {
        "package": "ZipArchive",
        "repositoryURL": "https://github.com/vincode-io/ZipArchive.git",
        "state": {
          "branch": "master",
          "revision": "8629ec7c8f20351ddeb0fe18116d7dc34354125e",
          "version": null
        }
      }
    ]
  },
  "version": 1
}
