{
  "object": {
    "pins": [
      {
        "package": "MarkdownAttributedString",
        "repositoryURL": "https://github.com/vincode-io/MarkdownAttributedString.git",
        "state": {
          "branch": "master",
          "revision": "2b284b2fb6ac3d58c5e9d58763d7517dbd84ee2b",
          "version": null
        }
      },
      {
        "package": "RSCore",
        "repositoryURL": "https://github.com/vincode-io/RSCore.git",
        "state": {
          "branch": "cloudkit-rewrite",
          "revision": "0325bb8358adbace8e4e37e3674bb5d5c5f85767",
          "version": null
        }
      },
      {
        "package": "swift-collections",
        "repositoryURL": "https://github.com/apple/swift-collections.git",
        "state": {
          "branch": null,
          "revision": "f504716c27d2e5d4144fa4794b12129301d17729",
          "version": "1.0.3"
        }
      },
      {
        "package": "SWXMLHash",
        "repositoryURL": "https://github.com/drmohundro/SWXMLHash.git",
        "state": {
          "branch": null,
          "revision": "9183170d20857753d4f331b0ca63f73c60764bf3",
          "version": "5.0.2"
        }
      }
    ]
  },
  "version": 1
}
