{
  "originHash" : "94c468f56499d144d11ec83184fb169895bb043ba3260a37248398dbf37d4956",
  "pins" : [
    {
      "identity" : "markdownattributedstring",
      "kind" : "remoteSourceControl",
      "location" : "https://github.com/vincode-io/MarkdownAttributedString.git",
      "state" : {
        "branch" : "master",
        "revision" : "2b284b2fb6ac3d58c5e9d58763d7517dbd84ee2b"
      }
    },
    {
      "identity" : "semaphore",
      "kind" : "remoteSourceControl",
      "location" : "https://github.com/groue/Semaphore.git",
      "state" : {
        "branch" : "main",
        "revision" : "2543679282aa6f6c8ecf2138acd613ed20790bc2"
      }
    },
    {
      "identity" : "swift-async-algorithms",
      "kind" : "remoteSourceControl",
      "location" : "https://github.com/apple/swift-async-algorithms",
      "state" : {
        "revision" : "4c3ea81f81f0a25d0470188459c6d4bf20cf2f97",
        "version" : "1.0.3"
      }
    },
    {
      "identity" : "swift-cmark",
      "kind" : "remoteSourceControl",
      "location" : "https://github.com/swiftlang/swift-cmark.git",
      "state" : {
        "branch" : "gfm",
        "revision" : "b022b08312decdc46585e0b3440d97f6f22ef703"
      }
    },
    {
      "identity" : "swift-collections",
      "kind" : "remoteSourceControl",
      "location" : "https://github.com/apple/swift-collections.git",
      "state" : {
        "revision" : "671108c96644956dddcd89dd59c203dcdb36cec7",
        "version" : "1.1.4"
      }
    },
    {
      "identity" : "swift-markdown",
      "kind" : "remoteSourceControl",
      "location" : "https://github.com/apple/swift-markdown.git",
      "state" : {
        "branch" : "main",
        "revision" : "82f9258ce53b9da7980d1c1aaf80e5bdbbf98c9b"
      }
    },
    {
      "identity" : "vincloudkit",
      "kind" : "remoteSourceControl",
      "location" : "https://github.com/vincode-io/VinCloudKit.git",
      "state" : {
        "branch" : "main",
        "revision" : "2d0fb7ae1ba7d0d2fbc7693033da6297e78b9be0"
      }
    },
    {
      "identity" : "vinutility",
      "kind" : "remoteSourceControl",
      "location" : "https://github.com/vincode-io/VinUtility.git",
      "state" : {
        "branch" : "main",
        "revision" : "b783965a02eb91f248baf0acbe5f314173ca6f50"
      }
    },
    {
      "identity" : "vinxml",
      "kind" : "remoteSourceControl",
      "location" : "https://github.com/vincode-io/VinXML.git",
      "state" : {
        "branch" : "main",
        "revision" : "e5bb83a30f75a06c78b2c69647903945f0405fec"
      }
    }
  ],
  "version" : 3
}
